<?xml version='1.0' encoding='utf-8'?>
<Project xmlns="http://schemas.microsoft.com/developer/msbuild/2003" ToolsVersion="4.0">
  <ItemGroup>
    <Filter Include="Private">
      <UniqueIdentifier>{2111f7ec-70cd-7ede-9c8c-a96f5e866634}</UniqueIdentifier>
    </Filter>
    <Filter Include="Private\PythonFunctions">
      <UniqueIdentifier>{04f16c0f-5357-3a29-c13e-bcf36601f807}</UniqueIdentifier>
    </Filter>
    <Filter Include="Public">
      <UniqueIdentifier>{026fb739-62c4-beb0-b9b7-fdb261d125ab}</UniqueIdentifier>
    </Filter>
    <Filter Include="Public\PythonFunctions">
      <UniqueIdentifier>{e2ccbca5-16c0-481d-cfd2-3852cb0ddb24}</UniqueIdentifier>
    </Filter>
    <Filter Include="Python">
      <UniqueIdentifier>{8ad46cc6-05e1-2777-fa2e-9a205e50809c}</UniqueIdentifier>
    </Filter>
    <Filter Include="Python\src">
      <UniqueIdentifier>{9d32f853-5b4a-52c3-aabb-6fe63489472f}</UniqueIdentifier>
    </Filter>
    <Filter Include="Python\src\core">
      <UniqueIdentifier>{db0558e3-c960-a8d0-684e-b97cd4893351}</UniqueIdentifier>
    </Filter>
    <Filter Include="Python\src\core\project">
      <UniqueIdentifier>{d96f7fd6-5b70-883c-e2cd-332ff7029225}</UniqueIdentifier>
    </Filter>
  </ItemGroup>
  <ItemGroup>
    <ClCompile Include="Private\GhostRiggerProject.cpp">
      <Filter>Private</Filter>
    </ClCompile>
    <ClCompile Include="Private\ResourceAddress.cpp">
      <Filter>Private</Filter>
    </ClCompile>
    <ClCompile Include="Private\PythonFunctions\ClassMethods.cpp">
      <Filter>Private\PythonFunctions</Filter>
    </ClCompile>
    <ClCompile Include="Private\PythonFunctions\InstanceMethods.cpp">
      <Filter>Private\PythonFunctions</Filter>
    </ClCompile>
    <ClCompile Include="Private\PythonFunctions\ModuleFunctions.cpp">
      <Filter>Private\PythonFunctions</Filter>
    </ClCompile>
    <ClCompile Include="Private\PythonFunctions\Properties.cpp">
      <Filter>Private\PythonFunctions</Filter>
    </ClCompile>
  </ItemGroup>
  <ItemGroup>
    <ClInclude Include="Public\GhostRiggerProject.h">
      <Filter>Public</Filter>
    </ClInclude>
    <ClInclude Include="Public\ResourceAddress.h">
      <Filter>Public</Filter>
    </ClInclude>
    <ClInclude Include="Public\PythonFunctions\ClassMethods.h">
      <Filter>Public\PythonFunctions</Filter>
    </ClInclude>
    <ClInclude Include="Public\PythonFunctions\InstanceMethods.h">
      <Filter>Public\PythonFunctions</Filter>
    </ClInclude>
    <ClInclude Include="Public\PythonFunctions\ModuleFunctions.h">
      <Filter>Public\PythonFunctions</Filter>
    </ClInclude>
    <ClInclude Include="Public\PythonFunctions\Properties.h">
      <Filter>Public\PythonFunctions</Filter>
    </ClInclude>
  </ItemGroup>
  <ItemGroup><None Include="GhostRiggerPythonPayload.json" /><None Include="GeneratePythonPayload.py" /><None Include="Python\src\core\project\__init__.py"><Filter>Python\src\core\project</Filter></None><None Include="Python\src\core\project\ghostrigger_project.py"><Filter>Python\src\core\project</Filter></None><None Include="Python\src\core\project\project_validation.py"><Filter>Python\src\core\project</Filter></None><None Include="Python\src\core\project\resource_address.py"><Filter>Python\src\core\project</Filter></None></ItemGroup>
  <ItemGroup>
    <ResourceCompile Include="GhostRiggerPythonPayload.rc" />
  </ItemGroup>
</Project>
