<?xml version='1.0' encoding='utf-8'?>
<Project xmlns="http://schemas.microsoft.com/developer/msbuild/2003" ToolsVersion="4.0"><ItemGroup><Filter Include="Private"><UniqueIdentifier>{bccd7256-f6bc-51c6-85d6-633b9c8f6af4}</UniqueIdentifier></Filter><Filter Include="Private\PythonFunctions"><UniqueIdentifier>{47ec187e-7754-5822-8b7a-d122c1790a6c}</UniqueIdentifier></Filter><Filter Include="Private\Scene_Level"><UniqueIdentifier>{818a6ddd-4691-5841-82b1-c9cb4f9c17bf}</UniqueIdentifier></Filter><Filter Include="Private\Scene_Level\PythonFunctions"><UniqueIdentifier>{7b896b34-2092-5452-9ede-3b6a9ade6768}</UniqueIdentifier></Filter><Filter Include="Private\Scene_Modules"><UniqueIdentifier>{95096289-abcf-5512-aed2-dc6e8e007da8}</UniqueIdentifier></Filter><Filter Include="Private\Scene_Modules\PythonFunctions"><UniqueIdentifier>{0922e0cb-ea48-5ffe-b667-3fc4ce3c846a}</UniqueIdentifier></Filter><Filter Include="Private\Scene_Skeleton"><UniqueIdentifier>{b4ae7a52-9c3b-5f83-9a13-a4eb32d0d056}</UniqueIdentifier></Filter><Filter Include="Private\Scene_Skeleton\PythonFunctions"><UniqueIdentifier>{d2005da4-0208-5a58-9d13-147645dc9cb0}</UniqueIdentifier></Filter><Filter Include="Private\Scene_Walkmesh"><UniqueIdentifier>{fc8e5bdf-19fd-5c04-b571-9099127b02c5}</UniqueIdentifier></Filter><Filter Include="Private\Scene_Walkmesh\PythonFunctions"><UniqueIdentifier>{b596f77e-c7f3-586c-8cae-055f330421c1}</UniqueIdentifier></Filter><Filter Include="Public"><UniqueIdentifier>{cac3f1bd-e6f8-5271-a9ee-fbac9055edda}</UniqueIdentifier></Filter><Filter Include="Public\PythonFunctions"><UniqueIdentifier>{efb89c61-319f-5609-a2ac-4743e68faed2}</UniqueIdentifier></Filter><Filter Include="Public\Scene_Level"><UniqueIdentifier>{7621ab80-895d-5b93-abd9-c84aeab6d7bb}</UniqueIdentifier></Filter><Filter Include="Public\Scene_Level\PythonFunctions"><UniqueIdentifier>{633e4193-a3b1-5f97-a3ed-9a5d78c4fadf}</UniqueIdentifier></Filter><Filter Include="Public\Scene_Modules"><UniqueIdentifier>{843df812-2175-5ac2-913d-c6a4fdd93743}</UniqueIdentifier></Filter><Filter Include="Public\Scene_Modules\PythonFunctions"><UniqueIdentifier>{cc4128de-9027-53c8-a457-91d1398a86b4}</UniqueIdentifier></Filter><Filter Include="Public\Scene_Skeleton"><UniqueIdentifier>{4cda3eb5-db3a-5547-83e0-b453a54e647c}</UniqueIdentifier></Filter><Filter Include="Public\Scene_Skeleton\PythonFunctions"><UniqueIdentifier>{2dc1a453-d714-5edb-8ca8-2d768294893f}</UniqueIdentifier></Filter><Filter Include="Public\Scene_Walkmesh"><UniqueIdentifier>{5be05ccb-c8b6-54fa-96d1-4a33f36c0a63}</UniqueIdentifier></Filter><Filter Include="Public\Scene_Walkmesh\PythonFunctions"><UniqueIdentifier>{f9df9faa-40ab-5f8a-bd25-5f0d3c089fca}</UniqueIdentifier></Filter><Filter Include="Python"><UniqueIdentifier>{b6595e73-3526-5df6-a09f-c4188437ab0d}</UniqueIdentifier></Filter><Filter Include="Python\src"><UniqueIdentifier>{7f8f2fac-0bca-58db-b684-d1286f6c7188}</UniqueIdentifier></Filter><Filter Include="Python\src\core"><UniqueIdentifier>{2055dd6d-162f-5990-8d1a-44ff9588ed54}</UniqueIdentifier></Filter><Filter Include="Python\src\core\level"><UniqueIdentifier>{bca9c3c3-1c99-5e31-9ceb-1d9c04e2e6e2}</UniqueIdentifier></Filter><Filter Include="Python\src\core\modules"><UniqueIdentifier>{e09a7351-f139-51a8-aa76-5255d2fd2b9f}</UniqueIdentifier></Filter><Filter Include="Python\src\core\scene"><UniqueIdentifier>{8062930b-8332-5942-9f3a-6dffd0cab1b1}</UniqueIdentifier></Filter><Filter Include="Python\src\core\skeleton"><UniqueIdentifier>{edd26b5d-543e-599a-9e78-d2772fd8ea08}</UniqueIdentifier></Filter><Filter Include="Python\src\core\walkmesh"><UniqueIdentifier>{dbfd658d-006d-5ab7-bdb3-c97f1706d138}</UniqueIdentifier></Filter></ItemGroup><ItemGroup><ClCompile Include="Private\AxisMode.cpp"><Filter>Private</Filter></ClCompile><ClCompile Include="Private\GhostRiggerScene.cpp"><Filter>Private</Filter></ClCompile><ClCompile Include="Private\ScenePrimitives.cpp"><Filter>Private</Filter></ClCompile><ClCompile Include="Private\PythonFunctions\ClassMethods.cpp"><Filter>Private\PythonFunctions</Filter></ClCompile><ClCompile Include="Private\PythonFunctions\InstanceMethods.cpp"><Filter>Private\PythonFunctions</Filter></ClCompile><ClCompile Include="Private\PythonFunctions\ModuleFunctions.cpp"><Filter>Private\PythonFunctions</Filter></ClCompile><ClCompile Include="Private\PythonFunctions\NestedFunctions.cpp"><Filter>Private\PythonFunctions</Filter></ClCompile><ClCompile Include="Private\PythonFunctions\Properties.cpp"><Filter>Private\PythonFunctions</Filter></ClCompile><ClCompile Include="Private\PythonFunctions\StaticMethods.cpp"><Filter>Private\PythonFunctions</Filter></ClCompile><ClCompile Include="Private\Scene_Level\PythonFunctions\ClassMethods.cpp"><Filter>Private\Scene_Level\PythonFunctions</Filter></ClCompile><ClCompile Include="Private\Scene_Level\PythonFunctions\InstanceMethods.cpp"><Filter>Private\Scene_Level\PythonFunctions</Filter></ClCompile><ClCompile Include="Private\Scene_Level\PythonFunctions\ModuleFunctions.cpp"><Filter>Private\Scene_Level\PythonFunctions</Filter></ClCompile><ClCompile Include="Private\Scene_Level\PythonFunctions\StaticMethods.cpp"><Filter>Private\Scene_Level\PythonFunctions</Filter></ClCompile><ClCompile Include="Private\Scene_Modules\PythonFunctions\ClassMethods.cpp"><Filter>Private\Scene_Modules\PythonFunctions</Filter></ClCompile><ClCompile Include="Private\Scene_Modules\PythonFunctions\InstanceMethods.cpp"><Filter>Private\Scene_Modules\PythonFunctions</Filter></ClCompile><ClCompile Include="Private\Scene_Modules\PythonFunctions\ModuleFunctions.cpp"><Filter>Private\Scene_Modules\PythonFunctions</Filter></ClCompile><ClCompile Include="Private\Scene_Modules\PythonFunctions\NestedFunctions.cpp"><Filter>Private\Scene_Modules\PythonFunctions</Filter></ClCompile><ClCompile Include="Private\Scene_Modules\PythonFunctions\Properties.cpp"><Filter>Private\Scene_Modules\PythonFunctions</Filter></ClCompile><ClCompile Include="Private\Scene_Modules\PythonFunctions\StaticMethods.cpp"><Filter>Private\Scene_Modules\PythonFunctions</Filter></ClCompile><ClCompile Include="Private\Scene_Skeleton\PythonFunctions\ModuleFunctions.cpp"><Filter>Private\Scene_Skeleton\PythonFunctions</Filter></ClCompile><ClCompile Include="Private\Scene_Walkmesh\PythonFunctions\InstanceMethods.cpp"><Filter>Private\Scene_Walkmesh\PythonFunctions</Filter></ClCompile><ClCompile Include="Private\Scene_Walkmesh\PythonFunctions\ModuleFunctions.cpp"><Filter>Private\Scene_Walkmesh\PythonFunctions</Filter></ClCompile><ClCompile Include="Private\Scene_Walkmesh\PythonFunctions\NestedFunctions.cpp"><Filter>Private\Scene_Walkmesh\PythonFunctions</Filter></ClCompile><ClCompile Include="Private\Scene_Walkmesh\PythonFunctions\Properties.cpp"><Filter>Private\Scene_Walkmesh\PythonFunctions</Filter></ClCompile><ClCompile Include="Private\Scene_Walkmesh\PythonFunctions\StaticMethods.cpp"><Filter>Private\Scene_Walkmesh\PythonFunctions</Filter></ClCompile><ClCompile Include="Private\Scene_Walkmesh\WalkmeshSurface.cpp"><Filter>Private\Scene_Walkmesh</Filter></ClCompile></ItemGroup><ItemGroup /><ItemGroup /><ItemGroup /><ItemGroup /><ItemGroup /><ItemGroup /><ItemGroup /><ItemGroup /><ItemGroup /><ItemGroup /><ItemGroup /><ItemGroup /><ItemGroup /><ItemGroup /><ItemGroup /><ItemGroup /><ItemGroup /><ItemGroup /><ItemGroup /><ItemGroup /><ItemGroup /><ItemGroup /><ItemGroup /><ItemGroup /><ItemGroup /><ItemGroup><ClInclude Include="Public\AxisMode.h"><Filter>Public</Filter></ClInclude><ClInclude Include="Public\GhostRiggerScene.h"><Filter>Public</Filter></ClInclude><ClInclude Include="Public\ScenePrimitives.h"><Filter>Public</Filter></ClInclude><ClInclude Include="Public\PythonFunctions\ClassMethods.h"><Filter>Public\PythonFunctions</Filter></ClInclude><ClInclude Include="Public\PythonFunctions\InstanceMethods.h"><Filter>Public\PythonFunctions</Filter></ClInclude><ClInclude Include="Public\PythonFunctions\ModuleFunctions.h"><Filter>Public\PythonFunctions</Filter></ClInclude><ClInclude Include="Public\PythonFunctions\NestedFunctions.h"><Filter>Public\PythonFunctions</Filter></ClInclude><ClInclude Include="Public\PythonFunctions\Properties.h"><Filter>Public\PythonFunctions</Filter></ClInclude><ClInclude Include="Public\PythonFunctions\StaticMethods.h"><Filter>Public\PythonFunctions</Filter></ClInclude><ClInclude Include="Public\Scene_Level\GhostRiggerLevel.h"><Filter>Public\Scene_Level</Filter></ClInclude><ClInclude Include="Public\Scene_Level\PythonFunctions\ClassMethods.h"><Filter>Public\Scene_Level\PythonFunctions</Filter></ClInclude><ClInclude Include="Public\Scene_Level\PythonFunctions\InstanceMethods.h"><Filter>Public\Scene_Level\PythonFunctions</Filter></ClInclude><ClInclude Include="Public\Scene_Level\PythonFunctions\ModuleFunctions.h"><Filter>Public\Scene_Level\PythonFunctions</Filter></ClInclude><ClInclude Include="Public\Scene_Level\PythonFunctions\StaticMethods.h"><Filter>Public\Scene_Level\PythonFunctions</Filter></ClInclude><ClInclude Include="Public\Scene_Modules\GhostRiggerModules.h"><Filter>Public\Scene_Modules</Filter></ClInclude><ClInclude Include="Public\Scene_Modules\PythonFunctions\ClassMethods.h"><Filter>Public\Scene_Modules\PythonFunctions</Filter></ClInclude><ClInclude Include="Public\Scene_Modules\PythonFunctions\InstanceMethods.h"><Filter>Public\Scene_Modules\PythonFunctions</Filter></ClInclude><ClInclude Include="Public\Scene_Modules\PythonFunctions\ModuleFunctions.h"><Filter>Public\Scene_Modules\PythonFunctions</Filter></ClInclude><ClInclude Include="Public\Scene_Modules\PythonFunctions\NestedFunctions.h"><Filter>Public\Scene_Modules\PythonFunctions</Filter></ClInclude><ClInclude Include="Public\Scene_Modules\PythonFunctions\Properties.h"><Filter>Public\Scene_Modules\PythonFunctions</Filter></ClInclude><ClInclude Include="Public\Scene_Modules\PythonFunctions\StaticMethods.h"><Filter>Public\Scene_Modules\PythonFunctions</Filter></ClInclude><ClInclude Include="Public\Scene_Skeleton\GhostRiggerSkeleton.h"><Filter>Public\Scene_Skeleton</Filter></ClInclude><ClInclude Include="Public\Scene_Skeleton\PythonFunctions\ModuleFunctions.h"><Filter>Public\Scene_Skeleton\PythonFunctions</Filter></ClInclude><ClInclude Include="Public\Scene_Walkmesh\GhostRiggerWalkmesh.h"><Filter>Public\Scene_Walkmesh</Filter></ClInclude><ClInclude Include="Public\Scene_Walkmesh\PythonFunctions\InstanceMethods.h"><Filter>Public\Scene_Walkmesh\PythonFunctions</Filter></ClInclude><ClInclude Include="Public\Scene_Walkmesh\PythonFunctions\ModuleFunctions.h"><Filter>Public\Scene_Walkmesh\PythonFunctions</Filter></ClInclude><ClInclude Include="Public\Scene_Walkmesh\PythonFunctions\NestedFunctions.h"><Filter>Public\Scene_Walkmesh\PythonFunctions</Filter></ClInclude><ClInclude Include="Public\Scene_Walkmesh\PythonFunctions\Properties.h"><Filter>Public\Scene_Walkmesh\PythonFunctions</Filter></ClInclude><ClInclude Include="Public\Scene_Walkmesh\PythonFunctions\StaticMethods.h"><Filter>Public\Scene_Walkmesh\PythonFunctions</Filter></ClInclude><ClInclude Include="Public\Scene_Walkmesh\WalkmeshSurface.h"><Filter>Public\Scene_Walkmesh</Filter></ClInclude></ItemGroup><ItemGroup /><ItemGroup /><ItemGroup /><ItemGroup /><ItemGroup /><ItemGroup /><ItemGroup /><ItemGroup /><ItemGroup /><ItemGroup /><ItemGroup /><ItemGroup /><ItemGroup /><ItemGroup /><ItemGroup /><ItemGroup /><ItemGroup /><ItemGroup /><ItemGroup /><ItemGroup /><ItemGroup /><ItemGroup /><ItemGroup /><ItemGroup /><ItemGroup /><ItemGroup /><ItemGroup /><ItemGroup /><ItemGroup /><ItemGroup><None Include="GhostRiggerPythonPayload.json" /><None Include="GeneratePythonPayload.py" /><None Include="Python\src\core\level\__init__.py"><Filter>Python\src\core\level</Filter></None><None Include="Python\src\core\level\kmap_model.py"><Filter>Python\src\core\level</Filter></None><None Include="Python\src\core\level\kmap_project.py"><Filter>Python\src\core\level</Filter></None><None Include="Python\src\core\level\kmap_serializer.py"><Filter>Python\src\core\level</Filter></None><None Include="Python\src\core\level\kmap_validator.py"><Filter>Python\src\core\level</Filter></None><None Include="Python\src\core\level\level_export_bridge.py"><Filter>Python\src\core\level</Filter></None><None Include="Python\src\core\level\level_manifest.py"><Filter>Python\src\core\level</Filter></None><None Include="Python\src\core\level\level_module_instance.py"><Filter>Python\src\core\level</Filter></None><None Include="Python\src\core\level\level_room_instance.py"><Filter>Python\src\core\level</Filter></None><None Include="Python\src\core\level\level_scene.py"><Filter>Python\src\core\level</Filter></None><None Include="Python\src\core\level\level_texture_resolver.py"><Filter>Python\src\core\level</Filter></None><None Include="Python\src\core\modules\__init__.py"><Filter>Python\src\core\modules</Filter></None><None Include="Python\src\core\modules\area_wok_integration.py"><Filter>Python\src\core\modules</Filter></None><None Include="Python\src\core\modules\authored_gameplay_marker_geometry.py"><Filter>Python\src\core\modules</Filter></None><None Include="Python\src\core\modules\authored_gameplay_palette.py"><Filter>Python\src\core\modules</Filter></None><None Include="Python\src\core\modules\authored_gameplay_preview.py"><Filter>Python\src\core\modules</Filter></None><None Include="Python\src\core\modules\authored_module_export.py"><Filter>Python\src\core\modules</Filter></None><None Include="Python\src\core\modules\authored_module_kmap_bridge.py"><Filter>Python\src\core\modules</Filter></None><None Include="Python\src\core\modules\authored_module_layout.py"><Filter>Python\src\core\modules</Filter></None><None Include="Python\src\core\modules\authored_module_lighting.py"><Filter>Python\src\core\modules</Filter></None><None Include="Python\src\core\modules\authored_module_metadata.py"><Filter>Python\src\core\modules</Filter></None><None Include="Python\src\core\modules\authored_module_objects.py"><Filter>Python\src\core\modules</Filter></None><None Include="Python\src\core\modules\authored_module_pathing.py"><Filter>Python\src\core\modules</Filter></None><None Include="Python\src\core\modules\authored_module_placements.py"><Filter>Python\src\core\modules</Filter></None><None Include="Python\src\core\modules\authored_module_project.py"><Filter>Python\src\core\modules</Filter></None><None Include="Python\src\core\modules\authored_module_readiness.py"><Filter>Python\src\core\modules</Filter></None><None Include="Python\src\core\modules\authored_module_scripts.py"><Filter>Python\src\core\modules</Filter></None><None Include="Python\src\core\modules\authored_module_validation_projection.py"><Filter>Python\src\core\modules</Filter></None><None Include="Python\src\core\modules\authored_module_walkmesh.py"><Filter>Python\src\core\modules</Filter></None><None Include="Python\src\core\modules\authored_room_composition.py"><Filter>Python\src\core\modules</Filter></None><None Include="Python\src\core\modules\authored_room_floorplan.py"><Filter>Python\src\core\modules</Filter></None><None Include="Python\src\core\modules\authored_room_geometry.py"><Filter>Python\src\core\modules</Filter></None><None Include="Python\src\core\modules\authored_room_materials.py"><Filter>Python\src\core\modules</Filter></None><None Include="Python\src\core\modules\authored_room_operations.py"><Filter>Python\src\core\modules</Filter></None><None Include="Python\src\core\modules\authored_room_outline_geometry.py"><Filter>Python\src\core\modules</Filter></None><None Include="Python\src\core\modules\authored_room_presets.py"><Filter>Python\src\core\modules</Filter></None><None Include="Python\src\core\modules\authored_room_primitives.py"><Filter>Python\src\core\modules</Filter></None><None Include="Python\src\core\modules\authored_room_style.py"><Filter>Python\src\core\modules</Filter></None><None Include="Python\src\core\modules\authored_terrain_builder.py"><Filter>Python\src\core\modules</Filter></None><None Include="Python\src\core\modules\authored_terrain_walkability_overlay.py"><Filter>Python\src\core\modules</Filter></None><None Include="Python\src\core\modules\authored_walkmesh_audit.py"><Filter>Python\src\core\modules</Filter></None><None Include="Python\src\core\modules\authored_walkmesh_boundaries.py"><Filter>Python\src\core\modules</Filter></None><None Include="Python\src\core\modules\authored_walkmesh_status.py"><Filter>Python\src\core\modules</Filter></None><None Include="Python\src\core\modules\authored_walkmesh_surfaces.py"><Filter>Python\src\core\modules</Filter></None><None Include="Python\src\core\modules\custom_module_packager.py"><Filter>Python\src\core\modules</Filter></None><None Include="Python\src\core\modules\dev_module_smoke.py"><Filter>Python\src\core\modules</Filter></None><None Include="Python\src\core\modules\map_studio_export_objects.py"><Filter>Python\src\core\modules</Filter></None><None Include="Python\src\core\modules\map_studio_modeling_tools.py"><Filter>Python\src\core\modules</Filter></None><None Include="Python\src\core\modules\map_studio_terrain_sculpt_session.py"><Filter>Python\src\core\modules</Filter></None><None Include="Python\src\core\modules\map_studio_tool_belt_preferences.py"><Filter>Python\src\core\modules</Filter></None><None Include="Python\src\core\modules\module_blueprint_service.py"><Filter>Python\src\core\modules</Filter></None><None Include="Python\src\core\modules\module_builder_service.py"><Filter>Python\src\core\modules</Filter></None><None Include="Python\src\core\modules\module_categories.py"><Filter>Python\src\core\modules</Filter></None><None Include="Python\src\core\modules\module_editor_controller.py"><Filter>Python\src\core\modules</Filter></None><None Include="Python\src\core\modules\module_editor_model.py"><Filter>Python\src\core\modules</Filter></None><None Include="Python\src\core\modules\module_format.py"><Filter>Python\src\core\modules</Filter></None><None Include="Python\src\core\modules\module_hydration.py"><Filter>Python\src\core\modules</Filter></None><None Include="Python\src\core\modules\module_layout_service.py"><Filter>Python\src\core\modules</Filter></None><None Include="Python\src\core\modules\module_loader.py"><Filter>Python\src\core\modules</Filter></None><None Include="Python\src\core\modules\module_object_inspector.py"><Filter>Python\src\core\modules</Filter></None><None Include="Python\src\core\modules\module_porter_service.py"><Filter>Python\src\core\modules</Filter></None><None Include="Python\src\core\modules\module_save_pipeline.py"><Filter>Python\src\core\modules</Filter></None><None Include="Python\src\core\modules\module_walkmesh_service.py"><Filter>Python\src\core\modules</Filter></None><None Include="Python\src\core\scene\__init__.py"><Filter>Python\src\core\scene</Filter></None><None Include="Python\src\core\scene\_native.py"><Filter>Python\src\core\scene</Filter></None><None Include="Python\src\core\scene\axis_mode.py"><Filter>Python\src\core\scene</Filter></None><None Include="Python\src\core\scene\kmax_scene.py"><Filter>Python\src\core\scene</Filter></None><None Include="Python\src\core\scene\kmax_scene_manager.py"><Filter>Python\src\core\scene</Filter></None><None Include="Python\src\core\scene\kmax_serializer.py"><Filter>Python\src\core\scene</Filter></None><None Include="Python\src\core\scene\kmax_validator.py"><Filter>Python\src\core\scene</Filter></None><None Include="Python\src\core\scene\lyt_room_graph.py"><Filter>Python\src\core\scene</Filter></None><None Include="Python\src\core\scene\module_scene_import.py"><Filter>Python\src\core\scene</Filter></None><None Include="Python\src\core\scene\node_identity.py"><Filter>Python\src\core\scene</Filter></None><None Include="Python\src\core\scene\scene_manager.py"><Filter>Python\src\core\scene</Filter></None><None Include="Python\src\core\scene\scene_manifest.py"><Filter>Python\src\core\scene</Filter></None><None Include="Python\src\core\scene\scene_object.py"><Filter>Python\src\core\scene</Filter></None><None Include="Python\src\core\scene\scene_object_instance.py"><Filter>Python\src\core\scene</Filter></None><None Include="Python\src\core\scene\scene_resource_ref.py"><Filter>Python\src\core\scene</Filter></None><None Include="Python\src\core\scene\vis_editor.py"><Filter>Python\src\core\scene</Filter></None><None Include="Python\src\core\skeleton\__init__.py"><Filter>Python\src\core\skeleton</Filter></None><None Include="Python\src\core\skeleton\skeleton_builder.py"><Filter>Python\src\core\skeleton</Filter></None><None Include="Python\src\core\walkmesh\__init__.py"><Filter>Python\src\core\walkmesh</Filter></None><None Include="Python\src\core\walkmesh\walkmesh_editor.py"><Filter>Python\src\core\walkmesh</Filter></None><None Include="Python\src\core\walkmesh\walkmesh_renderer.py"><Filter>Python\src\core\walkmesh</Filter></None></ItemGroup><ItemGroup /><ItemGroup /><ItemGroup /><ItemGroup /><ItemGroup /><ItemGroup /><ItemGroup /><ItemGroup /><ItemGroup /><ItemGroup /><ItemGroup /><ItemGroup /><ItemGroup /><ItemGroup /><ItemGroup /><ItemGroup /><ItemGroup /><ItemGroup /><ItemGroup /><ItemGroup /><ItemGroup /><ItemGroup /><ItemGroup /><ItemGroup /><ItemGroup /><ItemGroup /><ItemGroup /><ItemGroup /><ItemGroup /><ItemGroup /><ItemGroup /><ItemGroup /><ItemGroup /><ItemGroup /><ItemGroup /><ItemGroup /><ItemGroup /><ItemGroup /><ItemGroup /><ItemGroup /><ItemGroup /><ItemGroup /><ItemGroup /><ItemGroup /><ItemGroup /><ItemGroup /><ItemGroup /><ItemGroup /><ItemGroup /><ItemGroup /><ItemGroup /><ItemGroup /><ItemGroup /><ItemGroup /><ItemGroup /><ItemGroup /><ItemGroup /><ItemGroup /><ItemGroup /><ItemGroup /><ItemGroup /><ItemGroup /><ItemGroup /><ItemGroup /><ItemGroup /><ItemGroup /><ItemGroup /><ItemGroup /><ItemGroup /><ItemGroup /><ItemGroup /><ItemGroup /><ItemGroup /><ItemGroup /><ItemGroup /><ItemGroup /><ItemGroup><ResourceCompile Include="GhostRiggerPythonPayload.rc" /></ItemGroup></Project>