<?xml version='1.0' encoding='utf-8'?>
<Project xmlns="http://schemas.microsoft.com/developer/msbuild/2003" ToolsVersion="4.0"><ItemGroup><Filter Include="Private"><UniqueIdentifier>{04f3a907-50d0-5ccb-aeed-893e4443d5f8}</UniqueIdentifier></Filter><Filter Include="Private\2DA"><UniqueIdentifier>{0e167740-cc9d-592c-9d6b-8eeb8f56c8c1}</UniqueIdentifier></Filter><Filter Include="Private\2DA\PythonFunctions"><UniqueIdentifier>{da340c42-64d0-5d0e-acb1-d9b85174f19f}</UniqueIdentifier></Filter><Filter Include="Private\FBX"><UniqueIdentifier>{057f5181-7893-5bbe-96bb-cbc02bfcc8da}</UniqueIdentifier></Filter><Filter Include="Private\FBX\PythonFunctions"><UniqueIdentifier>{1e070448-8c7d-5f9b-aec8-7ead902ac737}</UniqueIdentifier></Filter><Filter Include="Private\GFF"><UniqueIdentifier>{24979754-8a95-538b-ae96-9eaee8b108d4}</UniqueIdentifier></Filter><Filter Include="Private\GFF\PythonFunctions"><UniqueIdentifier>{c816f5e0-104c-5b44-8d2a-b42124f1a643}</UniqueIdentifier></Filter><Filter Include="Private\IO_Export"><UniqueIdentifier>{a75ca1d5-8839-5719-9a7d-58f596ff078f}</UniqueIdentifier></Filter><Filter Include="Private\IO_Export\PythonFunctions"><UniqueIdentifier>{68fa8343-cd60-516d-a357-6183a6cf0189}</UniqueIdentifier></Filter><Filter Include="Private\IO_File_Conversion"><UniqueIdentifier>{c4cb2182-b3d3-588c-bb8a-a4ca619fad85}</UniqueIdentifier></Filter><Filter Include="Private\IO_File_Conversion\PythonFunctions"><UniqueIdentifier>{506d8198-a46d-5cdf-a3af-dcb5ba6dd48e}</UniqueIdentifier></Filter><Filter Include="Private\IO_File_Write"><UniqueIdentifier>{d5bbeeb3-44e7-54ac-a7da-7ebd94f4b913}</UniqueIdentifier></Filter><Filter Include="Private\IO_File_Write\PythonFunctions"><UniqueIdentifier>{f9d21cd3-8874-5502-9314-1fd5af0c6885}</UniqueIdentifier></Filter><Filter Include="Private\PythonFunctions"><UniqueIdentifier>{52001919-e7c4-5477-b58a-1050132ca4b9}</UniqueIdentifier></Filter><Filter Include="Private\TwoDA"><UniqueIdentifier>{bb811f78-b23c-52ce-ac6e-4d26ed73f741}</UniqueIdentifier></Filter><Filter Include="Private\TwoDA\PythonFunctions"><UniqueIdentifier>{b18446c4-11b0-567b-a944-49280bd4670a}</UniqueIdentifier></Filter><Filter Include="Public"><UniqueIdentifier>{dd33a15d-75ed-52d7-bc8e-d9a0cb0c5af7}</UniqueIdentifier></Filter><Filter Include="Public\2DA"><UniqueIdentifier>{b0a3bcd8-702f-5663-bd0c-9f689da6281f}</UniqueIdentifier></Filter><Filter Include="Public\2DA\PythonFunctions"><UniqueIdentifier>{899bc42b-899b-58d2-879e-7720781d53d7}</UniqueIdentifier></Filter><Filter Include="Public\FBX"><UniqueIdentifier>{886d3e84-d542-5e4b-9f3c-ca9255721c84}</UniqueIdentifier></Filter><Filter Include="Public\FBX\PythonFunctions"><UniqueIdentifier>{cb31ef74-3d67-5f97-9ef9-ec4a9c52b85b}</UniqueIdentifier></Filter><Filter Include="Public\GFF"><UniqueIdentifier>{c6897ebc-2308-5506-96ff-34c9c770125c}</UniqueIdentifier></Filter><Filter Include="Public\GFF\PythonFunctions"><UniqueIdentifier>{8cb15320-5351-58f4-9003-c7877b1d37cd}</UniqueIdentifier></Filter><Filter Include="Public\IO_Export"><UniqueIdentifier>{ccbbc67d-a1d5-57ad-9a25-7600d890f7fb}</UniqueIdentifier></Filter><Filter Include="Public\IO_Export\PythonFunctions"><UniqueIdentifier>{ba7afd78-969c-5d48-9eae-abfddb292546}</UniqueIdentifier></Filter><Filter Include="Public\IO_File_Conversion"><UniqueIdentifier>{84787adc-4436-50b2-be2f-23f380cd033d}</UniqueIdentifier></Filter><Filter Include="Public\IO_File_Conversion\PythonFunctions"><UniqueIdentifier>{33c70708-5d94-5852-b5ec-99db00dc86a9}</UniqueIdentifier></Filter><Filter Include="Public\IO_File_Write"><UniqueIdentifier>{2131eeb1-69d5-5b3b-b481-5fa0e33b9ca7}</UniqueIdentifier></Filter><Filter Include="Public\IO_File_Write\PythonFunctions"><UniqueIdentifier>{7d6cfd66-ff1d-58c9-96e3-89be45101d93}</UniqueIdentifier></Filter><Filter Include="Public\PythonFunctions"><UniqueIdentifier>{72977faf-c25a-5208-8470-c99b3ecece6e}</UniqueIdentifier></Filter><Filter Include="Public\TwoDA"><UniqueIdentifier>{df7bf19f-f48d-5b7f-8ede-b793df4f97a2}</UniqueIdentifier></Filter><Filter Include="Public\TwoDA\PythonFunctions"><UniqueIdentifier>{3630b8a4-aaa9-5aff-8848-4dcab6647708}</UniqueIdentifier></Filter><Filter Include="Python"><UniqueIdentifier>{b783996a-a21b-5bda-8e6d-0b09be69a234}</UniqueIdentifier></Filter><Filter Include="Python\src"><UniqueIdentifier>{436bdda4-6542-58b7-a344-a83bd3b7cd1f}</UniqueIdentifier></Filter><Filter Include="Python\src\adapters"><UniqueIdentifier>{9ee5e63b-b66f-5115-8833-479ed746c2c3}</UniqueIdentifier></Filter><Filter Include="Python\src\adapters\files"><UniqueIdentifier>{7a4b3e80-790f-5478-9a85-d41253619d9f}</UniqueIdentifier></Filter><Filter Include="Python\src\converters"><UniqueIdentifier>{a7bc7a2b-142f-56a8-ba4e-1cc45e4e7304}</UniqueIdentifier></Filter><Filter Include="Python\src\core"><UniqueIdentifier>{d96d8a3d-ad9f-528e-85af-5a04d3455b29}</UniqueIdentifier></Filter><Filter Include="Python\src\core\export"><UniqueIdentifier>{d3e2c8ac-485a-512b-a5d7-53a8e21929d2}</UniqueIdentifier></Filter><Filter Include="Python\src\core\mdl"><UniqueIdentifier>{122cf899-55aa-5609-bfe6-19644551b16d}</UniqueIdentifier></Filter><Filter Include="Python\src\core\templates"><UniqueIdentifier>{b54d7d58-87e9-53f1-9220-522c7581fa62}</UniqueIdentifier></Filter><Filter Include="Python\src\formats"><UniqueIdentifier>{280bb324-82e8-5008-bb2f-fa9c822d7236}</UniqueIdentifier></Filter><Filter Include="Python\src\io"><UniqueIdentifier>{f5aa59a9-513f-5ab2-9c3c-c28ab87148e6}</UniqueIdentifier></Filter><Filter Include="Python\src\io\fbx"><UniqueIdentifier>{a5e26929-511d-5706-86ea-d9d1d07d0e09}</UniqueIdentifier></Filter></ItemGroup><ItemGroup><ClCompile Include="Private\GhostRiggerMDL.cpp"><Filter>Private</Filter></ClCompile><ClCompile Include="Private\PythonFunctions\ClassMethods.cpp"><Filter>Private\PythonFunctions</Filter></ClCompile><ClCompile Include="Private\PythonFunctions\InstanceMethods.cpp"><Filter>Private\PythonFunctions</Filter></ClCompile><ClCompile Include="Private\PythonFunctions\ModuleFunctions.cpp"><Filter>Private\PythonFunctions</Filter></ClCompile><ClCompile Include="Private\PythonFunctions\NestedFunctions.cpp"><Filter>Private\PythonFunctions</Filter></ClCompile><ClCompile Include="Private\PythonFunctions\StaticMethods.cpp"><Filter>Private\PythonFunctions</Filter></ClCompile><ClCompile Include="Private\FBX\FbxSdkSettings.cpp"><Filter>Private\FBX</Filter></ClCompile><ClCompile Include="Private\FBX\GhostRiggerIO.cpp"><Filter>Private\FBX</Filter></ClCompile><ClCompile Include="Private\FBX\PythonFunctions\InstanceMethods.cpp"><Filter>Private\FBX\PythonFunctions</Filter></ClCompile><ClCompile Include="Private\FBX\PythonFunctions\ModuleFunctions.cpp"><Filter>Private\FBX\PythonFunctions</Filter></ClCompile><ClCompile Include="Private\FBX\PythonFunctions\NestedFunctions.cpp"><Filter>Private\FBX\PythonFunctions</Filter></ClCompile><ClCompile Include="Private\FBX\PythonFunctions\Properties.cpp"><Filter>Private\FBX\PythonFunctions</Filter></ClCompile><ClCompile Include="Private\GFF\GhostRiggerFormats.cpp"><Filter>Private\GFF</Filter></ClCompile><ClCompile Include="Private\GFF\PythonFunctions\InstanceMethods.cpp"><Filter>Private\GFF\PythonFunctions</Filter></ClCompile><ClCompile Include="Private\GFF\PythonFunctions\ModuleFunctions.cpp"><Filter>Private\GFF\PythonFunctions</Filter></ClCompile><ClCompile Include="Private\GFF\PythonFunctions\NestedFunctions.cpp"><Filter>Private\GFF\PythonFunctions</Filter></ClCompile><ClCompile Include="Private\GFF\PythonFunctions\Properties.cpp"><Filter>Private\GFF\PythonFunctions</Filter></ClCompile><ClCompile Include="Private\2DA\GhostRiggerTemplates.cpp"><Filter>Private\2DA</Filter></ClCompile><ClCompile Include="Private\2DA\PythonFunctions\ClassMethods.cpp"><Filter>Private\2DA\PythonFunctions</Filter></ClCompile><ClCompile Include="Private\2DA\PythonFunctions\InstanceMethods.cpp"><Filter>Private\2DA\PythonFunctions</Filter></ClCompile><ClCompile Include="Private\2DA\PythonFunctions\ModuleFunctions.cpp"><Filter>Private\2DA\PythonFunctions</Filter></ClCompile><ClCompile Include="Private\2DA\PythonFunctions\NestedFunctions.cpp"><Filter>Private\2DA\PythonFunctions</Filter></ClCompile><ClCompile Include="Private\2DA\PythonFunctions\Properties.cpp"><Filter>Private\2DA\PythonFunctions</Filter></ClCompile><ClCompile Include="Private\2DA\TemplateContracts.cpp"><Filter>Private\2DA</Filter></ClCompile><ClCompile Include="Private\IO_Export\PythonFunctions\ClassMethods.cpp"><Filter>Private\IO_Export\PythonFunctions</Filter></ClCompile><ClCompile Include="Private\IO_Export\PythonFunctions\InstanceMethods.cpp"><Filter>Private\IO_Export\PythonFunctions</Filter></ClCompile><ClCompile Include="Private\IO_Export\PythonFunctions\ModuleFunctions.cpp"><Filter>Private\IO_Export\PythonFunctions</Filter></ClCompile><ClCompile Include="Private\IO_Export\PythonFunctions\NestedFunctions.cpp"><Filter>Private\IO_Export\PythonFunctions</Filter></ClCompile><ClCompile Include="Private\IO_Export\PythonFunctions\Properties.cpp"><Filter>Private\IO_Export\PythonFunctions</Filter></ClCompile><ClCompile Include="Private\IO_File_Conversion\NormalMapMath.cpp"><Filter>Private\IO_File_Conversion</Filter></ClCompile><ClCompile Include="Private\IO_File_Conversion\PythonFunctions\ClassMethods.cpp"><Filter>Private\IO_File_Conversion\PythonFunctions</Filter></ClCompile><ClCompile Include="Private\IO_File_Conversion\PythonFunctions\InstanceMethods.cpp"><Filter>Private\IO_File_Conversion\PythonFunctions</Filter></ClCompile><ClCompile Include="Private\IO_File_Conversion\PythonFunctions\ModuleFunctions.cpp"><Filter>Private\IO_File_Conversion\PythonFunctions</Filter></ClCompile><ClCompile Include="Private\IO_File_Conversion\PythonFunctions\NestedFunctions.cpp"><Filter>Private\IO_File_Conversion\PythonFunctions</Filter></ClCompile><ClCompile Include="Private\IO_File_Conversion\PythonFunctions\StaticMethods.cpp"><Filter>Private\IO_File_Conversion\PythonFunctions</Filter></ClCompile><ClCompile Include="Private\IO_File_Write\LocalFileWriter.cpp"><Filter>Private\IO_File_Write</Filter></ClCompile><ClCompile Include="Private\IO_File_Write\PythonFunctions\InstanceMethods.cpp"><Filter>Private\IO_File_Write\PythonFunctions</Filter></ClCompile><ClCompile Include="Private\TwoDA\PythonFunctions\ClassMethods.cpp"><Filter>Private\TwoDA\PythonFunctions</Filter></ClCompile><ClCompile Include="Private\TwoDA\PythonFunctions\InstanceMethods.cpp"><Filter>Private\TwoDA\PythonFunctions</Filter></ClCompile><ClCompile Include="Private\TwoDA\PythonFunctions\ModuleFunctions.cpp"><Filter>Private\TwoDA\PythonFunctions</Filter></ClCompile><ClCompile Include="Private\TwoDA\PythonFunctions\NestedFunctions.cpp"><Filter>Private\TwoDA\PythonFunctions</Filter></ClCompile><ClCompile Include="Private\TwoDA\PythonFunctions\Properties.cpp"><Filter>Private\TwoDA\PythonFunctions</Filter></ClCompile><ClCompile Include="Private\TwoDA\TemplateContracts.cpp"><Filter>Private\TwoDA</Filter></ClCompile></ItemGroup><ItemGroup /><ItemGroup /><ItemGroup /><ItemGroup /><ItemGroup /><ItemGroup /><ItemGroup /><ItemGroup /><ItemGroup /><ItemGroup /><ItemGroup /><ItemGroup /><ItemGroup /><ItemGroup /><ItemGroup /><ItemGroup /><ItemGroup /><ItemGroup /><ItemGroup /><ItemGroup /><ItemGroup /><ItemGroup /><ItemGroup /><ItemGroup /><ItemGroup /><ItemGroup /><ItemGroup /><ItemGroup /><ItemGroup /><ItemGroup /><ItemGroup /><ItemGroup /><ItemGroup /><ItemGroup /><ItemGroup /><ItemGroup /><ItemGroup /><ItemGroup /><ItemGroup /><ItemGroup /><ItemGroup /><ItemGroup /><ItemGroup><ClInclude Include="Public\GhostRiggerMDL.h"><Filter>Public</Filter></ClInclude><ClInclude Include="Public\PythonFunctions\ClassMethods.h"><Filter>Public\PythonFunctions</Filter></ClInclude><ClInclude Include="Public\PythonFunctions\InstanceMethods.h"><Filter>Public\PythonFunctions</Filter></ClInclude><ClInclude Include="Public\PythonFunctions\ModuleFunctions.h"><Filter>Public\PythonFunctions</Filter></ClInclude><ClInclude Include="Public\PythonFunctions\NestedFunctions.h"><Filter>Public\PythonFunctions</Filter></ClInclude><ClInclude Include="Public\PythonFunctions\StaticMethods.h"><Filter>Public\PythonFunctions</Filter></ClInclude><ClInclude Include="Public\FBX\FbxSdkSettings.h"><Filter>Public\FBX</Filter></ClInclude><ClInclude Include="Public\FBX\GhostRiggerIO.h"><Filter>Public\FBX</Filter></ClInclude><ClInclude Include="Public\FBX\PythonFunctions\InstanceMethods.h"><Filter>Public\FBX\PythonFunctions</Filter></ClInclude><ClInclude Include="Public\FBX\PythonFunctions\ModuleFunctions.h"><Filter>Public\FBX\PythonFunctions</Filter></ClInclude><ClInclude Include="Public\FBX\PythonFunctions\NestedFunctions.h"><Filter>Public\FBX\PythonFunctions</Filter></ClInclude><ClInclude Include="Public\FBX\PythonFunctions\Properties.h"><Filter>Public\FBX\PythonFunctions</Filter></ClInclude><ClInclude Include="Public\GFF\GhostRiggerFormats.h"><Filter>Public\GFF</Filter></ClInclude><ClInclude Include="Public\GFF\PythonFunctions\InstanceMethods.h"><Filter>Public\GFF\PythonFunctions</Filter></ClInclude><ClInclude Include="Public\GFF\PythonFunctions\ModuleFunctions.h"><Filter>Public\GFF\PythonFunctions</Filter></ClInclude><ClInclude Include="Public\GFF\PythonFunctions\NestedFunctions.h"><Filter>Public\GFF\PythonFunctions</Filter></ClInclude><ClInclude Include="Public\GFF\PythonFunctions\Properties.h"><Filter>Public\GFF\PythonFunctions</Filter></ClInclude><ClInclude Include="Public\2DA\GhostRiggerTemplates.h"><Filter>Public\2DA</Filter></ClInclude><ClInclude Include="Public\2DA\PythonFunctions\ClassMethods.h"><Filter>Public\2DA\PythonFunctions</Filter></ClInclude><ClInclude Include="Public\2DA\PythonFunctions\InstanceMethods.h"><Filter>Public\2DA\PythonFunctions</Filter></ClInclude><ClInclude Include="Public\2DA\PythonFunctions\ModuleFunctions.h"><Filter>Public\2DA\PythonFunctions</Filter></ClInclude><ClInclude Include="Public\2DA\PythonFunctions\NestedFunctions.h"><Filter>Public\2DA\PythonFunctions</Filter></ClInclude><ClInclude Include="Public\2DA\PythonFunctions\Properties.h"><Filter>Public\2DA\PythonFunctions</Filter></ClInclude><ClInclude Include="Public\2DA\TemplateContracts.h"><Filter>Public\2DA</Filter></ClInclude><ClInclude Include="Public\IO_Export\GhostRiggerExport.h"><Filter>Public\IO_Export</Filter></ClInclude><ClInclude Include="Public\IO_Export\PythonFunctions\ClassMethods.h"><Filter>Public\IO_Export\PythonFunctions</Filter></ClInclude><ClInclude Include="Public\IO_Export\PythonFunctions\InstanceMethods.h"><Filter>Public\IO_Export\PythonFunctions</Filter></ClInclude><ClInclude Include="Public\IO_Export\PythonFunctions\ModuleFunctions.h"><Filter>Public\IO_Export\PythonFunctions</Filter></ClInclude><ClInclude Include="Public\IO_Export\PythonFunctions\NestedFunctions.h"><Filter>Public\IO_Export\PythonFunctions</Filter></ClInclude><ClInclude Include="Public\IO_Export\PythonFunctions\Properties.h"><Filter>Public\IO_Export\PythonFunctions</Filter></ClInclude><ClInclude Include="Public\IO_File_Conversion\GhostRiggerConverters.h"><Filter>Public\IO_File_Conversion</Filter></ClInclude><ClInclude Include="Public\IO_File_Conversion\NormalMapMath.h"><Filter>Public\IO_File_Conversion</Filter></ClInclude><ClInclude Include="Public\IO_File_Conversion\PythonFunctions\ClassMethods.h"><Filter>Public\IO_File_Conversion\PythonFunctions</Filter></ClInclude><ClInclude Include="Public\IO_File_Conversion\PythonFunctions\InstanceMethods.h"><Filter>Public\IO_File_Conversion\PythonFunctions</Filter></ClInclude><ClInclude Include="Public\IO_File_Conversion\PythonFunctions\ModuleFunctions.h"><Filter>Public\IO_File_Conversion\PythonFunctions</Filter></ClInclude><ClInclude Include="Public\IO_File_Conversion\PythonFunctions\NestedFunctions.h"><Filter>Public\IO_File_Conversion\PythonFunctions</Filter></ClInclude><ClInclude Include="Public\IO_File_Conversion\PythonFunctions\StaticMethods.h"><Filter>Public\IO_File_Conversion\PythonFunctions</Filter></ClInclude><ClInclude Include="Public\IO_File_Write\GhostRiggerCoreIOFiles.h"><Filter>Public\IO_File_Write</Filter></ClInclude><ClInclude Include="Public\IO_File_Write\LocalFileWriter.h"><Filter>Public\IO_File_Write</Filter></ClInclude><ClInclude Include="Public\IO_File_Write\PythonFunctions\InstanceMethods.h"><Filter>Public\IO_File_Write\PythonFunctions</Filter></ClInclude><ClInclude Include="Public\TwoDA\GhostRiggerTemplates.h"><Filter>Public\TwoDA</Filter></ClInclude><ClInclude Include="Public\TwoDA\PythonFunctions\ClassMethods.h"><Filter>Public\TwoDA\PythonFunctions</Filter></ClInclude><ClInclude Include="Public\TwoDA\PythonFunctions\InstanceMethods.h"><Filter>Public\TwoDA\PythonFunctions</Filter></ClInclude><ClInclude Include="Public\TwoDA\PythonFunctions\ModuleFunctions.h"><Filter>Public\TwoDA\PythonFunctions</Filter></ClInclude><ClInclude Include="Public\TwoDA\PythonFunctions\NestedFunctions.h"><Filter>Public\TwoDA\PythonFunctions</Filter></ClInclude><ClInclude Include="Public\TwoDA\PythonFunctions\Properties.h"><Filter>Public\TwoDA\PythonFunctions</Filter></ClInclude><ClInclude Include="Public\TwoDA\TemplateContracts.h"><Filter>Public\TwoDA</Filter></ClInclude></ItemGroup><ItemGroup /><ItemGroup /><ItemGroup /><ItemGroup /><ItemGroup /><ItemGroup /><ItemGroup /><ItemGroup /><ItemGroup /><ItemGroup /><ItemGroup /><ItemGroup /><ItemGroup /><ItemGroup /><ItemGroup /><ItemGroup /><ItemGroup /><ItemGroup /><ItemGroup /><ItemGroup /><ItemGroup /><ItemGroup /><ItemGroup /><ItemGroup /><ItemGroup /><ItemGroup /><ItemGroup /><ItemGroup /><ItemGroup /><ItemGroup /><ItemGroup /><ItemGroup /><ItemGroup /><ItemGroup /><ItemGroup /><ItemGroup /><ItemGroup /><ItemGroup /><ItemGroup /><ItemGroup /><ItemGroup /><ItemGroup /><ItemGroup /><ItemGroup /><ItemGroup /><ItemGroup /><ItemGroup><None Include="GhostRiggerPythonPayload.json" /><None Include="GeneratePythonPayload.py" /><None Include="Python\src\adapters\files\__init__.py"><Filter>Python\src\adapters\files</Filter></None><None Include="Python\src\adapters\files\local_file_writer.py"><Filter>Python\src\adapters\files</Filter></None><None Include="Python\src\converters\__init__.py"><Filter>Python\src\converters</Filter></None><None Include="Python\src\converters\blender_fbx_mesh_importer.py"><Filter>Python\src\converters</Filter></None><None Include="Python\src\converters\mesh_converter.py"><Filter>Python\src\converters</Filter></None><None Include="Python\src\converters\normal_map.py"><Filter>Python\src\converters</Filter></None><None Include="Python\src\core\export\__init__.py"><Filter>Python\src\core\export</Filter></None><None Include="Python\src\core\export\export_job.py"><Filter>Python\src\core\export</Filter></None><None Include="Python\src\core\export\gltf_importer.py"><Filter>Python\src\core\export</Filter></None><None Include="Python\src\core\export\kotor_fbx_manifest.py"><Filter>Python\src\core\export</Filter></None><None Include="Python\src\core\export\unity_export_bridge.py"><Filter>Python\src\core\export</Filter></None><None Include="Python\src\core\export\unity_import_validator.py"><Filter>Python\src\core\export</Filter></None><None Include="Python\src\core\mdl\__init__.py"><Filter>Python\src\core\mdl</Filter></None><None Include="Python\src\core\mdl\ghostrigger_mdl_reader.py"><Filter>Python\src\core\mdl</Filter></None><None Include="Python\src\core\mdl\mdl_parser.py"><Filter>Python\src\core\mdl</Filter></None><None Include="Python\src\core\mdl\mdl_porter.py"><Filter>Python\src\core\mdl</Filter></None><None Include="Python\src\core\mdl\mdl_reader_wrapper.py"><Filter>Python\src\core\mdl</Filter></None><None Include="Python\src\core\mdl\mdl_writer.py"><Filter>Python\src\core\mdl</Filter></None><None Include="Python\src\core\placeables\__init__.py"><Filter>Python\src\core\placeables</Filter></None><None Include="Python\src\core\placeables\placeable_utp_io.py"><Filter>Python\src\core\placeables</Filter></None><None Include="Python\src\core\templates\__init__.py"><Filter>Python\src\core\templates</Filter></None><None Include="Python\src\core\templates\_native.py"><Filter>Python\src\core\templates</Filter></None><None Include="Python\src\core\templates\template_builder.py"><Filter>Python\src\core\templates</Filter></None><None Include="Python\src\core\templates\twoda.py"><Filter>Python\src\core\templates</Filter></None><None Include="Python\src\formats\__init__.py"><Filter>Python\src\formats</Filter></None><None Include="Python\src\formats\gff_reader.py"><Filter>Python\src\formats</Filter></None><None Include="Python\src\formats\gff_types.py"><Filter>Python\src\formats</Filter></None><None Include="Python\src\formats\gff_writer.py"><Filter>Python\src\formats</Filter></None><None Include="Python\src\io\__init__.py"><Filter>Python\src\io</Filter></None><None Include="Python\src\io\fbx\__init__.py"><Filter>Python\src\io\fbx</Filter></None><None Include="Python\src\io\fbx\fbx_diagnostics.py"><Filter>Python\src\io\fbx</Filter></None><None Include="Python\src\io\fbx\fbx_exporter.py"><Filter>Python\src\io\fbx</Filter></None><None Include="Python\src\io\fbx\fbx_importer.py"><Filter>Python\src\io\fbx</Filter></None><None Include="Python\src\io\fbx\fbx_scene_adapter.py"><Filter>Python\src\io\fbx</Filter></None><None Include="Python\src\io\fbx\fbx_sdk_loader.py"><Filter>Python\src\io\fbx</Filter></None><None Include="Python\src\io\fbx\fbx_sdk_paths.py"><Filter>Python\src\io\fbx</Filter></None><None Include="Python\src\io\fbx\fbx_sdk_setup.py"><Filter>Python\src\io\fbx</Filter></None><None Include="Python\src\io\head_art_importer.py"><Filter>Python\src\io</Filter></None><None Include="Python\src\io\head_binary_export.py"><Filter>Python\src\io</Filter></None><None Include="Python\src\io\head_builder_package.py"><Filter>Python\src\io</Filter></None><None Include="Python\src\io\head_game_records.py"><Filter>Python\src\io</Filter></None><None Include="Python\src\io\head_texture_asset.py"><Filter>Python\src\io</Filter></None><None Include="Python\src\io\kotor_gui_io.py"><Filter>Python\src\io</Filter></None><None Include="Python\src\io\mdl_auto_import.py"><Filter>Python\src\io</Filter></None><None Include="Python\src\io\obj_room_document.py"><Filter>Python\src\io</Filter></None><None Include="Python\src\io\skybox_panorama_conversion.py"><Filter>Python\src\io</Filter></None></ItemGroup><ItemGroup /><ItemGroup /><ItemGroup /><ItemGroup /><ItemGroup /><ItemGroup /><ItemGroup /><ItemGroup /><ItemGroup /><ItemGroup /><ItemGroup /><ItemGroup /><ItemGroup /><ItemGroup /><ItemGroup /><ItemGroup /><ItemGroup /><ItemGroup /><ItemGroup /><ItemGroup /><ItemGroup /><ItemGroup /><ItemGroup /><ItemGroup /><ItemGroup /><ItemGroup /><ItemGroup /><ItemGroup /><ItemGroup /><ItemGroup /><ItemGroup /><ItemGroup /><ItemGroup /><ItemGroup /><ItemGroup /><ItemGroup><ResourceCompile Include="GhostRiggerPythonPayload.rc" /></ItemGroup></Project>