<?xml version='1.0' encoding='utf-8'?>
<Project xmlns="http://schemas.microsoft.com/developer/msbuild/2003" ToolsVersion="4.0"><ItemGroup><Filter Include="Private"><UniqueIdentifier>{c89797be-37d9-5aae-ba77-197efc2e50f7}</UniqueIdentifier></Filter><Filter Include="Private\PythonFunctions"><UniqueIdentifier>{95d66d05-0d99-501c-ad50-d01b093c4fbf}</UniqueIdentifier></Filter><Filter Include="Private\Workflow_Animation"><UniqueIdentifier>{dac6a7bf-3763-5a43-b62d-55dbc6ee9e34}</UniqueIdentifier></Filter><Filter Include="Private\Workflow_AnimationRetargeting"><UniqueIdentifier>{79910603-eafa-5b3f-8860-c8b7b4f69e5f}</UniqueIdentifier></Filter><Filter Include="Private\Workflow_AnimationRetargeting\PythonFunctions"><UniqueIdentifier>{9669b81c-ecb4-5234-b56b-d00653b2bbbc}</UniqueIdentifier></Filter><Filter Include="Private\Workflow_Animation\PythonFunctions"><UniqueIdentifier>{fc221c39-d1df-5bf1-896a-5e2292dc9aa6}</UniqueIdentifier></Filter><Filter Include="Private\Workflow_Autorig"><UniqueIdentifier>{30b55a50-1768-5b4f-9354-1292ae46cf22}</UniqueIdentifier></Filter><Filter Include="Private\Workflow_Autorig\PythonFunctions"><UniqueIdentifier>{7755b003-b9da-5d51-8bac-a2b986dffc8d}</UniqueIdentifier></Filter><Filter Include="Private\Workflow_Characters"><UniqueIdentifier>{1b4ce384-3048-583c-b398-7e7ad42a9cf9}</UniqueIdentifier></Filter><Filter Include="Private\Workflow_Characters\PythonFunctions"><UniqueIdentifier>{da0c60cf-44e5-5843-b52d-63dbf11a5c5e}</UniqueIdentifier></Filter><Filter Include="Private\Workflow_Retargeting"><UniqueIdentifier>{6919a17e-e72c-5a7f-a7df-9194626c01a5}</UniqueIdentifier></Filter><Filter Include="Private\Workflow_Retargeting\PythonFunctions"><UniqueIdentifier>{f7c7cd60-fe3c-5140-ad0a-63690c349841}</UniqueIdentifier></Filter><Filter Include="Public"><UniqueIdentifier>{ca71e3c3-768b-5548-a1fe-0489cb389e21}</UniqueIdentifier></Filter><Filter Include="Public\PythonFunctions"><UniqueIdentifier>{e5898cc3-6512-576a-9d28-e668db6e4611}</UniqueIdentifier></Filter><Filter Include="Public\Workflow_Animation"><UniqueIdentifier>{a4c7acb4-60eb-504a-9851-75bfee025680}</UniqueIdentifier></Filter><Filter Include="Public\Workflow_AnimationRetargeting"><UniqueIdentifier>{22f038b3-4eba-5948-b292-47f2086d310b}</UniqueIdentifier></Filter><Filter Include="Public\Workflow_AnimationRetargeting\PythonFunctions"><UniqueIdentifier>{08ed78eb-182a-51d4-9421-520b649f32dd}</UniqueIdentifier></Filter><Filter Include="Public\Workflow_Animation\PythonFunctions"><UniqueIdentifier>{d6d67f95-9b32-52df-a735-3d2cebf8c5b6}</UniqueIdentifier></Filter><Filter Include="Public\Workflow_Autorig"><UniqueIdentifier>{9eab4ca0-a5e6-5fc0-968f-84fa95ffb5c9}</UniqueIdentifier></Filter><Filter Include="Public\Workflow_Autorig\PythonFunctions"><UniqueIdentifier>{1f302bcf-0884-5e3d-bfeb-40b94f64e7d3}</UniqueIdentifier></Filter><Filter Include="Public\Workflow_Characters"><UniqueIdentifier>{2a0096f9-6c7f-5465-890c-4237fdb88822}</UniqueIdentifier></Filter><Filter Include="Public\Workflow_Characters\PythonFunctions"><UniqueIdentifier>{1ee6f342-06c9-5da8-9851-888ee0668fb6}</UniqueIdentifier></Filter><Filter Include="Public\Workflow_Retargeting"><UniqueIdentifier>{335650bf-ea63-5057-86d8-cf75bf051255}</UniqueIdentifier></Filter><Filter Include="Public\Workflow_Retargeting\PythonFunctions"><UniqueIdentifier>{02e339a5-8f2d-552e-8089-fd8afb2bbf94}</UniqueIdentifier></Filter><Filter Include="Python"><UniqueIdentifier>{bfa227b6-cd84-5175-adb6-9012d1d4d7f9}</UniqueIdentifier></Filter><Filter Include="Python\src"><UniqueIdentifier>{0526e101-bddc-59bb-8af8-d2dc7c48e22f}</UniqueIdentifier></Filter><Filter Include="Python\src\autorig"><UniqueIdentifier>{af23d683-faf1-5303-80d1-b9a88b5f0e44}</UniqueIdentifier></Filter><Filter Include="Python\src\core"><UniqueIdentifier>{730fc2bc-5382-5e7a-b05c-de2aac98103a}</UniqueIdentifier></Filter><Filter Include="Python\src\core\animation"><UniqueIdentifier>{0abe0f2d-9244-5c5c-afe6-72caa9d22272}</UniqueIdentifier></Filter><Filter Include="Python\src\core\animation\skinning_profiles"><UniqueIdentifier>{4faf20e5-9476-5def-ba43-1f1661048b5e}</UniqueIdentifier></Filter><Filter Include="Python\src\core\animation\skinning_profiles\types"><UniqueIdentifier>{7a1f541a-d9b9-5be7-93e0-86effa157bef}</UniqueIdentifier></Filter><Filter Include="Python\src\core\animation\skinning_profiles\types\characters"><UniqueIdentifier>{7bfada23-d9b2-56b9-9c16-748e93074d23}</UniqueIdentifier></Filter><Filter Include="Python\src\core\animation\skinning_profiles\types\creatures"><UniqueIdentifier>{b5f39b8d-a1a4-56a7-a138-c81244a2bd24}</UniqueIdentifier></Filter><Filter Include="Python\src\core\animation\skinning_profiles\types\droids"><UniqueIdentifier>{12780ff2-3ec4-5993-8a2b-2d9aee382f44}</UniqueIdentifier></Filter><Filter Include="Python\src\core\animation\skinning_profiles\types\specialcase"><UniqueIdentifier>{d2d26916-8be7-5c93-ad22-4b3593c660bc}</UniqueIdentifier></Filter><Filter Include="Python\src\core\animation\skinning_profiles\types\supermodels"><UniqueIdentifier>{437813be-7135-50cc-80a6-f37848b8bcc9}</UniqueIdentifier></Filter><Filter Include="Python\src\core\animation\skinning_profiles\types\turrets"><UniqueIdentifier>{a8b97a20-284d-55b5-96a3-1f189f06a57b}</UniqueIdentifier></Filter><Filter Include="Python\src\core\animation_retargeting"><UniqueIdentifier>{9dc4a10d-e657-5176-85f1-f23c1d0a5199}</UniqueIdentifier></Filter><Filter Include="Python\src\core\characters"><UniqueIdentifier>{2ec85dda-49bb-59c7-a086-eef48f077645}</UniqueIdentifier></Filter><Filter Include="Python\src\core\retargeting"><UniqueIdentifier>{92c15abd-7a8c-59d1-9528-d42ac8b3ad59}</UniqueIdentifier></Filter><Filter Include="Python\src\core\workflow"><UniqueIdentifier>{1ee48e79-9048-52c3-889a-4180bfd0e91b}</UniqueIdentifier></Filter></ItemGroup><ItemGroup><ClCompile Include="Private\GhostRiggerWorkflow.cpp"><Filter>Private</Filter></ClCompile><ClCompile Include="Private\WorkflowBase.cpp"><Filter>Private</Filter></ClCompile><ClCompile Include="Private\PythonFunctions\ModuleFunctions.cpp"><Filter>Private\PythonFunctions</Filter></ClCompile><ClCompile Include="Private\Workflow_Animation\PythonFunctions\ClassMethods.cpp"><Filter>Private\Workflow_Animation\PythonFunctions</Filter></ClCompile><ClCompile Include="Private\Workflow_Animation\PythonFunctions\InstanceMethods.cpp"><Filter>Private\Workflow_Animation\PythonFunctions</Filter></ClCompile><ClCompile Include="Private\Workflow_Animation\PythonFunctions\ModuleFunctions.cpp"><Filter>Private\Workflow_Animation\PythonFunctions</Filter></ClCompile><ClCompile Include="Private\Workflow_Animation\PythonFunctions\NestedFunctions.cpp"><Filter>Private\Workflow_Animation\PythonFunctions</Filter></ClCompile><ClCompile Include="Private\Workflow_Animation\PythonFunctions\Properties.cpp"><Filter>Private\Workflow_Animation\PythonFunctions</Filter></ClCompile><ClCompile Include="Private\Workflow_Animation\PythonFunctions\StaticMethods.cpp"><Filter>Private\Workflow_Animation\PythonFunctions</Filter></ClCompile><ClCompile Include="Private\Workflow_AnimationRetargeting\PythonFunctions\ModuleFunctions.cpp"><Filter>Private\Workflow_AnimationRetargeting\PythonFunctions</Filter></ClCompile><ClCompile Include="Private\Workflow_AnimationRetargeting\PythonFunctions\NestedFunctions.cpp"><Filter>Private\Workflow_AnimationRetargeting\PythonFunctions</Filter></ClCompile><ClCompile Include="Private\Workflow_AnimationRetargeting\PythonFunctions\Properties.cpp"><Filter>Private\Workflow_AnimationRetargeting\PythonFunctions</Filter></ClCompile><ClCompile Include="Private\Workflow_AnimationRetargeting\RetargetingContracts.cpp"><Filter>Private\Workflow_AnimationRetargeting</Filter></ClCompile><ClCompile Include="Private\Workflow_Autorig\PythonFunctions\ClassMethods.cpp"><Filter>Private\Workflow_Autorig\PythonFunctions</Filter></ClCompile><ClCompile Include="Private\Workflow_Autorig\PythonFunctions\InstanceMethods.cpp"><Filter>Private\Workflow_Autorig\PythonFunctions</Filter></ClCompile><ClCompile Include="Private\Workflow_Autorig\PythonFunctions\ModuleFunctions.cpp"><Filter>Private\Workflow_Autorig\PythonFunctions</Filter></ClCompile><ClCompile Include="Private\Workflow_Autorig\PythonFunctions\NestedFunctions.cpp"><Filter>Private\Workflow_Autorig\PythonFunctions</Filter></ClCompile><ClCompile Include="Private\Workflow_Autorig\PythonFunctions\Properties.cpp"><Filter>Private\Workflow_Autorig\PythonFunctions</Filter></ClCompile><ClCompile Include="Private\Workflow_Autorig\PythonFunctions\StaticMethods.cpp"><Filter>Private\Workflow_Autorig\PythonFunctions</Filter></ClCompile><ClCompile Include="Private\Workflow_Characters\PythonFunctions\ClassMethods.cpp"><Filter>Private\Workflow_Characters\PythonFunctions</Filter></ClCompile><ClCompile Include="Private\Workflow_Characters\PythonFunctions\InstanceMethods.cpp"><Filter>Private\Workflow_Characters\PythonFunctions</Filter></ClCompile><ClCompile Include="Private\Workflow_Characters\PythonFunctions\ModuleFunctions.cpp"><Filter>Private\Workflow_Characters\PythonFunctions</Filter></ClCompile><ClCompile Include="Private\Workflow_Characters\PythonFunctions\NestedFunctions.cpp"><Filter>Private\Workflow_Characters\PythonFunctions</Filter></ClCompile><ClCompile Include="Private\Workflow_Characters\PythonFunctions\Properties.cpp"><Filter>Private\Workflow_Characters\PythonFunctions</Filter></ClCompile><ClCompile Include="Private\Workflow_Retargeting\PythonFunctions\ClassMethods.cpp"><Filter>Private\Workflow_Retargeting\PythonFunctions</Filter></ClCompile><ClCompile Include="Private\Workflow_Retargeting\PythonFunctions\InstanceMethods.cpp"><Filter>Private\Workflow_Retargeting\PythonFunctions</Filter></ClCompile><ClCompile Include="Private\Workflow_Retargeting\PythonFunctions\ModuleFunctions.cpp"><Filter>Private\Workflow_Retargeting\PythonFunctions</Filter></ClCompile><ClCompile Include="Private\Workflow_Retargeting\PythonFunctions\NestedFunctions.cpp"><Filter>Private\Workflow_Retargeting\PythonFunctions</Filter></ClCompile><ClCompile Include="Private\Workflow_Retargeting\PythonFunctions\Properties.cpp"><Filter>Private\Workflow_Retargeting\PythonFunctions</Filter></ClCompile><ClCompile Include="Private\Workflow_Retargeting\PythonFunctions\StaticMethods.cpp"><Filter>Private\Workflow_Retargeting\PythonFunctions</Filter></ClCompile><ClCompile Include="Private\Workflow_Retargeting\RetargetContracts.cpp"><Filter>Private\Workflow_Retargeting</Filter></ClCompile></ItemGroup><ItemGroup /><ItemGroup /><ItemGroup /><ItemGroup /><ItemGroup /><ItemGroup /><ItemGroup /><ItemGroup /><ItemGroup /><ItemGroup /><ItemGroup /><ItemGroup /><ItemGroup /><ItemGroup /><ItemGroup /><ItemGroup /><ItemGroup /><ItemGroup /><ItemGroup /><ItemGroup /><ItemGroup /><ItemGroup /><ItemGroup /><ItemGroup /><ItemGroup /><ItemGroup /><ItemGroup /><ItemGroup /><ItemGroup /><ItemGroup /><ItemGroup><ClInclude Include="Public\GhostRiggerWorkflow.h"><Filter>Public</Filter></ClInclude><ClInclude Include="Public\WorkflowBase.h"><Filter>Public</Filter></ClInclude><ClInclude Include="Public\PythonFunctions\ModuleFunctions.h"><Filter>Public\PythonFunctions</Filter></ClInclude><ClInclude Include="Public\Workflow_Animation\GhostRiggerAnimation.h"><Filter>Public\Workflow_Animation</Filter></ClInclude><ClInclude Include="Public\Workflow_Animation\PythonFunctions\ClassMethods.h"><Filter>Public\Workflow_Animation\PythonFunctions</Filter></ClInclude><ClInclude Include="Public\Workflow_Animation\PythonFunctions\InstanceMethods.h"><Filter>Public\Workflow_Animation\PythonFunctions</Filter></ClInclude><ClInclude Include="Public\Workflow_Animation\PythonFunctions\ModuleFunctions.h"><Filter>Public\Workflow_Animation\PythonFunctions</Filter></ClInclude><ClInclude Include="Public\Workflow_Animation\PythonFunctions\NestedFunctions.h"><Filter>Public\Workflow_Animation\PythonFunctions</Filter></ClInclude><ClInclude Include="Public\Workflow_Animation\PythonFunctions\Properties.h"><Filter>Public\Workflow_Animation\PythonFunctions</Filter></ClInclude><ClInclude Include="Public\Workflow_Animation\PythonFunctions\StaticMethods.h"><Filter>Public\Workflow_Animation\PythonFunctions</Filter></ClInclude><ClInclude Include="Public\Workflow_AnimationRetargeting\GhostRiggerAnimationRetargeting.h"><Filter>Public\Workflow_AnimationRetargeting</Filter></ClInclude><ClInclude Include="Public\Workflow_AnimationRetargeting\PythonFunctions\ModuleFunctions.h"><Filter>Public\Workflow_AnimationRetargeting\PythonFunctions</Filter></ClInclude><ClInclude Include="Public\Workflow_AnimationRetargeting\PythonFunctions\NestedFunctions.h"><Filter>Public\Workflow_AnimationRetargeting\PythonFunctions</Filter></ClInclude><ClInclude Include="Public\Workflow_AnimationRetargeting\PythonFunctions\Properties.h"><Filter>Public\Workflow_AnimationRetargeting\PythonFunctions</Filter></ClInclude><ClInclude Include="Public\Workflow_AnimationRetargeting\RetargetingContracts.h"><Filter>Public\Workflow_AnimationRetargeting</Filter></ClInclude><ClInclude Include="Public\Workflow_Autorig\GhostRiggerAutorig.h"><Filter>Public\Workflow_Autorig</Filter></ClInclude><ClInclude Include="Public\Workflow_Autorig\PythonFunctions\ClassMethods.h"><Filter>Public\Workflow_Autorig\PythonFunctions</Filter></ClInclude><ClInclude Include="Public\Workflow_Autorig\PythonFunctions\InstanceMethods.h"><Filter>Public\Workflow_Autorig\PythonFunctions</Filter></ClInclude><ClInclude Include="Public\Workflow_Autorig\PythonFunctions\ModuleFunctions.h"><Filter>Public\Workflow_Autorig\PythonFunctions</Filter></ClInclude><ClInclude Include="Public\Workflow_Autorig\PythonFunctions\NestedFunctions.h"><Filter>Public\Workflow_Autorig\PythonFunctions</Filter></ClInclude><ClInclude Include="Public\Workflow_Autorig\PythonFunctions\Properties.h"><Filter>Public\Workflow_Autorig\PythonFunctions</Filter></ClInclude><ClInclude Include="Public\Workflow_Autorig\PythonFunctions\StaticMethods.h"><Filter>Public\Workflow_Autorig\PythonFunctions</Filter></ClInclude><ClInclude Include="Public\Workflow_Characters\GhostRiggerCharacters.h"><Filter>Public\Workflow_Characters</Filter></ClInclude><ClInclude Include="Public\Workflow_Characters\PythonFunctions\ClassMethods.h"><Filter>Public\Workflow_Characters\PythonFunctions</Filter></ClInclude><ClInclude Include="Public\Workflow_Characters\PythonFunctions\InstanceMethods.h"><Filter>Public\Workflow_Characters\PythonFunctions</Filter></ClInclude><ClInclude Include="Public\Workflow_Characters\PythonFunctions\ModuleFunctions.h"><Filter>Public\Workflow_Characters\PythonFunctions</Filter></ClInclude><ClInclude Include="Public\Workflow_Characters\PythonFunctions\NestedFunctions.h"><Filter>Public\Workflow_Characters\PythonFunctions</Filter></ClInclude><ClInclude Include="Public\Workflow_Characters\PythonFunctions\Properties.h"><Filter>Public\Workflow_Characters\PythonFunctions</Filter></ClInclude><ClInclude Include="Public\Workflow_Retargeting\GhostRiggerRetargeting.h"><Filter>Public\Workflow_Retargeting</Filter></ClInclude><ClInclude Include="Public\Workflow_Retargeting\PythonFunctions\ClassMethods.h"><Filter>Public\Workflow_Retargeting\PythonFunctions</Filter></ClInclude><ClInclude Include="Public\Workflow_Retargeting\PythonFunctions\InstanceMethods.h"><Filter>Public\Workflow_Retargeting\PythonFunctions</Filter></ClInclude><ClInclude Include="Public\Workflow_Retargeting\PythonFunctions\ModuleFunctions.h"><Filter>Public\Workflow_Retargeting\PythonFunctions</Filter></ClInclude><ClInclude Include="Public\Workflow_Retargeting\PythonFunctions\NestedFunctions.h"><Filter>Public\Workflow_Retargeting\PythonFunctions</Filter></ClInclude><ClInclude Include="Public\Workflow_Retargeting\PythonFunctions\Properties.h"><Filter>Public\Workflow_Retargeting\PythonFunctions</Filter></ClInclude><ClInclude Include="Public\Workflow_Retargeting\PythonFunctions\StaticMethods.h"><Filter>Public\Workflow_Retargeting\PythonFunctions</Filter></ClInclude><ClInclude Include="Public\Workflow_Retargeting\RetargetContracts.h"><Filter>Public\Workflow_Retargeting</Filter></ClInclude></ItemGroup><ItemGroup /><ItemGroup /><ItemGroup /><ItemGroup /><ItemGroup /><ItemGroup /><ItemGroup /><ItemGroup /><ItemGroup /><ItemGroup /><ItemGroup /><ItemGroup /><ItemGroup /><ItemGroup /><ItemGroup /><ItemGroup /><ItemGroup /><ItemGroup /><ItemGroup /><ItemGroup /><ItemGroup /><ItemGroup /><ItemGroup /><ItemGroup /><ItemGroup /><ItemGroup /><ItemGroup /><ItemGroup /><ItemGroup /><ItemGroup /><ItemGroup /><ItemGroup /><ItemGroup /><ItemGroup /><ItemGroup /><ItemGroup><None Include="GhostRiggerPythonPayload.json" /><None Include="GeneratePythonPayload.py" /><None Include="Python\src\adapters\facial\__init__.py"><Filter>Python\src\adapters\facial</Filter></None><None Include="Python\src\adapters\facial\arkit_performance.py"><Filter>Python\src\adapters\facial</Filter></None><None Include="Python\src\autorig\__init__.py"><Filter>Python\src\autorig</Filter></None><None Include="Python\src\autorig\accurig.py"><Filter>Python\src\autorig</Filter></None><None Include="Python\src\autorig\auto_rigger.py"><Filter>Python\src\autorig</Filter></None><None Include="Python\src\autorig\cloth_rig.py"><Filter>Python\src\autorig</Filter></None><None Include="Python\src\autorig\grig.py"><Filter>Python\src\autorig</Filter></None><None Include="Python\src\autorig\retarget_engine.py"><Filter>Python\src\autorig</Filter></None><None Include="Python\src\core\animation\__init__.py"><Filter>Python\src\core\animation</Filter></None><None Include="Python\src\core\animation\animation_engine.py"><Filter>Python\src\core\animation</Filter></None><None Include="Python\src\core\animation\animation_library.py"><Filter>Python\src\core\animation</Filter></None><None Include="Python\src\core\animation\facial_performance.py"><Filter>Python\src\core\animation</Filter></None><None Include="Python\src\core\animation\fbx_animation_selection.py"><Filter>Python\src\core\animation</Filter></None><None Include="Python\src\core\animation\gpu_skinning.py"><Filter>Python\src\core\animation</Filter></None><None Include="Python\src\core\animation\skinning_profiles\__init__.py"><Filter>Python\src\core\animation\skinning_profiles</Filter></None><None Include="Python\src\core\animation\skinning_profiles\animation_supermodel_skinning.py"><Filter>Python\src\core\animation\skinning_profiles</Filter></None><None Include="Python\src\core\animation\skinning_profiles\creature_skinning.py"><Filter>Python\src\core\animation\skinning_profiles</Filter></None><None Include="Python\src\core\animation\skinning_profiles\default_skinning.py"><Filter>Python\src\core\animation\skinning_profiles</Filter></None><None Include="Python\src\core\animation\skinning_profiles\droid_rigid_skinning.py"><Filter>Python\src\core\animation\skinning_profiles</Filter></None><None Include="Python\src\core\animation\skinning_profiles\droid_skinned_skinning.py"><Filter>Python\src\core\animation\skinning_profiles</Filter></None><None Include="Python\src\core\animation\skinning_profiles\generated_character_skinning.py"><Filter>Python\src\core\animation\skinning_profiles</Filter></None><None Include="Python\src\core\animation\skinning_profiles\head_attachment_skinning.py"><Filter>Python\src\core\animation\skinning_profiles</Filter></None><None Include="Python\src\core\animation\skinning_profiles\humanoid_supermodel_skinning.py"><Filter>Python\src\core\animation\skinning_profiles</Filter></None><None Include="Python\src\core\animation\skinning_profiles\local_character_skinning.py"><Filter>Python\src\core\animation\skinning_profiles</Filter></None><None Include="Python\src\core\animation\skinning_profiles\modular_body_skinning.py"><Filter>Python\src\core\animation\skinning_profiles</Filter></None><None Include="Python\src\core\animation\skinning_profiles\types\__init__.py"><Filter>Python\src\core\animation\skinning_profiles\types</Filter></None><None Include="Python\src\core\animation\skinning_profiles\types\characters\__init__.py"><Filter>Python\src\core\animation\skinning_profiles\types\characters</Filter></None><None Include="Python\src\core\animation\skinning_profiles\types\characters\bith.py"><Filter>Python\src\core\animation\skinning_profiles\types\characters</Filter></None><None Include="Python\src\core\animation\skinning_profiles\types\characters\duros.py"><Filter>Python\src\core\animation\skinning_profiles\types\characters</Filter></None><None Include="Python\src\core\animation\skinning_profiles\types\characters\hero.py"><Filter>Python\src\core\animation\skinning_profiles\types\characters</Filter></None><None Include="Python\src\core\animation\skinning_profiles\types\characters\human.py"><Filter>Python\src\core\animation\skinning_profiles\types\characters</Filter></None><None Include="Python\src\core\animation\skinning_profiles\types\characters\mandalorian.py"><Filter>Python\src\core\animation\skinning_profiles\types\characters</Filter></None><None Include="Python\src\core\animation\skinning_profiles\types\characters\party.py"><Filter>Python\src\core\animation\skinning_profiles\types\characters</Filter></None><None Include="Python\src\core\animation\skinning_profiles\types\characters\sith.py"><Filter>Python\src\core\animation\skinning_profiles\types\characters</Filter></None><None Include="Python\src\core\animation\skinning_profiles\types\characters\wookie.py"><Filter>Python\src\core\animation\skinning_profiles\types\characters</Filter></None><None Include="Python\src\core\animation\skinning_profiles\types\creatures\__init__.py"><Filter>Python\src\core\animation\skinning_profiles\types\creatures</Filter></None><None Include="Python\src\core\animation\skinning_profiles\types\creatures\selkath.py"><Filter>Python\src\core\animation\skinning_profiles\types\creatures</Filter></None><None Include="Python\src\core\animation\skinning_profiles\types\droids\__init__.py"><Filter>Python\src\core\animation\skinning_profiles\types\droids</Filter></None><None Include="Python\src\core\animation\skinning_profiles\types\droids\battledroid.py"><Filter>Python\src\core\animation\skinning_profiles\types\droids</Filter></None><None Include="Python\src\core\animation\skinning_profiles\types\droids\t3m3.py"><Filter>Python\src\core\animation\skinning_profiles\types\droids</Filter></None><None Include="Python\src\core\animation\skinning_profiles\types\droids\t3m4.py"><Filter>Python\src\core\animation\skinning_profiles\types\droids</Filter></None><None Include="Python\src\core\animation\skinning_profiles\types\droids\utilitydroid.py"><Filter>Python\src\core\animation\skinning_profiles\types\droids</Filter></None><None Include="Python\src\core\animation\skinning_profiles\types\generated_character_skinning.py"><Filter>Python\src\core\animation\skinning_profiles\types</Filter></None><None Include="Python\src\core\animation\skinning_profiles\types\specialcase\__init__.py"><Filter>Python\src\core\animation\skinning_profiles\types\specialcase</Filter></None><None Include="Python\src\core\animation\skinning_profiles\types\specialcase\bastila.py"><Filter>Python\src\core\animation\skinning_profiles\types\specialcase</Filter></None><None Include="Python\src\core\animation\skinning_profiles\types\specialcase\kreia.py"><Filter>Python\src\core\animation\skinning_profiles\types\specialcase</Filter></None><None Include="Python\src\core\animation\skinning_profiles\types\specialcase\malak.py"><Filter>Python\src\core\animation\skinning_profiles\types\specialcase</Filter></None><None Include="Python\src\core\animation\skinning_profiles\types\specialcase\nihlus.py"><Filter>Python\src\core\animation\skinning_profiles\types\specialcase</Filter></None><None Include="Python\src\core\animation\skinning_profiles\types\specialcase\revan.py"><Filter>Python\src\core\animation\skinning_profiles\types\specialcase</Filter></None><None Include="Python\src\core\animation\skinning_profiles\types\specialcase\sion.py"><Filter>Python\src\core\animation\skinning_profiles\types\specialcase</Filter></None><None Include="Python\src\core\animation\skinning_profiles\types\supermodels\__init__.py"><Filter>Python\src\core\animation\skinning_profiles\types\supermodels</Filter></None><None Include="Python\src\core\animation\skinning_profiles\types\supermodels\supermodel_female.py"><Filter>Python\src\core\animation\skinning_profiles\types\supermodels</Filter></None><None Include="Python\src\core\animation\skinning_profiles\types\supermodels\supermodel_male.py"><Filter>Python\src\core\animation\skinning_profiles\types\supermodels</Filter></None><None Include="Python\src\core\animation\skinning_profiles\types\turrets\__init__.py"><Filter>Python\src\core\animation\skinning_profiles\types\turrets</Filter></None><None Include="Python\src\core\animation\skinning_profiles\types\turrets\turret_01.py"><Filter>Python\src\core\animation\skinning_profiles\types\turrets</Filter></None><None Include="Python\src\core\animation_retargeting\__init__.py"><Filter>Python\src\core\animation_retargeting</Filter></None><None Include="Python\src\core\animation_retargeting\retargeter.py"><Filter>Python\src\core\animation_retargeting</Filter></None><None Include="Python\src\core\animation_retargeting\skeleton_template_picker.py"><Filter>Python\src\core\animation_retargeting</Filter></None><None Include="Python\src\core\characters\__init__.py"><Filter>Python\src\core\characters</Filter></None><None Include="Python\src\core\characters\animation_deformation_validator.py"><Filter>Python\src\core\characters</Filter></None><None Include="Python\src\core\characters\character_autofit_report.py"><Filter>Python\src\core\characters</Filter></None><None Include="Python\src\core\characters\character_builder.py"><Filter>Python\src\core\characters</Filter></None><None Include="Python\src\core\characters\character_export_preflight.py"><Filter>Python\src\core\characters</Filter></None><None Include="Python\src\core\characters\character_export_transaction.py"><Filter>Python\src\core\characters</Filter></None><None Include="Python\src\core\characters\character_override_package.py"><Filter>Python\src\core\characters</Filter></None><None Include="Python\src\core\characters\character_rig_state.py"><Filter>Python\src\core\characters</Filter></None><None Include="Python\src\core\characters\character_validation_report.py"><Filter>Python\src\core\characters</Filter></None><None Include="Python\src\core\characters\creature_appearance.py"><Filter>Python\src\core\characters</Filter></None><None Include="Python\src\core\characters\creature_package_builder.py"><Filter>Python\src\core\characters</Filter></None><None Include="Python\src\core\characters\custom_rigged_character_behavior_service.py"><Filter>Python\src\core\characters</Filter></None><None Include="Python\src\core\characters\custom_rigged_character_build_service.py"><Filter>Python\src\core\characters</Filter></None><None Include="Python\src\core\characters\custom_rigged_character_import_service.py"><Filter>Python\src\core\characters</Filter></None><None Include="Python\src\core\characters\custom_rigged_character_packaging_service.py"><Filter>Python\src\core\characters</Filter></None><None Include="Python\src\core\characters\facial_rig_qa.py"><Filter>Python\src\core\characters</Filter></None><None Include="Python\src\core\characters\head_art_anatomy.py"><Filter>Python\src\core\characters</Filter></None><None Include="Python\src\core\characters\head_attachment_preview.py"><Filter>Python\src\core\characters</Filter></None><None Include="Python\src\core\characters\head_builder_project.py"><Filter>Python\src\core\characters</Filter></None><None Include="Python\src\core\characters\head_builder_service.py"><Filter>Python\src\core\characters</Filter></None><None Include="Python\src\core\characters\head_component_catalog.py"><Filter>Python\src\core\characters</Filter></None><None Include="Python\src\core\characters\head_donor_snapshot.py"><Filter>Python\src\core\characters</Filter></None><None Include="Python\src\core\characters\head_facial_transplant.py"><Filter>Python\src\core\characters</Filter></None><None Include="Python\src\core\characters\head_geometry_transplant.py"><Filter>Python\src\core\characters</Filter></None><None Include="Python\src\core\characters\head_texture_materials.py"><Filter>Python\src\core\characters</Filter></None><None Include="Python\src\core\characters\head_workflow.py"><Filter>Python\src\core\characters</Filter></None><None Include="Python\src\core\characters\headless_body_workflow.py"><Filter>Python\src\core\characters</Filter></None><None Include="Python\src\core\characters\kotor_constants.py"><Filter>Python\src\core\characters</Filter></None><None Include="Python\src\core\characters\native_skeleton.py"><Filter>Python\src\core\characters</Filter></None><None Include="Python\src\core\characters\rig_session.py"><Filter>Python\src\core\characters</Filter></None><None Include="Python\src\core\retargeting\__init__.py"><Filter>Python\src\core\retargeting</Filter></None><None Include="Python\src\core\retargeting\animation_injector.py"><Filter>Python\src\core\retargeting</Filter></None><None Include="Python\src\core\retargeting\apose_compatibility.py"><Filter>Python\src\core\retargeting</Filter></None><None Include="Python\src\core\retargeting\aurora_animation_writer.py"><Filter>Python\src\core\retargeting</Filter></None><None Include="Python\src\core\retargeting\baker.py"><Filter>Python\src\core\retargeting</Filter></None><None Include="Python\src\core\retargeting\blender_animation_injection.py"><Filter>Python\src\core\retargeting</Filter></None><None Include="Python\src\core\retargeting\coordinate.py"><Filter>Python\src\core\retargeting</Filter></None><None Include="Python\src\core\retargeting\coordinate_converter.py"><Filter>Python\src\core\retargeting</Filter></None><None Include="Python\src\core\retargeting\coordinate_normalizer.py"><Filter>Python\src\core\retargeting</Filter></None><None Include="Python\src\core\retargeting\fbx_backend.py"><Filter>Python\src\core\retargeting</Filter></None><None Include="Python\src\core\retargeting\fbx_exporter.py"><Filter>Python\src\core\retargeting</Filter></None><None Include="Python\src\core\retargeting\fbx_importer.py"><Filter>Python\src\core\retargeting</Filter></None><None Include="Python\src\core\retargeting\kotor_source_animation.py"><Filter>Python\src\core\retargeting</Filter></None><None Include="Python\src\core\retargeting\kotor_to_kotor_preview.py"><Filter>Python\src\core\retargeting</Filter></None><None Include="Python\src\core\retargeting\kotor_to_unreal_preview.py"><Filter>Python\src\core\retargeting</Filter></None><None Include="Python\src\core\retargeting\kotor_to_unreal_solver.py"><Filter>Python\src\core\retargeting</Filter></None><None Include="Python\src\core\retargeting\mesh_loader.py"><Filter>Python\src\core\retargeting</Filter></None><None Include="Python\src\core\retargeting\mesh_rebinder.py"><Filter>Python\src\core\retargeting</Filter></None><None Include="Python\src\core\retargeting\mixamo_companion_mesh.py"><Filter>Python\src\core\retargeting</Filter></None><None Include="Python\src\core\retargeting\mixamo_source_adapter.py"><Filter>Python\src\core\retargeting</Filter></None><None Include="Python\src\core\retargeting\reference_pose.py"><Filter>Python\src\core\retargeting</Filter></None><None Include="Python\src\core\retargeting\retarget_calibration.py"><Filter>Python\src\core\retargeting</Filter></None><None Include="Python\src\core\retargeting\retarget_frame_audit.py"><Filter>Python\src\core\retargeting</Filter></None><None Include="Python\src\core\retargeting\retarget_frames.py"><Filter>Python\src\core\retargeting</Filter></None><None Include="Python\src\core\retargeting\retarget_mapping.py"><Filter>Python\src\core\retargeting</Filter></None><None Include="Python\src\core\retargeting\retarget_modes.py"><Filter>Python\src\core\retargeting</Filter></None><None Include="Python\src\core\retargeting\retarget_output_naming.py"><Filter>Python\src\core\retargeting</Filter></None><None Include="Python\src\core\retargeting\retarget_preview.py"><Filter>Python\src\core\retargeting</Filter></None><None Include="Python\src\core\retargeting\retarget_preview_export.py"><Filter>Python\src\core\retargeting</Filter></None><None Include="Python\src\core\retargeting\retarget_profile.py"><Filter>Python\src\core\retargeting</Filter></None><None Include="Python\src\core\retargeting\retarget_solve_audit.py"><Filter>Python\src\core\retargeting</Filter></None><None Include="Python\src\core\retargeting\retarget_solver.py"><Filter>Python\src\core\retargeting</Filter></None><None Include="Python\src\core\retargeting\retarget_workbench_readiness.py"><Filter>Python\src\core\retargeting</Filter></None><None Include="Python\src\core\retargeting\reverse_renamer.py"><Filter>Python\src\core\retargeting</Filter></None><None Include="Python\src\core\retargeting\root_motion.py"><Filter>Python\src\core\retargeting</Filter></None><None Include="Python\src\core\retargeting\sampler.py"><Filter>Python\src\core\retargeting</Filter></None><None Include="Python\src\core\retargeting\skeleton_aligner.py"><Filter>Python\src\core\retargeting</Filter></None><None Include="Python\src\core\retargeting\skeleton_renamer.py"><Filter>Python\src\core\retargeting</Filter></None><None Include="Python\src\core\retargeting\source_animation.py"><Filter>Python\src\core\retargeting</Filter></None><None Include="Python\src\core\retargeting\source_skeleton_audit.py"><Filter>Python\src\core\retargeting</Filter></None><None Include="Python\src\core\retargeting\target_skeleton_audit.py"><Filter>Python\src\core\retargeting</Filter></None><None Include="Python\src\core\retargeting\test_utils.py"><Filter>Python\src\core\retargeting</Filter></None><None Include="Python\src\core\retargeting\ue5_source_adapter.py"><Filter>Python\src\core\retargeting</Filter></None><None Include="Python\src\core\retargeting\ue5_to_aurora_r3b_preview.py"><Filter>Python\src\core\retargeting</Filter></None><None Include="Python\src\core\retargeting\ue_fbx_exporter.py"><Filter>Python\src\core\retargeting</Filter></None><None Include="Python\src\core\retargeting\unreal_target_skeleton.py"><Filter>Python\src\core\retargeting</Filter></None><None Include="Python\src\core\scripting\__init__.py"><Filter>Python\src\core\scripting</Filter></None><None Include="Python\src\core\scripting\blueprint_authoring.py"><Filter>Python\src\core\scripting</Filter></None><None Include="Python\src\core\scripting\data_authoring.py"><Filter>Python\src\core\scripting</Filter></None><None Include="Python\src\core\scripting\dialogue_contract.py"><Filter>Python\src\core\scripting</Filter></None><None Include="Python\src\core\scripting\dialogue_participants.py"><Filter>Python\src\core\scripting</Filter></None><None Include="Python\src\core\scripting\packaging.py"><Filter>Python\src\core\scripting</Filter></None><None Include="Python\src\core\scripting\project.py"><Filter>Python\src\core\scripting</Filter></None><None Include="Python\src\core\scripting\quest.py"><Filter>Python\src\core\scripting</Filter></None><None Include="Python\src\core\scripting\reference.py"><Filter>Python\src\core\scripting</Filter></None><None Include="Python\src\core\scripting\studio.py"><Filter>Python\src\core\scripting</Filter></None><None Include="Python\src\core\workflow\__init__.py"><Filter>Python\src\core\workflow</Filter></None><None Include="Python\src\core\workflow\_workflow_base.py"><Filter>Python\src\core\workflow</Filter></None><None Include="Python\src\core\workflow\composite_workflow.py"><Filter>Python\src\core\workflow</Filter></None><None Include="Python\src\core\workflow\legacy_module_repair.py"><Filter>Python\src\core\workflow</Filter></None><None Include="Python\src\core\workflow\legacy_texture_port.py"><Filter>Python\src\core\workflow</Filter></None><None Include="Python\src\core\workflow\map_studio_lightmap_apply.py"><Filter>Python\src\core\workflow</Filter></None><None Include="Python\src\core\workflow\particle_placeable_export.py"><Filter>Python\src\core\workflow</Filter></None><None Include="Python\src\core\workflow\placeable_builder_service.py"><Filter>Python\src\core\workflow</Filter></None><None Include="Python\src\core\workflow\plcaa_manual_proof_kit.py"><Filter>Python\src\core\workflow</Filter></None></ItemGroup><ItemGroup /><ItemGroup /><ItemGroup /><ItemGroup /><ItemGroup /><ItemGroup /><ItemGroup /><ItemGroup /><ItemGroup /><ItemGroup /><ItemGroup /><ItemGroup /><ItemGroup /><ItemGroup /><ItemGroup /><ItemGroup /><ItemGroup /><ItemGroup /><ItemGroup /><ItemGroup /><ItemGroup /><ItemGroup /><ItemGroup /><ItemGroup /><ItemGroup /><ItemGroup /><ItemGroup /><ItemGroup /><ItemGroup /><ItemGroup /><ItemGroup /><ItemGroup /><ItemGroup /><ItemGroup /><ItemGroup /><ItemGroup /><ItemGroup /><ItemGroup /><ItemGroup /><ItemGroup /><ItemGroup /><ItemGroup /><ItemGroup /><ItemGroup /><ItemGroup /><ItemGroup /><ItemGroup /><ItemGroup /><ItemGroup /><ItemGroup /><ItemGroup /><ItemGroup /><ItemGroup /><ItemGroup /><ItemGroup /><ItemGroup /><ItemGroup /><ItemGroup /><ItemGroup /><ItemGroup /><ItemGroup /><ItemGroup /><ItemGroup /><ItemGroup /><ItemGroup /><ItemGroup /><ItemGroup /><ItemGroup /><ItemGroup /><ItemGroup /><ItemGroup /><ItemGroup /><ItemGroup /><ItemGroup /><ItemGroup /><ItemGroup /><ItemGroup /><ItemGroup /><ItemGroup /><ItemGroup /><ItemGroup /><ItemGroup /><ItemGroup /><ItemGroup /><ItemGroup /><ItemGroup /><ItemGroup /><ItemGroup /><ItemGroup /><ItemGroup /><ItemGroup /><ItemGroup /><ItemGroup /><ItemGroup /><ItemGroup /><ItemGroup /><ItemGroup /><ItemGroup /><ItemGroup /><ItemGroup /><ItemGroup /><ItemGroup /><ItemGroup /><ItemGroup /><ItemGroup /><ItemGroup /><ItemGroup /><ItemGroup /><ItemGroup /><ItemGroup /><ItemGroup /><ItemGroup /><ItemGroup /><ItemGroup /><ItemGroup /><ItemGroup /><ItemGroup /><ItemGroup><ResourceCompile Include="GhostRiggerPythonPayload.rc" /></ItemGroup></Project>