<?xml version='1.0' encoding='utf-8'?>
<Project xmlns="http://schemas.microsoft.com/developer/msbuild/2003" ToolsVersion="4.0"><ItemGroup><Filter Include="Private"><UniqueIdentifier>{d36ab09b-95c8-5d8d-a2b0-06454f6dfb75}</UniqueIdentifier></Filter><Filter Include="Private\PythonFunctions"><UniqueIdentifier>{2bfa9ea3-089f-5eef-a239-a84a3f8d1b71}</UniqueIdentifier></Filter><Filter Include="Private\Rendering_Backends_D3D12"><UniqueIdentifier>{2709f3a7-44da-56a6-ae8b-fcfc0a9e0506}</UniqueIdentifier></Filter><Filter Include="Private\Rendering_Backends_D3D12\PythonFunctions"><UniqueIdentifier>{5731d53c-66d7-5a29-9d01-e0b0d2a90ab1}</UniqueIdentifier></Filter><Filter Include="Private\Rendering_Backends_ModernGL"><UniqueIdentifier>{faf00a47-7788-5b86-8b16-af5d5ee93434}</UniqueIdentifier></Filter><Filter Include="Private\Rendering_Backends_ModernGL\PythonFunctions"><UniqueIdentifier>{e77769bc-4a82-530a-b0fd-d785e32be5aa}</UniqueIdentifier></Filter><Filter Include="Private\Rendering_Backends_Null"><UniqueIdentifier>{74bbab6f-c312-59c1-9831-1d8cfd2dbe68}</UniqueIdentifier></Filter><Filter Include="Private\Rendering_Backends_Null\PythonFunctions"><UniqueIdentifier>{8616af60-e658-5f88-a8c8-7b69c139bec7}</UniqueIdentifier></Filter><Filter Include="Private\Rendering_Backends_PyGFX"><UniqueIdentifier>{bc04cc27-465f-5a8b-a219-7e1f136c7271}</UniqueIdentifier></Filter><Filter Include="Private\Rendering_Backends_PyGFX\PythonFunctions"><UniqueIdentifier>{740ddf90-a102-5883-8b85-b81a907cdae9}</UniqueIdentifier></Filter><Filter Include="Private\Rendering_Contracts"><UniqueIdentifier>{8135b773-8175-5f01-81b0-9cecab096125}</UniqueIdentifier></Filter><Filter Include="Private\Rendering_Contracts\PythonFunctions"><UniqueIdentifier>{4f0e4f63-e903-55ee-9534-2f7661f3b77e}</UniqueIdentifier></Filter><Filter Include="Private\Rendering_GPU"><UniqueIdentifier>{e541e71f-5c7b-5642-9295-e1f21720e5ba}</UniqueIdentifier></Filter><Filter Include="Private\Rendering_GPU\PythonFunctions"><UniqueIdentifier>{02aceff9-b1be-5be9-ae8f-ae94fc98a1b8}</UniqueIdentifier></Filter><Filter Include="Private\Rendering_Lighting"><UniqueIdentifier>{c7249681-098f-56f0-b888-abe2b2ee0bec}</UniqueIdentifier></Filter><Filter Include="Private\Rendering_Lighting\PythonFunctions"><UniqueIdentifier>{d6344cfe-08cd-5fe1-9ffb-9da716d439d3}</UniqueIdentifier></Filter><Filter Include="Private\Rendering_Ports"><UniqueIdentifier>{fa751166-4dfe-5085-8c69-7830e7321a1b}</UniqueIdentifier></Filter><Filter Include="Private\Rendering_Ports\PythonFunctions"><UniqueIdentifier>{2584af01-f8ff-58bc-8853-ae949503d733}</UniqueIdentifier></Filter><Filter Include="Private\Rendering_Textures"><UniqueIdentifier>{fd95be8c-b33c-547d-9e16-d70658bad1fa}</UniqueIdentifier></Filter><Filter Include="Private\Rendering_Textures\PythonFunctions"><UniqueIdentifier>{50af756a-0e2c-5f58-83cd-412a52c751e3}</UniqueIdentifier></Filter><Filter Include="Public"><UniqueIdentifier>{814dc311-43c2-55d7-bbfb-af3c1cd2dcd6}</UniqueIdentifier></Filter><Filter Include="Public\PythonFunctions"><UniqueIdentifier>{134a0569-f532-553d-959c-d249a3e3e92d}</UniqueIdentifier></Filter><Filter Include="Public\Rendering_Backends_D3D12"><UniqueIdentifier>{7f136eab-0ed3-5315-8dd7-3df894e336da}</UniqueIdentifier></Filter><Filter Include="Public\Rendering_Backends_D3D12\PythonFunctions"><UniqueIdentifier>{a23be94f-28a4-5dbd-82a7-51b3c51634e1}</UniqueIdentifier></Filter><Filter Include="Public\Rendering_Backends_ModernGL"><UniqueIdentifier>{05d34a29-a0bc-5234-990d-c70f445d8e28}</UniqueIdentifier></Filter><Filter Include="Public\Rendering_Backends_ModernGL\PythonFunctions"><UniqueIdentifier>{29db4d0b-e931-5337-9921-0a74e41e8b1e}</UniqueIdentifier></Filter><Filter Include="Public\Rendering_Backends_Null"><UniqueIdentifier>{08df93d1-cf05-5f76-972a-8e93d3f043e6}</UniqueIdentifier></Filter><Filter Include="Public\Rendering_Backends_Null\PythonFunctions"><UniqueIdentifier>{2229107f-2824-51b1-8cbe-48abcda382a2}</UniqueIdentifier></Filter><Filter Include="Public\Rendering_Backends_PyGFX"><UniqueIdentifier>{4b875872-aa57-50cb-ba1c-8c6a46b6adb0}</UniqueIdentifier></Filter><Filter Include="Public\Rendering_Backends_PyGFX\PythonFunctions"><UniqueIdentifier>{c7b9fef8-ed1b-5481-bed6-06a3c575b501}</UniqueIdentifier></Filter><Filter Include="Public\Rendering_Contracts"><UniqueIdentifier>{04e8dd8f-f2ec-5541-bfb4-ecbc8601c52f}</UniqueIdentifier></Filter><Filter Include="Public\Rendering_Contracts\PythonFunctions"><UniqueIdentifier>{00c57951-e95b-54e8-a9a0-0acce9215894}</UniqueIdentifier></Filter><Filter Include="Public\Rendering_GPU"><UniqueIdentifier>{dcb5a79b-eb8f-5cbf-b8ed-5893d7e4b17a}</UniqueIdentifier></Filter><Filter Include="Public\Rendering_GPU\PythonFunctions"><UniqueIdentifier>{635a2ff3-a0a4-5b4c-a8e1-dd34f4944115}</UniqueIdentifier></Filter><Filter Include="Public\Rendering_Lighting"><UniqueIdentifier>{3317da35-5b0a-50de-9555-97f1191c0f5f}</UniqueIdentifier></Filter><Filter Include="Public\Rendering_Lighting\PythonFunctions"><UniqueIdentifier>{a7f02598-4d46-5658-ad41-9c26b444f0d8}</UniqueIdentifier></Filter><Filter Include="Public\Rendering_Ports"><UniqueIdentifier>{57d3918a-9596-55b3-be52-1ea8a1dd3fff}</UniqueIdentifier></Filter><Filter Include="Public\Rendering_Ports\PythonFunctions"><UniqueIdentifier>{13bd0502-0d50-5b59-b550-a858168a8e53}</UniqueIdentifier></Filter><Filter Include="Public\Rendering_Textures"><UniqueIdentifier>{047a505c-d286-5ca3-8ddd-da2dd8294b55}</UniqueIdentifier></Filter><Filter Include="Public\Rendering_Textures\PythonFunctions"><UniqueIdentifier>{02edb97a-d306-5b76-ac8c-f55b52c6c6d8}</UniqueIdentifier></Filter><Filter Include="Python"><UniqueIdentifier>{53bc7702-37b4-51db-8e03-0ce5e32ad5e5}</UniqueIdentifier></Filter><Filter Include="Python\src"><UniqueIdentifier>{f350a7f3-e6d3-5270-ba17-d0fa682f2f24}</UniqueIdentifier></Filter><Filter Include="Python\src\adapters"><UniqueIdentifier>{c913581c-00eb-5fc3-b1bb-d9108c014922}</UniqueIdentifier></Filter><Filter Include="Python\src\adapters\gpu"><UniqueIdentifier>{d3f5bbd1-d4d9-580a-9ea7-a1421881feec}</UniqueIdentifier></Filter><Filter Include="Python\src\adapters\rendering"><UniqueIdentifier>{0b1ad6ba-d8b6-5623-bd3f-355ef2c6b56f}</UniqueIdentifier></Filter><Filter Include="Python\src\adapters\rendering\pygfx_core"><UniqueIdentifier>{686bac91-c987-5f34-ada6-c928129f8cf4}</UniqueIdentifier></Filter><Filter Include="Python\src\adapters\rendering\wgpu_core"><UniqueIdentifier>{308103c0-2951-5c90-990d-eacaf9e8bb51}</UniqueIdentifier></Filter><Filter Include="Python\src\core"><UniqueIdentifier>{a952a286-bed8-5703-9d0b-9fee57b562a9}</UniqueIdentifier></Filter><Filter Include="Python\src\core\graphics"><UniqueIdentifier>{a23e7bd7-3389-5605-bf4e-8ccbaafb86f3}</UniqueIdentifier></Filter><Filter Include="Python\src\core\lighting"><UniqueIdentifier>{f4f20a8a-6e51-5193-ad57-2afd87bca657}</UniqueIdentifier></Filter><Filter Include="Python\src\core\ports"><UniqueIdentifier>{0113ef2f-0efb-5feb-b519-5aa85092d475}</UniqueIdentifier></Filter><Filter Include="Python\src\core\rendering"><UniqueIdentifier>{aeb337b7-3b0c-5d81-875b-620671ff254e}</UniqueIdentifier></Filter><Filter Include="Python\src\core\rendering\frame_core"><UniqueIdentifier>{a5fae585-b736-5cb0-b2bd-b6b7fa704a00}</UniqueIdentifier></Filter><Filter Include="Python\src\gui"><UniqueIdentifier>{0ff8dd03-b3fb-5ddc-84b0-2e2a71d3ab2d}</UniqueIdentifier></Filter><Filter Include="Python\src\gui\rendering"><UniqueIdentifier>{9b63fd20-efdc-5f95-b339-bcd0e528073d}</UniqueIdentifier></Filter><Filter Include="Python\src\gui\rendering\wgpu_core"><UniqueIdentifier>{2bd2cf9e-5b9b-52f7-b890-bba815368f1c}</UniqueIdentifier></Filter></ItemGroup><ItemGroup><ClCompile Include="Private\GhostRiggerRendering.cpp"><Filter>Private</Filter></ClCompile><ClCompile Include="Private\RenderingContracts.cpp"><Filter>Private</Filter></ClCompile><ClCompile Include="Private\PythonFunctions\ClassMethods.cpp"><Filter>Private\PythonFunctions</Filter></ClCompile><ClCompile Include="Private\PythonFunctions\InstanceMethods.cpp"><Filter>Private\PythonFunctions</Filter></ClCompile><ClCompile Include="Private\PythonFunctions\ModuleFunctions.cpp"><Filter>Private\PythonFunctions</Filter></ClCompile><ClCompile Include="Private\PythonFunctions\NestedFunctions.cpp"><Filter>Private\PythonFunctions</Filter></ClCompile><ClCompile Include="Private\PythonFunctions\Properties.cpp"><Filter>Private\PythonFunctions</Filter></ClCompile><ClCompile Include="Private\PythonFunctions\StaticMethods.cpp"><Filter>Private\PythonFunctions</Filter></ClCompile><ClCompile Include="Private\Rendering_Backends_D3D12\PythonFunctions\ClassMethods.cpp"><Filter>Private\Rendering_Backends_D3D12\PythonFunctions</Filter></ClCompile><ClCompile Include="Private\Rendering_Backends_D3D12\PythonFunctions\InstanceMethods.cpp"><Filter>Private\Rendering_Backends_D3D12\PythonFunctions</Filter></ClCompile><ClCompile Include="Private\Rendering_Backends_D3D12\PythonFunctions\ModuleFunctions.cpp"><Filter>Private\Rendering_Backends_D3D12\PythonFunctions</Filter></ClCompile><ClCompile Include="Private\Rendering_Backends_D3D12\PythonFunctions\NestedFunctions.cpp"><Filter>Private\Rendering_Backends_D3D12\PythonFunctions</Filter></ClCompile><ClCompile Include="Private\Rendering_Backends_D3D12\PythonFunctions\Properties.cpp"><Filter>Private\Rendering_Backends_D3D12\PythonFunctions</Filter></ClCompile><ClCompile Include="Private\Rendering_Backends_ModernGL\PythonFunctions\ClassMethods.cpp"><Filter>Private\Rendering_Backends_ModernGL\PythonFunctions</Filter></ClCompile><ClCompile Include="Private\Rendering_Backends_ModernGL\PythonFunctions\InstanceMethods.cpp"><Filter>Private\Rendering_Backends_ModernGL\PythonFunctions</Filter></ClCompile><ClCompile Include="Private\Rendering_Backends_ModernGL\PythonFunctions\ModuleFunctions.cpp"><Filter>Private\Rendering_Backends_ModernGL\PythonFunctions</Filter></ClCompile><ClCompile Include="Private\Rendering_Backends_ModernGL\PythonFunctions\NestedFunctions.cpp"><Filter>Private\Rendering_Backends_ModernGL\PythonFunctions</Filter></ClCompile><ClCompile Include="Private\Rendering_Backends_ModernGL\PythonFunctions\Properties.cpp"><Filter>Private\Rendering_Backends_ModernGL\PythonFunctions</Filter></ClCompile><ClCompile Include="Private\Rendering_Backends_ModernGL\PythonFunctions\StaticMethods.cpp"><Filter>Private\Rendering_Backends_ModernGL\PythonFunctions</Filter></ClCompile><ClCompile Include="Private\Rendering_Backends_Null\PythonFunctions\ClassMethods.cpp"><Filter>Private\Rendering_Backends_Null\PythonFunctions</Filter></ClCompile><ClCompile Include="Private\Rendering_Backends_Null\PythonFunctions\InstanceMethods.cpp"><Filter>Private\Rendering_Backends_Null\PythonFunctions</Filter></ClCompile><ClCompile Include="Private\Rendering_Backends_PyGFX\PythonFunctions\ClassMethods.cpp"><Filter>Private\Rendering_Backends_PyGFX\PythonFunctions</Filter></ClCompile><ClCompile Include="Private\Rendering_Backends_PyGFX\PythonFunctions\InstanceMethods.cpp"><Filter>Private\Rendering_Backends_PyGFX\PythonFunctions</Filter></ClCompile><ClCompile Include="Private\Rendering_Backends_PyGFX\PythonFunctions\ModuleFunctions.cpp"><Filter>Private\Rendering_Backends_PyGFX\PythonFunctions</Filter></ClCompile><ClCompile Include="Private\Rendering_Backends_PyGFX\PythonFunctions\NestedFunctions.cpp"><Filter>Private\Rendering_Backends_PyGFX\PythonFunctions</Filter></ClCompile><ClCompile Include="Private\Rendering_Backends_PyGFX\PythonFunctions\StaticMethods.cpp"><Filter>Private\Rendering_Backends_PyGFX\PythonFunctions</Filter></ClCompile><ClCompile Include="Private\Rendering_Contracts\PythonFunctions\ClassMethods.cpp"><Filter>Private\Rendering_Contracts\PythonFunctions</Filter></ClCompile><ClCompile Include="Private\Rendering_Contracts\PythonFunctions\InstanceMethods.cpp"><Filter>Private\Rendering_Contracts\PythonFunctions</Filter></ClCompile><ClCompile Include="Private\Rendering_Contracts\PythonFunctions\ModuleFunctions.cpp"><Filter>Private\Rendering_Contracts\PythonFunctions</Filter></ClCompile><ClCompile Include="Private\Rendering_Contracts\PythonFunctions\Properties.cpp"><Filter>Private\Rendering_Contracts\PythonFunctions</Filter></ClCompile><ClCompile Include="Private\Rendering_Contracts\PythonFunctions\StaticMethods.cpp"><Filter>Private\Rendering_Contracts\PythonFunctions</Filter></ClCompile><ClCompile Include="Private\Rendering_Contracts\RendererCapabilityContracts.cpp"><Filter>Private\Rendering_Contracts</Filter></ClCompile><ClCompile Include="Private\Rendering_GPU\GpuAdapterContracts.cpp"><Filter>Private\Rendering_GPU</Filter></ClCompile><ClCompile Include="Private\Rendering_GPU\PythonFunctions\InstanceMethods.cpp"><Filter>Private\Rendering_GPU\PythonFunctions</Filter></ClCompile><ClCompile Include="Private\Rendering_GPU\PythonFunctions\ModuleFunctions.cpp"><Filter>Private\Rendering_GPU\PythonFunctions</Filter></ClCompile><ClCompile Include="Private\Rendering_Lighting\PythonFunctions\ClassMethods.cpp"><Filter>Private\Rendering_Lighting\PythonFunctions</Filter></ClCompile><ClCompile Include="Private\Rendering_Lighting\PythonFunctions\InstanceMethods.cpp"><Filter>Private\Rendering_Lighting\PythonFunctions</Filter></ClCompile><ClCompile Include="Private\Rendering_Lighting\PythonFunctions\ModuleFunctions.cpp"><Filter>Private\Rendering_Lighting\PythonFunctions</Filter></ClCompile><ClCompile Include="Private\Rendering_Lighting\PythonFunctions\NestedFunctions.cpp"><Filter>Private\Rendering_Lighting\PythonFunctions</Filter></ClCompile><ClCompile Include="Private\Rendering_Lighting\PythonFunctions\Properties.cpp"><Filter>Private\Rendering_Lighting\PythonFunctions</Filter></ClCompile><ClCompile Include="Private\Rendering_Lighting\PythonFunctions\StaticMethods.cpp"><Filter>Private\Rendering_Lighting\PythonFunctions</Filter></ClCompile><ClCompile Include="Private\Rendering_Ports\PythonFunctions\InstanceMethods.cpp"><Filter>Private\Rendering_Ports\PythonFunctions</Filter></ClCompile><ClCompile Include="Private\Rendering_Textures\PythonFunctions\InstanceMethods.cpp"><Filter>Private\Rendering_Textures\PythonFunctions</Filter></ClCompile><ClCompile Include="Private\Rendering_Textures\PythonFunctions\ModuleFunctions.cpp"><Filter>Private\Rendering_Textures\PythonFunctions</Filter></ClCompile><ClCompile Include="Private\Rendering_Textures\PythonFunctions\NestedFunctions.cpp"><Filter>Private\Rendering_Textures\PythonFunctions</Filter></ClCompile><ClCompile Include="Private\Rendering_Textures\PythonFunctions\Properties.cpp"><Filter>Private\Rendering_Textures\PythonFunctions</Filter></ClCompile><ClCompile Include="Private\Rendering_Textures\PythonFunctions\StaticMethods.cpp"><Filter>Private\Rendering_Textures\PythonFunctions</Filter></ClCompile></ItemGroup><ItemGroup /><ItemGroup /><ItemGroup /><ItemGroup /><ItemGroup /><ItemGroup /><ItemGroup /><ItemGroup /><ItemGroup /><ItemGroup /><ItemGroup /><ItemGroup /><ItemGroup /><ItemGroup /><ItemGroup /><ItemGroup /><ItemGroup /><ItemGroup /><ItemGroup /><ItemGroup /><ItemGroup /><ItemGroup /><ItemGroup /><ItemGroup /><ItemGroup /><ItemGroup /><ItemGroup /><ItemGroup /><ItemGroup /><ItemGroup /><ItemGroup /><ItemGroup /><ItemGroup /><ItemGroup /><ItemGroup /><ItemGroup /><ItemGroup /><ItemGroup /><ItemGroup /><ItemGroup /><ItemGroup /><ItemGroup /><ItemGroup /><ItemGroup /><ItemGroup /><ItemGroup /><ItemGroup><ClInclude Include="Public\GhostRiggerRendering.h"><Filter>Public</Filter></ClInclude><ClInclude Include="Public\RenderingContracts.h"><Filter>Public</Filter></ClInclude><ClInclude Include="Public\PythonFunctions\ClassMethods.h"><Filter>Public\PythonFunctions</Filter></ClInclude><ClInclude Include="Public\PythonFunctions\InstanceMethods.h"><Filter>Public\PythonFunctions</Filter></ClInclude><ClInclude Include="Public\PythonFunctions\ModuleFunctions.h"><Filter>Public\PythonFunctions</Filter></ClInclude><ClInclude Include="Public\PythonFunctions\NestedFunctions.h"><Filter>Public\PythonFunctions</Filter></ClInclude><ClInclude Include="Public\PythonFunctions\Properties.h"><Filter>Public\PythonFunctions</Filter></ClInclude><ClInclude Include="Public\PythonFunctions\StaticMethods.h"><Filter>Public\PythonFunctions</Filter></ClInclude><ClInclude Include="Public\Rendering_Backends_D3D12\GhostRiggerRendererD3D12.h"><Filter>Public\Rendering_Backends_D3D12</Filter></ClInclude><ClInclude Include="Public\Rendering_Backends_D3D12\PythonFunctions\ClassMethods.h"><Filter>Public\Rendering_Backends_D3D12\PythonFunctions</Filter></ClInclude><ClInclude Include="Public\Rendering_Backends_D3D12\PythonFunctions\InstanceMethods.h"><Filter>Public\Rendering_Backends_D3D12\PythonFunctions</Filter></ClInclude><ClInclude Include="Public\Rendering_Backends_D3D12\PythonFunctions\ModuleFunctions.h"><Filter>Public\Rendering_Backends_D3D12\PythonFunctions</Filter></ClInclude><ClInclude Include="Public\Rendering_Backends_D3D12\PythonFunctions\NestedFunctions.h"><Filter>Public\Rendering_Backends_D3D12\PythonFunctions</Filter></ClInclude><ClInclude Include="Public\Rendering_Backends_D3D12\PythonFunctions\Properties.h"><Filter>Public\Rendering_Backends_D3D12\PythonFunctions</Filter></ClInclude><ClInclude Include="Public\Rendering_Backends_ModernGL\GhostRiggerRendererModernGL.h"><Filter>Public\Rendering_Backends_ModernGL</Filter></ClInclude><ClInclude Include="Public\Rendering_Backends_ModernGL\PythonFunctions\ClassMethods.h"><Filter>Public\Rendering_Backends_ModernGL\PythonFunctions</Filter></ClInclude><ClInclude Include="Public\Rendering_Backends_ModernGL\PythonFunctions\InstanceMethods.h"><Filter>Public\Rendering_Backends_ModernGL\PythonFunctions</Filter></ClInclude><ClInclude Include="Public\Rendering_Backends_ModernGL\PythonFunctions\ModuleFunctions.h"><Filter>Public\Rendering_Backends_ModernGL\PythonFunctions</Filter></ClInclude><ClInclude Include="Public\Rendering_Backends_ModernGL\PythonFunctions\NestedFunctions.h"><Filter>Public\Rendering_Backends_ModernGL\PythonFunctions</Filter></ClInclude><ClInclude Include="Public\Rendering_Backends_ModernGL\PythonFunctions\Properties.h"><Filter>Public\Rendering_Backends_ModernGL\PythonFunctions</Filter></ClInclude><ClInclude Include="Public\Rendering_Backends_ModernGL\PythonFunctions\StaticMethods.h"><Filter>Public\Rendering_Backends_ModernGL\PythonFunctions</Filter></ClInclude><ClInclude Include="Public\Rendering_Backends_Null\GhostRiggerRendererNull.h"><Filter>Public\Rendering_Backends_Null</Filter></ClInclude><ClInclude Include="Public\Rendering_Backends_Null\PythonFunctions\ClassMethods.h"><Filter>Public\Rendering_Backends_Null\PythonFunctions</Filter></ClInclude><ClInclude Include="Public\Rendering_Backends_Null\PythonFunctions\InstanceMethods.h"><Filter>Public\Rendering_Backends_Null\PythonFunctions</Filter></ClInclude><ClInclude Include="Public\Rendering_Backends_PyGFX\GhostRiggerRendererPyGFX.h"><Filter>Public\Rendering_Backends_PyGFX</Filter></ClInclude><ClInclude Include="Public\Rendering_Backends_PyGFX\PythonFunctions\ClassMethods.h"><Filter>Public\Rendering_Backends_PyGFX\PythonFunctions</Filter></ClInclude><ClInclude Include="Public\Rendering_Backends_PyGFX\PythonFunctions\InstanceMethods.h"><Filter>Public\Rendering_Backends_PyGFX\PythonFunctions</Filter></ClInclude><ClInclude Include="Public\Rendering_Backends_PyGFX\PythonFunctions\ModuleFunctions.h"><Filter>Public\Rendering_Backends_PyGFX\PythonFunctions</Filter></ClInclude><ClInclude Include="Public\Rendering_Backends_PyGFX\PythonFunctions\NestedFunctions.h"><Filter>Public\Rendering_Backends_PyGFX\PythonFunctions</Filter></ClInclude><ClInclude Include="Public\Rendering_Backends_PyGFX\PythonFunctions\StaticMethods.h"><Filter>Public\Rendering_Backends_PyGFX\PythonFunctions</Filter></ClInclude><ClInclude Include="Public\Rendering_Contracts\GhostRiggerRendererContracts.h"><Filter>Public\Rendering_Contracts</Filter></ClInclude><ClInclude Include="Public\Rendering_Contracts\PythonFunctions\ClassMethods.h"><Filter>Public\Rendering_Contracts\PythonFunctions</Filter></ClInclude><ClInclude Include="Public\Rendering_Contracts\PythonFunctions\InstanceMethods.h"><Filter>Public\Rendering_Contracts\PythonFunctions</Filter></ClInclude><ClInclude Include="Public\Rendering_Contracts\PythonFunctions\ModuleFunctions.h"><Filter>Public\Rendering_Contracts\PythonFunctions</Filter></ClInclude><ClInclude Include="Public\Rendering_Contracts\PythonFunctions\Properties.h"><Filter>Public\Rendering_Contracts\PythonFunctions</Filter></ClInclude><ClInclude Include="Public\Rendering_Contracts\PythonFunctions\StaticMethods.h"><Filter>Public\Rendering_Contracts\PythonFunctions</Filter></ClInclude><ClInclude Include="Public\Rendering_Contracts\RendererCapabilityContracts.h"><Filter>Public\Rendering_Contracts</Filter></ClInclude><ClInclude Include="Public\Rendering_GPU\GhostRiggerCoreRenderingGPU.h"><Filter>Public\Rendering_GPU</Filter></ClInclude><ClInclude Include="Public\Rendering_GPU\GpuAdapterContracts.h"><Filter>Public\Rendering_GPU</Filter></ClInclude><ClInclude Include="Public\Rendering_GPU\PythonFunctions\InstanceMethods.h"><Filter>Public\Rendering_GPU\PythonFunctions</Filter></ClInclude><ClInclude Include="Public\Rendering_GPU\PythonFunctions\ModuleFunctions.h"><Filter>Public\Rendering_GPU\PythonFunctions</Filter></ClInclude><ClInclude Include="Public\Rendering_Lighting\GhostRiggerLighting.h"><Filter>Public\Rendering_Lighting</Filter></ClInclude><ClInclude Include="Public\Rendering_Lighting\PythonFunctions\ClassMethods.h"><Filter>Public\Rendering_Lighting\PythonFunctions</Filter></ClInclude><ClInclude Include="Public\Rendering_Lighting\PythonFunctions\InstanceMethods.h"><Filter>Public\Rendering_Lighting\PythonFunctions</Filter></ClInclude><ClInclude Include="Public\Rendering_Lighting\PythonFunctions\ModuleFunctions.h"><Filter>Public\Rendering_Lighting\PythonFunctions</Filter></ClInclude><ClInclude Include="Public\Rendering_Lighting\PythonFunctions\NestedFunctions.h"><Filter>Public\Rendering_Lighting\PythonFunctions</Filter></ClInclude><ClInclude Include="Public\Rendering_Lighting\PythonFunctions\Properties.h"><Filter>Public\Rendering_Lighting\PythonFunctions</Filter></ClInclude><ClInclude Include="Public\Rendering_Lighting\PythonFunctions\StaticMethods.h"><Filter>Public\Rendering_Lighting\PythonFunctions</Filter></ClInclude><ClInclude Include="Public\Rendering_Ports\GhostRiggerPorts.h"><Filter>Public\Rendering_Ports</Filter></ClInclude><ClInclude Include="Public\Rendering_Ports\PythonFunctions\InstanceMethods.h"><Filter>Public\Rendering_Ports\PythonFunctions</Filter></ClInclude><ClInclude Include="Public\Rendering_Textures\GhostRiggerGraphics.h"><Filter>Public\Rendering_Textures</Filter></ClInclude><ClInclude Include="Public\Rendering_Textures\PythonFunctions\InstanceMethods.h"><Filter>Public\Rendering_Textures\PythonFunctions</Filter></ClInclude><ClInclude Include="Public\Rendering_Textures\PythonFunctions\ModuleFunctions.h"><Filter>Public\Rendering_Textures\PythonFunctions</Filter></ClInclude><ClInclude Include="Public\Rendering_Textures\PythonFunctions\NestedFunctions.h"><Filter>Public\Rendering_Textures\PythonFunctions</Filter></ClInclude><ClInclude Include="Public\Rendering_Textures\PythonFunctions\Properties.h"><Filter>Public\Rendering_Textures\PythonFunctions</Filter></ClInclude><ClInclude Include="Public\Rendering_Textures\PythonFunctions\StaticMethods.h"><Filter>Public\Rendering_Textures\PythonFunctions</Filter></ClInclude></ItemGroup><ItemGroup /><ItemGroup /><ItemGroup /><ItemGroup /><ItemGroup /><ItemGroup /><ItemGroup /><ItemGroup /><ItemGroup /><ItemGroup /><ItemGroup /><ItemGroup /><ItemGroup /><ItemGroup /><ItemGroup /><ItemGroup /><ItemGroup /><ItemGroup /><ItemGroup /><ItemGroup /><ItemGroup /><ItemGroup /><ItemGroup /><ItemGroup /><ItemGroup /><ItemGroup /><ItemGroup /><ItemGroup /><ItemGroup /><ItemGroup /><ItemGroup /><ItemGroup /><ItemGroup /><ItemGroup /><ItemGroup /><ItemGroup /><ItemGroup /><ItemGroup /><ItemGroup /><ItemGroup /><ItemGroup /><ItemGroup /><ItemGroup /><ItemGroup /><ItemGroup /><ItemGroup /><ItemGroup /><ItemGroup /><ItemGroup /><ItemGroup /><ItemGroup /><ItemGroup /><ItemGroup /><ItemGroup /><ItemGroup /><ItemGroup><None Include="GhostRiggerPythonPayload.json" /><None Include="GeneratePythonPayload.py" /><None Include="Python\src\adapters\gpu\__init__.py"><Filter>Python\src\adapters\gpu</Filter></None><None Include="Python\src\adapters\gpu\lightmap_baker.py"><Filter>Python\src\adapters\gpu</Filter></None><None Include="Python\src\adapters\gpu\lightmap_gpu_solver.py"><Filter>Python\src\adapters\gpu</Filter></None><None Include="Python\src\adapters\gpu\moderngl_context.py"><Filter>Python\src\adapters\gpu</Filter></None><None Include="Python\src\adapters\gpu\moderngl_runtime.py"><Filter>Python\src\adapters\gpu</Filter></None><None Include="Python\src\adapters\gpu\viewport_probe.py"><Filter>Python\src\adapters\gpu</Filter></None><None Include="Python\src\adapters\rendering\direct3d_renderer.py"><Filter>Python\src\adapters\rendering</Filter></None><None Include="Python\src\adapters\rendering\gpu_renderer_exports.py"><Filter>Python\src\adapters\rendering</Filter></None><None Include="Python\src\adapters\rendering\mesh_render_data.py"><Filter>Python\src\adapters\rendering</Filter></None><None Include="Python\src\adapters\rendering\moderngl_benchmark.py"><Filter>Python\src\adapters\rendering</Filter></None><None Include="Python\src\adapters\rendering\moderngl_bloom.py"><Filter>Python\src\adapters\rendering</Filter></None><None Include="Python\src\adapters\rendering\moderngl_cli.py"><Filter>Python\src\adapters\rendering</Filter></None><None Include="Python\src\adapters\rendering\moderngl_legacy_bridge.py"><Filter>Python\src\adapters\rendering</Filter></None><None Include="Python\src\adapters\rendering\moderngl_particles.py"><Filter>Python\src\adapters\rendering</Filter></None><None Include="Python\src\adapters\rendering\moderngl_renderer.py"><Filter>Python\src\adapters\rendering</Filter></None><None Include="Python\src\adapters\rendering\moderngl_renderer_impl.py"><Filter>Python\src\adapters\rendering</Filter></None><None Include="Python\src\adapters\rendering\moderngl_resources.py"><Filter>Python\src\adapters\rendering</Filter></None><None Include="Python\src\adapters\rendering\moderngl_scene_helpers.py"><Filter>Python\src\adapters\rendering</Filter></None><None Include="Python\src\adapters\rendering\null_renderer.py"><Filter>Python\src\adapters\rendering</Filter></None><None Include="Python\src\adapters\rendering\pygfx_core\__init__.py"><Filter>Python\src\adapters\rendering\pygfx_core</Filter></None><None Include="Python\src\adapters\rendering\pygfx_core\backend_env.py"><Filter>Python\src\adapters\rendering\pygfx_core</Filter></None><None Include="Python\src\adapters\rendering\pygfx_core\mesh_cache.py"><Filter>Python\src\adapters\rendering\pygfx_core</Filter></None><None Include="Python\src\adapters\rendering\pygfx_core\renderer.py"><Filter>Python\src\adapters\rendering\pygfx_core</Filter></None><None Include="Python\src\adapters\rendering\pygfx_core\scene_bridge.py"><Filter>Python\src\adapters\rendering\pygfx_core</Filter></None><None Include="Python\src\adapters\rendering\pygfx_renderer_exports.py"><Filter>Python\src\adapters\rendering</Filter></None><None Include="Python\src\adapters\rendering\renderer_factory.py"><Filter>Python\src\adapters\rendering</Filter></None><None Include="Python\src\adapters\rendering\wgpu_core\__init__.py"><Filter>Python\src\adapters\rendering\wgpu_core</Filter></None><None Include="Python\src\adapters\rendering\wgpu_core\renderer.py"><Filter>Python\src\adapters\rendering\wgpu_core</Filter></None><None Include="Python\src\adapters\rendering\wgpu_core\resources.py"><Filter>Python\src\adapters\rendering\wgpu_core</Filter></None><None Include="Python\src\adapters\rendering\wgpu_core\shared.py"><Filter>Python\src\adapters\rendering\wgpu_core</Filter></None><None Include="Python\src\adapters\rendering\wgpu_renderer_exports.py"><Filter>Python\src\adapters\rendering</Filter></None><None Include="Python\src\core\graphics\__init__.py"><Filter>Python\src\core\graphics</Filter></None><None Include="Python\src\core\graphics\tex_atlas.py"><Filter>Python\src\core\graphics</Filter></None><None Include="Python\src\core\graphics\tpc.py"><Filter>Python\src\core\graphics</Filter></None><None Include="Python\src\core\graphics\tpc_render_utils.py"><Filter>Python\src\core\graphics</Filter></None><None Include="Python\src\core\graphics\txi.py"><Filter>Python\src\core\graphics</Filter></None><None Include="Python\src\core\lighting\__init__.py"><Filter>Python\src\core\lighting</Filter></None><None Include="Python\src\core\lighting\aurora_light_adapter.py"><Filter>Python\src\core\lighting</Filter></None><None Include="Python\src\core\lighting\light_export_bridge.py"><Filter>Python\src\core\lighting</Filter></None><None Include="Python\src\core\lighting\light_gizmo_renderer.py"><Filter>Python\src\core\lighting</Filter></None><None Include="Python\src\core\lighting\light_grouping.py"><Filter>Python\src\core\lighting</Filter></None><None Include="Python\src\core\lighting\light_manager.py"><Filter>Python\src\core\lighting</Filter></None><None Include="Python\src\core\lighting\light_model.py"><Filter>Python\src\core\lighting</Filter></None><None Include="Python\src\core\lighting\light_picker.py"><Filter>Python\src\core\lighting</Filter></None><None Include="Python\src\core\lighting\light_selection.py"><Filter>Python\src\core\lighting</Filter></None><None Include="Python\src\core\lighting\light_types.py"><Filter>Python\src\core\lighting</Filter></None><None Include="Python\src\core\lighting\lighting_rig_presets.py"><Filter>Python\src\core\lighting</Filter></None><None Include="Python\src\core\lighting\lightmap_bake_job.py"><Filter>Python\src\core\lighting</Filter></None><None Include="Python\src\core\lighting\lightmap_bake_settings.py"><Filter>Python\src\core\lighting</Filter></None><None Include="Python\src\core\lighting\lightmap_baker.py"><Filter>Python\src\core\lighting</Filter></None><None Include="Python\src\core\lighting\lightmap_compare.py"><Filter>Python\src\core\lighting</Filter></None><None Include="Python\src\core\lighting\lightmap_controller.py"><Filter>Python\src\core\lighting</Filter></None><None Include="Python\src\core\lighting\lightmap_denoiser.py"><Filter>Python\src\core\lighting</Filter></None><None Include="Python\src\core\lighting\lightmap_export_bridge.py"><Filter>Python\src\core\lighting</Filter></None><None Include="Python\src\core\lighting\lightmap_lighting_solver.py"><Filter>Python\src\core\lighting</Filter></None><None Include="Python\src\core\lighting\lightmap_manifest.py"><Filter>Python\src\core\lighting</Filter></None><None Include="Python\src\core\lighting\lightmap_output.py"><Filter>Python\src\core\lighting</Filter></None><None Include="Python\src\core\lighting\lightmap_padding.py"><Filter>Python\src\core\lighting</Filter></None><None Include="Python\src\core\lighting\lightmap_rasterizer.py"><Filter>Python\src\core\lighting</Filter></None><None Include="Python\src\core\lighting\lightmap_sampler.py"><Filter>Python\src\core\lighting</Filter></None><None Include="Python\src\core\lighting\lightmap_shadow_solver.py"><Filter>Python\src\core\lighting</Filter></None><None Include="Python\src\core\lighting\lightmap_uv_validator.py"><Filter>Python\src\core\lighting</Filter></None><None Include="Python\src\core\lighting\material_map_controller.py"><Filter>Python\src\core\lighting</Filter></None><None Include="Python\src\core\lighting\particle_emitter.py"><Filter>Python\src\core\lighting</Filter></None><None Include="Python\src\core\lighting\preview_cache.py"><Filter>Python\src\core\lighting</Filter></None><None Include="Python\src\core\lighting\raycast_backend.py"><Filter>Python\src\core\lighting</Filter></None><None Include="Python\src\core\lighting\render_data.py"><Filter>Python\src\core\lighting</Filter></None><None Include="Python\src\core\lighting\settings.py"><Filter>Python\src\core\lighting</Filter></None><None Include="Python\src\core\lighting\shader_complexity.py"><Filter>Python\src\core\lighting</Filter></None><None Include="Python\src\core\lighting\uv_atlas_generator.py"><Filter>Python\src\core\lighting</Filter></None><None Include="Python\src\core\lighting\uv_channel_info.py"><Filter>Python\src\core\lighting</Filter></None><None Include="Python\src\core\particles\__init__.py"><Filter>Python\src\core\particles</Filter></None><None Include="Python\src\core\particles\emitter_data.py"><Filter>Python\src\core\particles</Filter></None><None Include="Python\src\core\particles\emitter_library.py"><Filter>Python\src\core\particles</Filter></None><None Include="Python\src\core\particles\simulation.py"><Filter>Python\src\core\particles</Filter></None><None Include="Python\src\core\ports\__init__.py"><Filter>Python\src\core\ports</Filter></None><None Include="Python\src\core\ports\files.py"><Filter>Python\src\core\ports</Filter></None><None Include="Python\src\core\ports\resources.py"><Filter>Python\src\core\ports</Filter></None><None Include="Python\src\core\ports\scripts.py"><Filter>Python\src\core\ports</Filter></None><None Include="Python\src\core\ports\textures.py"><Filter>Python\src\core\ports</Filter></None><None Include="Python\src\core\ports\viewport_renderer.py"><Filter>Python\src\core\ports</Filter></None><None Include="Python\src\core\rendering\__init__.py"><Filter>Python\src\core\rendering</Filter></None><None Include="Python\src\core\rendering\_native.py"><Filter>Python\src\core\rendering</Filter></None><None Include="Python\src\core\rendering\accel.py"><Filter>Python\src\core\rendering</Filter></None><None Include="Python\src\core\rendering\color_utils.py"><Filter>Python\src\core\rendering</Filter></None><None Include="Python\src\core\rendering\frame_core\__init__.py"><Filter>Python\src\core\rendering\frame_core</Filter></None><None Include="Python\src\core\rendering\frame_core\colors.py"><Filter>Python\src\core\rendering\frame_core</Filter></None><None Include="Python\src\core\rendering\frame_core\dependencies.py"><Filter>Python\src\core\rendering\frame_core</Filter></None><None Include="Python\src\core\rendering\frame_core\diagnostics.py"><Filter>Python\src\core\rendering\frame_core</Filter></None><None Include="Python\src\core\rendering\frame_core\math_helpers.py"><Filter>Python\src\core\rendering\frame_core</Filter></None><None Include="Python\src\core\rendering\frame_core\mixin_imports.py"><Filter>Python\src\core\rendering\frame_core</Filter></None><None Include="Python\src\core\rendering\frame_core\rasterizer.py"><Filter>Python\src\core\rendering\frame_core</Filter></None><None Include="Python\src\core\rendering\frame_core\renderer.py"><Filter>Python\src\core\rendering\frame_core</Filter></None><None Include="Python\src\core\rendering\frame_core\renderer_geometry.py"><Filter>Python\src\core\rendering\frame_core</Filter></None><None Include="Python\src\core\rendering\frame_core\renderer_meshes.py"><Filter>Python\src\core\rendering\frame_core</Filter></None><None Include="Python\src\core\rendering\frame_core\renderer_overlays.py"><Filter>Python\src\core\rendering\frame_core</Filter></None><None Include="Python\src\core\rendering\frame_core\renderer_render_loop.py"><Filter>Python\src\core\rendering\frame_core</Filter></None><None Include="Python\src\core\rendering\frame_core\renderer_setup.py"><Filter>Python\src\core\rendering\frame_core</Filter></None><None Include="Python\src\core\rendering\frame_core\renderer_textures.py"><Filter>Python\src\core\rendering\frame_core</Filter></None><None Include="Python\src\core\rendering\frame_core\texture_cache.py"><Filter>Python\src\core\rendering\frame_core</Filter></None><None Include="Python\src\core\rendering\gpu_debug_tables.py"><Filter>Python\src\core\rendering</Filter></None><None Include="Python\src\core\rendering\gpu_diagnostics_config.py"><Filter>Python\src\core\rendering</Filter></None><None Include="Python\src\core\rendering\gpu_diagnostics_records.py"><Filter>Python\src\core\rendering</Filter></None><None Include="Python\src\core\rendering\gpu_scene_helpers.py"><Filter>Python\src\core\rendering</Filter></None><None Include="Python\src\core\rendering\gpu_shaders.py"><Filter>Python\src\core\rendering</Filter></None><None Include="Python\src\core\rendering\gpu_vbo_layout.py"><Filter>Python\src\core\rendering</Filter></None><None Include="Python\src\core\rendering\hardware_info.py"><Filter>Python\src\core\rendering</Filter></None><None Include="Python\src\core\rendering\kotor_gui_preview.py"><Filter>Python\src\core\rendering</Filter></None><None Include="Python\src\core\rendering\mesh_render_data.py"><Filter>Python\src\core\rendering</Filter></None><None Include="Python\src\core\rendering\picking.py"><Filter>Python\src\core\rendering</Filter></None><None Include="Python\src\core\rendering\renderer_backend.py"><Filter>Python\src\core\rendering</Filter></None><None Include="Python\src\core\rendering\renderer_capabilities.py"><Filter>Python\src\core\rendering</Filter></None><None Include="Python\src\core\rendering\renderer_interface.py"><Filter>Python\src\core\rendering</Filter></None><None Include="Python\src\core\rendering\renderer_performance.py"><Filter>Python\src\core\rendering</Filter></None><None Include="Python\src\core\rendering\renderer_profiler.py"><Filter>Python\src\core\rendering</Filter></None><None Include="Python\src\core\rendering\renderer_settings.py"><Filter>Python\src\core\rendering</Filter></None><None Include="Python\src\core\rendering\skeleton_render_data.py"><Filter>Python\src\core\rendering</Filter></None><None Include="Python\src\core\rendering\viewport_display.py"><Filter>Python\src\core\rendering</Filter></None><None Include="Python\src\core\rendering\viewport_navigation.py"><Filter>Python\src\core\rendering</Filter></None><None Include="Python\src\core\rendering\wgpu_shaders.py"><Filter>Python\src\core\rendering</Filter></None><None Include="Python\src\core\rendering\wgpu_shared.py"><Filter>Python\src\core\rendering</Filter></None><None Include="Python\src\gui\rendering\direct3d_renderer.py"><Filter>Python\src\gui\rendering</Filter></None><None Include="Python\src\gui\rendering\moderngl_renderer.py"><Filter>Python\src\gui\rendering</Filter></None><None Include="Python\src\gui\rendering\null_renderer.py"><Filter>Python\src\gui\rendering</Filter></None><None Include="Python\src\gui\rendering\pygfx_renderer.py"><Filter>Python\src\gui\rendering</Filter></None><None Include="Python\src\gui\rendering\wgpu_core\__init__.py"><Filter>Python\src\gui\rendering\wgpu_core</Filter></None><None Include="Python\src\gui\rendering\wgpu_core\renderer.py"><Filter>Python\src\gui\rendering\wgpu_core</Filter></None><None Include="Python\src\gui\rendering\wgpu_core\resources.py"><Filter>Python\src\gui\rendering\wgpu_core</Filter></None><None Include="Python\src\gui\rendering\wgpu_core\shaders.py"><Filter>Python\src\gui\rendering\wgpu_core</Filter></None><None Include="Python\src\gui\rendering\wgpu_core\shared.py"><Filter>Python\src\gui\rendering\wgpu_core</Filter></None><None Include="Python\src\gui\rendering\wgpu_renderer.py"><Filter>Python\src\gui\rendering</Filter></None></ItemGroup><ItemGroup /><ItemGroup /><ItemGroup /><ItemGroup /><ItemGroup /><ItemGroup /><ItemGroup /><ItemGroup /><ItemGroup /><ItemGroup /><ItemGroup /><ItemGroup /><ItemGroup /><ItemGroup /><ItemGroup /><ItemGroup /><ItemGroup /><ItemGroup /><ItemGroup /><ItemGroup /><ItemGroup /><ItemGroup /><ItemGroup /><ItemGroup /><ItemGroup /><ItemGroup /><ItemGroup /><ItemGroup /><ItemGroup /><ItemGroup /><ItemGroup /><ItemGroup /><ItemGroup /><ItemGroup /><ItemGroup /><ItemGroup /><ItemGroup /><ItemGroup /><ItemGroup /><ItemGroup /><ItemGroup /><ItemGroup /><ItemGroup /><ItemGroup /><ItemGroup /><ItemGroup /><ItemGroup /><ItemGroup /><ItemGroup /><ItemGroup /><ItemGroup /><ItemGroup /><ItemGroup /><ItemGroup /><ItemGroup /><ItemGroup /><ItemGroup /><ItemGroup /><ItemGroup /><ItemGroup /><ItemGroup /><ItemGroup /><ItemGroup /><ItemGroup /><ItemGroup /><ItemGroup /><ItemGroup /><ItemGroup /><ItemGroup /><ItemGroup /><ItemGroup /><ItemGroup /><ItemGroup /><ItemGroup /><ItemGroup /><ItemGroup /><ItemGroup /><ItemGroup /><ItemGroup /><ItemGroup /><ItemGroup /><ItemGroup /><ItemGroup /><ItemGroup /><ItemGroup /><ItemGroup /><ItemGroup /><ItemGroup /><ItemGroup /><ItemGroup /><ItemGroup /><ItemGroup /><ItemGroup /><ItemGroup /><ItemGroup /><ItemGroup /><ItemGroup /><ItemGroup /><ItemGroup /><ItemGroup /><ItemGroup /><ItemGroup /><ItemGroup /><ItemGroup /><ItemGroup /><ItemGroup /><ItemGroup /><ItemGroup /><ItemGroup /><ItemGroup /><ItemGroup /><ItemGroup /><ItemGroup /><ItemGroup /><ItemGroup /><ItemGroup /><ItemGroup /><ItemGroup /><ItemGroup /><ItemGroup /><ItemGroup /><ItemGroup /><ItemGroup /><ItemGroup /><ItemGroup><ResourceCompile Include="GhostRiggerPythonPayload.rc" /></ItemGroup></Project>