<?xml version='1.0' encoding='utf-8'?>
<Project xmlns="http://schemas.microsoft.com/developer/msbuild/2003" ToolsVersion="4.0"><ItemGroup><Filter Include="Private"><UniqueIdentifier>{bb333fd8-3bea-5d95-bc79-c3e15720f3f9}</UniqueIdentifier></Filter><Filter Include="Private\PythonFunctions"><UniqueIdentifier>{49fdc276-99f1-5284-b53b-7c23b95b086a}</UniqueIdentifier></Filter><Filter Include="Private\Resources_Assets"><UniqueIdentifier>{0fde28da-064f-556a-b868-0abfe505907c}</UniqueIdentifier></Filter><Filter Include="Private\Resources_Assets\PythonFunctions"><UniqueIdentifier>{391cb958-d30a-500e-ac5c-aae1683a0461}</UniqueIdentifier></Filter><Filter Include="Private\Resources_Game"><UniqueIdentifier>{fa744de5-9f48-5cd7-b1b2-bda48f90c671}</UniqueIdentifier></Filter><Filter Include="Private\Resources_GameLibrary"><UniqueIdentifier>{78a4ca18-b6b5-5cd0-903b-e1212d74cad4}</UniqueIdentifier></Filter><Filter Include="Private\Resources_GameLibrary\PythonFunctions"><UniqueIdentifier>{752da505-3c76-5fab-9e8a-88166c2b313c}</UniqueIdentifier></Filter><Filter Include="Private\Resources_Game\PythonFunctions"><UniqueIdentifier>{6d18c077-a7da-5d32-8c61-135139b5d286}</UniqueIdentifier></Filter><Filter Include="Public"><UniqueIdentifier>{599da526-cbca-509d-ba75-c05f296115fc}</UniqueIdentifier></Filter><Filter Include="Public\PythonFunctions"><UniqueIdentifier>{3407ba24-270a-5756-8014-57266165e7e8}</UniqueIdentifier></Filter><Filter Include="Public\Resources_Assets"><UniqueIdentifier>{f4964fdc-d9b1-5c83-b02c-9cb30fe0c52d}</UniqueIdentifier></Filter><Filter Include="Public\Resources_Assets\PythonFunctions"><UniqueIdentifier>{87092046-134e-5629-9967-d91ff6c8e9ed}</UniqueIdentifier></Filter><Filter Include="Public\Resources_Game"><UniqueIdentifier>{6cd6c42d-f7f0-552b-a2a6-2fbbba02ee99}</UniqueIdentifier></Filter><Filter Include="Public\Resources_GameLibrary"><UniqueIdentifier>{2624927a-658c-58ca-b9f2-6ec475607437}</UniqueIdentifier></Filter><Filter Include="Public\Resources_GameLibrary\PythonFunctions"><UniqueIdentifier>{de80f50b-f138-52cb-8684-a3ab8e646083}</UniqueIdentifier></Filter><Filter Include="Public\Resources_Game\PythonFunctions"><UniqueIdentifier>{96280f67-80fe-52dc-b586-64bfa26319d2}</UniqueIdentifier></Filter><Filter Include="Python"><UniqueIdentifier>{10911812-bdb0-57c4-9958-a9b62ebf6d65}</UniqueIdentifier></Filter><Filter Include="Python\src"><UniqueIdentifier>{aca49da3-2420-5ce6-84e5-da0b548d217f}</UniqueIdentifier></Filter><Filter Include="Python\src\core"><UniqueIdentifier>{62980e97-746a-50f5-b491-31bfa5c3cf89}</UniqueIdentifier></Filter><Filter Include="Python\src\core\assets"><UniqueIdentifier>{e8fda2b2-e1f6-59d6-a7ee-4d2d9abda199}</UniqueIdentifier></Filter><Filter Include="Python\src\core\game"><UniqueIdentifier>{0c03673d-00d1-57f7-9f8b-ab68004b2216}</UniqueIdentifier></Filter><Filter Include="Python\src\core\resources"><UniqueIdentifier>{08452310-f800-58e7-b42f-3d9dc9ac674f}</UniqueIdentifier></Filter><Filter Include="Python\src\resources"><UniqueIdentifier>{5ae90bd7-77bc-5e89-911b-46b0e488e3e8}</UniqueIdentifier></Filter></ItemGroup><ItemGroup><ClCompile Include="Private\GhostRiggerResources.cpp"><Filter>Private</Filter></ClCompile><ClCompile Include="Private\PythonFunctions\InstanceMethods.cpp"><Filter>Private\PythonFunctions</Filter></ClCompile><ClCompile Include="Private\PythonFunctions\ModuleFunctions.cpp"><Filter>Private\PythonFunctions</Filter></ClCompile><ClCompile Include="Private\PythonFunctions\Properties.cpp"><Filter>Private\PythonFunctions</Filter></ClCompile><ClCompile Include="Private\Resources_Assets\PythonFunctions\InstanceMethods.cpp"><Filter>Private\Resources_Assets\PythonFunctions</Filter></ClCompile><ClCompile Include="Private\Resources_Assets\PythonFunctions\ModuleFunctions.cpp"><Filter>Private\Resources_Assets\PythonFunctions</Filter></ClCompile><ClCompile Include="Private\Resources_Assets\PythonFunctions\Properties.cpp"><Filter>Private\Resources_Assets\PythonFunctions</Filter></ClCompile><ClCompile Include="Private\Resources_Assets\ResourceManager.cpp"><Filter>Private\Resources_Assets</Filter></ClCompile><ClCompile Include="Private\Resources_Game\PythonFunctions\ClassMethods.cpp"><Filter>Private\Resources_Game\PythonFunctions</Filter></ClCompile><ClCompile Include="Private\Resources_Game\PythonFunctions\InstanceMethods.cpp"><Filter>Private\Resources_Game\PythonFunctions</Filter></ClCompile><ClCompile Include="Private\Resources_Game\PythonFunctions\ModuleFunctions.cpp"><Filter>Private\Resources_Game\PythonFunctions</Filter></ClCompile><ClCompile Include="Private\Resources_Game\PythonFunctions\NestedFunctions.cpp"><Filter>Private\Resources_Game\PythonFunctions</Filter></ClCompile><ClCompile Include="Private\Resources_Game\ResourceTypes.cpp"><Filter>Private\Resources_Game</Filter></ClCompile><ClCompile Include="Private\Resources_GameLibrary\PythonFunctions\InstanceMethods.cpp"><Filter>Private\Resources_GameLibrary\PythonFunctions</Filter></ClCompile><ClCompile Include="Private\Resources_GameLibrary\PythonFunctions\ModuleFunctions.cpp"><Filter>Private\Resources_GameLibrary\PythonFunctions</Filter></ClCompile><ClCompile Include="Private\Resources_GameLibrary\PythonFunctions\NestedFunctions.cpp"><Filter>Private\Resources_GameLibrary\PythonFunctions</Filter></ClCompile><ClCompile Include="Private\Resources_GameLibrary\PythonFunctions\Properties.cpp"><Filter>Private\Resources_GameLibrary\PythonFunctions</Filter></ClCompile><ClCompile Include="Private\Resources_GameLibrary\PythonFunctions\StaticMethods.cpp"><Filter>Private\Resources_GameLibrary\PythonFunctions</Filter></ClCompile></ItemGroup><ItemGroup /><ItemGroup /><ItemGroup /><ItemGroup /><ItemGroup /><ItemGroup /><ItemGroup /><ItemGroup /><ItemGroup /><ItemGroup /><ItemGroup /><ItemGroup /><ItemGroup /><ItemGroup /><ItemGroup /><ItemGroup /><ItemGroup /><ItemGroup><ClInclude Include="Public\GhostRiggerResources.h"><Filter>Public</Filter></ClInclude><ClInclude Include="Public\PythonFunctions\InstanceMethods.h"><Filter>Public\PythonFunctions</Filter></ClInclude><ClInclude Include="Public\PythonFunctions\ModuleFunctions.h"><Filter>Public\PythonFunctions</Filter></ClInclude><ClInclude Include="Public\PythonFunctions\Properties.h"><Filter>Public\PythonFunctions</Filter></ClInclude><ClInclude Include="Public\Resources_Assets\GhostRiggerAssets.h"><Filter>Public\Resources_Assets</Filter></ClInclude><ClInclude Include="Public\Resources_Assets\PythonFunctions\InstanceMethods.h"><Filter>Public\Resources_Assets\PythonFunctions</Filter></ClInclude><ClInclude Include="Public\Resources_Assets\PythonFunctions\ModuleFunctions.h"><Filter>Public\Resources_Assets\PythonFunctions</Filter></ClInclude><ClInclude Include="Public\Resources_Assets\PythonFunctions\Properties.h"><Filter>Public\Resources_Assets\PythonFunctions</Filter></ClInclude><ClInclude Include="Public\Resources_Assets\ResourceManager.h"><Filter>Public\Resources_Assets</Filter></ClInclude><ClInclude Include="Public\Resources_Game\GhostRiggerGame.h"><Filter>Public\Resources_Game</Filter></ClInclude><ClInclude Include="Public\Resources_Game\PythonFunctions\ClassMethods.h"><Filter>Public\Resources_Game\PythonFunctions</Filter></ClInclude><ClInclude Include="Public\Resources_Game\PythonFunctions\InstanceMethods.h"><Filter>Public\Resources_Game\PythonFunctions</Filter></ClInclude><ClInclude Include="Public\Resources_Game\PythonFunctions\ModuleFunctions.h"><Filter>Public\Resources_Game\PythonFunctions</Filter></ClInclude><ClInclude Include="Public\Resources_Game\PythonFunctions\NestedFunctions.h"><Filter>Public\Resources_Game\PythonFunctions</Filter></ClInclude><ClInclude Include="Public\Resources_Game\ResourceTypes.h"><Filter>Public\Resources_Game</Filter></ClInclude><ClInclude Include="Public\Resources_GameLibrary\GhostRiggerGameLibrary.h"><Filter>Public\Resources_GameLibrary</Filter></ClInclude><ClInclude Include="Public\Resources_GameLibrary\PythonFunctions\InstanceMethods.h"><Filter>Public\Resources_GameLibrary\PythonFunctions</Filter></ClInclude><ClInclude Include="Public\Resources_GameLibrary\PythonFunctions\ModuleFunctions.h"><Filter>Public\Resources_GameLibrary\PythonFunctions</Filter></ClInclude><ClInclude Include="Public\Resources_GameLibrary\PythonFunctions\NestedFunctions.h"><Filter>Public\Resources_GameLibrary\PythonFunctions</Filter></ClInclude><ClInclude Include="Public\Resources_GameLibrary\PythonFunctions\Properties.h"><Filter>Public\Resources_GameLibrary\PythonFunctions</Filter></ClInclude><ClInclude Include="Public\Resources_GameLibrary\PythonFunctions\StaticMethods.h"><Filter>Public\Resources_GameLibrary\PythonFunctions</Filter></ClInclude></ItemGroup><ItemGroup /><ItemGroup /><ItemGroup /><ItemGroup /><ItemGroup /><ItemGroup /><ItemGroup /><ItemGroup /><ItemGroup /><ItemGroup /><ItemGroup /><ItemGroup /><ItemGroup /><ItemGroup /><ItemGroup /><ItemGroup /><ItemGroup /><ItemGroup /><ItemGroup /><ItemGroup /><ItemGroup><None Include="GhostRiggerPythonPayload.json" /><None Include="GeneratePythonPayload.py" /><None Include="Python\src\core\assets\__init__.py"><Filter>Python\src\core\assets</Filter></None><None Include="Python\src\core\assets\asset_preview.py"><Filter>Python\src\core\assets</Filter></None><None Include="Python\src\core\assets\override_layer.py"><Filter>Python\src\core\assets</Filter></None><None Include="Python\src\core\assets\resource_manager.py"><Filter>Python\src\core\assets</Filter></None><None Include="Python\src\core\game\__init__.py"><Filter>Python\src\core\game</Filter></None><None Include="Python\src\core\game\game_library_ext.py"><Filter>Python\src\core\game</Filter></None><None Include="Python\src\core\game\import_normalisation.py"><Filter>Python\src\core\game</Filter></None><None Include="Python\src\core\game\kotor_install.py"><Filter>Python\src\core\game</Filter></None><None Include="Python\src\core\game\kotor_loader.py"><Filter>Python\src\core\game</Filter></None><None Include="Python\src\core\game\pykotor_bridge.py"><Filter>Python\src\core\game</Filter></None><None Include="Python\src\core\game\pykotor_gff_runtime_fix.py"><Filter>Python\src\core\game</Filter></None><None Include="Python\src\core\game\pykotor_mdl_io_fix.py"><Filter>Python\src\core\game</Filter></None><None Include="Python\src\core\resources\__init__.py"><Filter>Python\src\core\resources</Filter></None><None Include="Python\src\core\resources\game_resource_provider.py"><Filter>Python\src\core\resources</Filter></None><None Include="Python\src\core\resources\head_donor_catalog.py"><Filter>Python\src\core\resources</Filter></None><None Include="Python\src\core\resources\head_game_install.py"><Filter>Python\src\core\resources</Filter></None><None Include="Python\src\core\resources\placeable_library.py"><Filter>Python\src\core\resources</Filter></None><None Include="Python\src\resources\__init__.py"><Filter>Python\src\resources</Filter></None><None Include="Python\src\resources\game_detector.py"><Filter>Python\src\resources</Filter></None><None Include="Python\src\resources\game_library.py"><Filter>Python\src\resources</Filter></None><None Include="Python\src\resources\kotor_utc_template_catalog.py"><Filter>Python\src\resources</Filter></None></ItemGroup><ItemGroup /><ItemGroup /><ItemGroup /><ItemGroup /><ItemGroup /><ItemGroup /><ItemGroup /><ItemGroup /><ItemGroup /><ItemGroup /><ItemGroup /><ItemGroup /><ItemGroup /><ItemGroup /><ItemGroup /><ItemGroup /><ItemGroup /><ItemGroup><ResourceCompile Include="GhostRiggerPythonPayload.rc" /></ItemGroup></Project>