<?xml version='1.0' encoding='utf-8'?>
<Project xmlns="http://schemas.microsoft.com/developer/msbuild/2003" ToolsVersion="4.0"><ItemGroup><Filter Include="Private"><UniqueIdentifier>{4fe9534a-2166-5be8-ab02-0abb9f6c6bc6}</UniqueIdentifier></Filter><Filter Include="Private\Camera"><UniqueIdentifier>{81aeb267-baaa-5b70-957b-a82e535a4332}</UniqueIdentifier></Filter><Filter Include="Private\Camera\PythonFunctions"><UniqueIdentifier>{b561c0fc-4c4b-504a-8263-0207eddebafd}</UniqueIdentifier></Filter><Filter Include="Private\Core_Math"><UniqueIdentifier>{a9a507e1-e85f-579a-80e5-03e211a1a0a9}</UniqueIdentifier></Filter><Filter Include="Private\Core_Math\PythonFunctions"><UniqueIdentifier>{afbd44d3-25c7-56a4-8979-1f288ec65357}</UniqueIdentifier></Filter><Filter Include="Private\Geometry"><UniqueIdentifier>{c1f0b631-88e2-570d-abf5-8d724d55c0d8}</UniqueIdentifier></Filter><Filter Include="Private\Geometry\PythonFunctions"><UniqueIdentifier>{0e7ad7f7-4013-53cb-b4b7-223eb21a0dd2}</UniqueIdentifier></Filter><Filter Include="Private\Measurement"><UniqueIdentifier>{9474cd55-ef72-50b5-a320-3ccaf644691d}</UniqueIdentifier></Filter><Filter Include="Private\Measurement\PythonFunctions"><UniqueIdentifier>{23ac990a-c377-5894-bb1c-1e3c90082618}</UniqueIdentifier></Filter><Filter Include="Private\PythonFunctions"><UniqueIdentifier>{8c4d5650-a791-5c28-85eb-af2c7b009cb1}</UniqueIdentifier></Filter><Filter Include="Public"><UniqueIdentifier>{1a66f6a0-05b0-55db-9303-8b04ddffd281}</UniqueIdentifier></Filter><Filter Include="Public\Camera"><UniqueIdentifier>{a85e4a34-7e3f-5324-82d2-bff0610ee08c}</UniqueIdentifier></Filter><Filter Include="Public\Camera\PythonFunctions"><UniqueIdentifier>{dc5d1ed7-d6d0-5b60-8961-c453f87e7c77}</UniqueIdentifier></Filter><Filter Include="Public\Core_Math"><UniqueIdentifier>{185e1718-856b-5bee-847a-41b5fdc37f9b}</UniqueIdentifier></Filter><Filter Include="Public\Core_Math\PythonFunctions"><UniqueIdentifier>{5f9814d1-df76-50b8-b8e0-b0344af872c6}</UniqueIdentifier></Filter><Filter Include="Public\Geometry"><UniqueIdentifier>{7a17bde2-35b0-5839-ae46-9f77db3ba540}</UniqueIdentifier></Filter><Filter Include="Public\Geometry\PythonFunctions"><UniqueIdentifier>{9d1d7728-3737-508f-93ef-244806d455c7}</UniqueIdentifier></Filter><Filter Include="Public\Measurement"><UniqueIdentifier>{e56fcc9e-fff4-53f5-8769-e683caac8da6}</UniqueIdentifier></Filter><Filter Include="Public\Measurement\PythonFunctions"><UniqueIdentifier>{76343c2a-ffaf-5eac-98fe-38f83393b462}</UniqueIdentifier></Filter><Filter Include="Public\PythonFunctions"><UniqueIdentifier>{31af1d68-ecf9-551e-97bb-f367adc8ba66}</UniqueIdentifier></Filter><Filter Include="Python"><UniqueIdentifier>{97f1f953-90a3-53f1-addb-b8bdd385c700}</UniqueIdentifier></Filter><Filter Include="Python\src"><UniqueIdentifier>{50bf262f-0952-5ba2-bf7d-059924d2913c}</UniqueIdentifier></Filter><Filter Include="Python\src\core"><UniqueIdentifier>{2241c6c1-f07f-57c9-96eb-1dc6bf792779}</UniqueIdentifier></Filter><Filter Include="Python\src\core\camera"><UniqueIdentifier>{f454fb7e-2fcc-5fc1-9d24-1f1ae7cd8994}</UniqueIdentifier></Filter><Filter Include="Python\src\core\geometry"><UniqueIdentifier>{68b01684-bb66-5f93-9684-4a2a6ee77397}</UniqueIdentifier></Filter><Filter Include="Python\src\core\rendering"><UniqueIdentifier>{f92bbbda-33ae-5960-9943-10a679079b6e}</UniqueIdentifier></Filter><Filter Include="Python\src\core\rendering\frame_core"><UniqueIdentifier>{b699533f-0410-5f62-afa3-a282a320133a}</UniqueIdentifier></Filter><Filter Include="Python\src\gui"><UniqueIdentifier>{6ab8ba2a-ccc4-560f-888c-15fb54b1c593}</UniqueIdentifier></Filter><Filter Include="Python\src\gui\camera"><UniqueIdentifier>{95f65a7f-94bf-5d5a-a4ae-0332420b4dc7}</UniqueIdentifier></Filter><Filter Include="Python\src\gui\gizmo"><UniqueIdentifier>{91987c26-741c-509c-a9e8-697294810d20}</UniqueIdentifier></Filter><Filter Include="Python\src\math"><UniqueIdentifier>{2e883fb9-f37c-54ed-b78e-2511a25c81c7}</UniqueIdentifier></Filter><Filter Include="Python\src\measurement"><UniqueIdentifier>{09da1fe2-004e-5d76-9863-db17acddc75c}</UniqueIdentifier></Filter></ItemGroup><ItemGroup><ClCompile Include="Private\GhostRiggerMath.cpp"><Filter>Private</Filter></ClCompile><ClCompile Include="Private\PythonFunctions\ModuleFunctions.cpp"><Filter>Private\PythonFunctions</Filter></ClCompile><ClCompile Include="Private\PythonFunctions\NestedFunctions.cpp"><Filter>Private\PythonFunctions</Filter></ClCompile><ClCompile Include="Private\Camera\CameraContracts.cpp"><Filter>Private\Camera</Filter></ClCompile><ClCompile Include="Private\Camera\GhostRiggerCamera.cpp"><Filter>Private\Camera</Filter></ClCompile><ClCompile Include="Private\Camera\PythonFunctions\ClassMethods.cpp"><Filter>Private\Camera\PythonFunctions</Filter></ClCompile><ClCompile Include="Private\Camera\PythonFunctions\InstanceMethods.cpp"><Filter>Private\Camera\PythonFunctions</Filter></ClCompile><ClCompile Include="Private\Camera\PythonFunctions\ModuleFunctions.cpp"><Filter>Private\Camera\PythonFunctions</Filter></ClCompile><ClCompile Include="Private\Camera\PythonFunctions\NestedFunctions.cpp"><Filter>Private\Camera\PythonFunctions</Filter></ClCompile><ClCompile Include="Private\Geometry\GhostRiggerGeometry.cpp"><Filter>Private\Geometry</Filter></ClCompile><ClCompile Include="Private\Geometry\PythonFunctions\ClassMethods.cpp"><Filter>Private\Geometry\PythonFunctions</Filter></ClCompile><ClCompile Include="Private\Geometry\PythonFunctions\InstanceMethods.cpp"><Filter>Private\Geometry\PythonFunctions</Filter></ClCompile><ClCompile Include="Private\Geometry\PythonFunctions\ModuleFunctions.cpp"><Filter>Private\Geometry\PythonFunctions</Filter></ClCompile><ClCompile Include="Private\Geometry\PythonFunctions\NestedFunctions.cpp"><Filter>Private\Geometry\PythonFunctions</Filter></ClCompile><ClCompile Include="Private\Geometry\PythonFunctions\Properties.cpp"><Filter>Private\Geometry\PythonFunctions</Filter></ClCompile><ClCompile Include="Private\Geometry\PythonFunctions\StaticMethods.cpp"><Filter>Private\Geometry\PythonFunctions</Filter></ClCompile><ClCompile Include="Private\Measurement\GhostRiggerMeasurement.cpp"><Filter>Private\Measurement</Filter></ClCompile><ClCompile Include="Private\Measurement\MeasurementContracts.cpp"><Filter>Private\Measurement</Filter></ClCompile><ClCompile Include="Private\Measurement\PythonFunctions\ClassMethods.cpp"><Filter>Private\Measurement\PythonFunctions</Filter></ClCompile><ClCompile Include="Private\Measurement\PythonFunctions\InstanceMethods.cpp"><Filter>Private\Measurement\PythonFunctions</Filter></ClCompile><ClCompile Include="Private\Measurement\PythonFunctions\ModuleFunctions.cpp"><Filter>Private\Measurement\PythonFunctions</Filter></ClCompile><ClCompile Include="Private\Measurement\PythonFunctions\Properties.cpp"><Filter>Private\Measurement\PythonFunctions</Filter></ClCompile><ClCompile Include="Private\Measurement\PythonFunctions\StaticMethods.cpp"><Filter>Private\Measurement\PythonFunctions</Filter></ClCompile><ClCompile Include="Private\Core_Math\CameraMath.cpp"><Filter>Private\Core_Math</Filter></ClCompile><ClCompile Include="Private\Core_Math\FrameMath.cpp"><Filter>Private\Core_Math</Filter></ClCompile><ClCompile Include="Private\Core_Math\GpuMath.cpp"><Filter>Private\Core_Math</Filter></ClCompile><ClCompile Include="Private\Core_Math\ModuleLayoutMath.cpp"><Filter>Private\Core_Math</Filter></ClCompile><ClCompile Include="Private\Core_Math\PythonFunctions\ModuleFunctions.cpp"><Filter>Private\Core_Math\PythonFunctions</Filter></ClCompile><ClCompile Include="Private\Core_Math\PythonFunctions\NestedFunctions.cpp"><Filter>Private\Core_Math\PythonFunctions</Filter></ClCompile><ClCompile Include="Private\Core_Math\TransformMath.cpp"><Filter>Private\Core_Math</Filter></ClCompile><ClCompile Include="Private\Core_Math\ViewcubeMath.cpp"><Filter>Private\Core_Math</Filter></ClCompile></ItemGroup><ItemGroup /><ItemGroup /><ItemGroup /><ItemGroup /><ItemGroup /><ItemGroup /><ItemGroup /><ItemGroup /><ItemGroup /><ItemGroup /><ItemGroup /><ItemGroup /><ItemGroup /><ItemGroup /><ItemGroup /><ItemGroup /><ItemGroup /><ItemGroup /><ItemGroup /><ItemGroup /><ItemGroup /><ItemGroup /><ItemGroup /><ItemGroup /><ItemGroup /><ItemGroup /><ItemGroup /><ItemGroup /><ItemGroup /><ItemGroup /><ItemGroup><ClInclude Include="Public\GhostRiggerMath.h"><Filter>Public</Filter></ClInclude><ClInclude Include="Public\PythonFunctions\ModuleFunctions.h"><Filter>Public\PythonFunctions</Filter></ClInclude><ClInclude Include="Public\PythonFunctions\NestedFunctions.h"><Filter>Public\PythonFunctions</Filter></ClInclude><ClInclude Include="Public\Camera\CameraContracts.h"><Filter>Public\Camera</Filter></ClInclude><ClInclude Include="Public\Camera\GhostRiggerCamera.h"><Filter>Public\Camera</Filter></ClInclude><ClInclude Include="Public\Camera\PythonFunctions\ClassMethods.h"><Filter>Public\Camera\PythonFunctions</Filter></ClInclude><ClInclude Include="Public\Camera\PythonFunctions\InstanceMethods.h"><Filter>Public\Camera\PythonFunctions</Filter></ClInclude><ClInclude Include="Public\Camera\PythonFunctions\ModuleFunctions.h"><Filter>Public\Camera\PythonFunctions</Filter></ClInclude><ClInclude Include="Public\Camera\PythonFunctions\NestedFunctions.h"><Filter>Public\Camera\PythonFunctions</Filter></ClInclude><ClInclude Include="Public\Geometry\GhostRiggerGeometry.h"><Filter>Public\Geometry</Filter></ClInclude><ClInclude Include="Public\Geometry\PythonFunctions\ClassMethods.h"><Filter>Public\Geometry\PythonFunctions</Filter></ClInclude><ClInclude Include="Public\Geometry\PythonFunctions\InstanceMethods.h"><Filter>Public\Geometry\PythonFunctions</Filter></ClInclude><ClInclude Include="Public\Geometry\PythonFunctions\ModuleFunctions.h"><Filter>Public\Geometry\PythonFunctions</Filter></ClInclude><ClInclude Include="Public\Geometry\PythonFunctions\NestedFunctions.h"><Filter>Public\Geometry\PythonFunctions</Filter></ClInclude><ClInclude Include="Public\Geometry\PythonFunctions\Properties.h"><Filter>Public\Geometry\PythonFunctions</Filter></ClInclude><ClInclude Include="Public\Geometry\PythonFunctions\StaticMethods.h"><Filter>Public\Geometry\PythonFunctions</Filter></ClInclude><ClInclude Include="Public\Measurement\GhostRiggerMeasurement.h"><Filter>Public\Measurement</Filter></ClInclude><ClInclude Include="Public\Measurement\MeasurementContracts.h"><Filter>Public\Measurement</Filter></ClInclude><ClInclude Include="Public\Measurement\PythonFunctions\ClassMethods.h"><Filter>Public\Measurement\PythonFunctions</Filter></ClInclude><ClInclude Include="Public\Measurement\PythonFunctions\InstanceMethods.h"><Filter>Public\Measurement\PythonFunctions</Filter></ClInclude><ClInclude Include="Public\Measurement\PythonFunctions\ModuleFunctions.h"><Filter>Public\Measurement\PythonFunctions</Filter></ClInclude><ClInclude Include="Public\Measurement\PythonFunctions\Properties.h"><Filter>Public\Measurement\PythonFunctions</Filter></ClInclude><ClInclude Include="Public\Measurement\PythonFunctions\StaticMethods.h"><Filter>Public\Measurement\PythonFunctions</Filter></ClInclude><ClInclude Include="Public\Core_Math\CameraMath.h"><Filter>Public\Core_Math</Filter></ClInclude><ClInclude Include="Public\Core_Math\FrameMath.h"><Filter>Public\Core_Math</Filter></ClInclude><ClInclude Include="Public\Core_Math\GhostRiggerNativeCoreMath.h"><Filter>Public\Core_Math</Filter></ClInclude><ClInclude Include="Public\Core_Math\GpuMath.h"><Filter>Public\Core_Math</Filter></ClInclude><ClInclude Include="Public\Core_Math\ModuleLayoutMath.h"><Filter>Public\Core_Math</Filter></ClInclude><ClInclude Include="Public\Core_Math\PythonFunctions\ModuleFunctions.h"><Filter>Public\Core_Math\PythonFunctions</Filter></ClInclude><ClInclude Include="Public\Core_Math\PythonFunctions\NestedFunctions.h"><Filter>Public\Core_Math\PythonFunctions</Filter></ClInclude><ClInclude Include="Public\Core_Math\TransformMath.h"><Filter>Public\Core_Math</Filter></ClInclude><ClInclude Include="Public\Core_Math\ViewcubeMath.h"><Filter>Public\Core_Math</Filter></ClInclude></ItemGroup><ItemGroup /><ItemGroup /><ItemGroup /><ItemGroup /><ItemGroup /><ItemGroup /><ItemGroup /><ItemGroup /><ItemGroup /><ItemGroup /><ItemGroup /><ItemGroup /><ItemGroup /><ItemGroup /><ItemGroup /><ItemGroup /><ItemGroup /><ItemGroup /><ItemGroup /><ItemGroup /><ItemGroup /><ItemGroup /><ItemGroup /><ItemGroup /><ItemGroup /><ItemGroup /><ItemGroup /><ItemGroup /><ItemGroup /><ItemGroup /><ItemGroup /><ItemGroup><None Include="GhostRiggerPythonPayload.json" /><None Include="GeneratePythonPayload.py" /><None Include="Python\src\core\camera\__init__.py"><Filter>Python\src\core\camera</Filter></None><None Include="Python\src\core\camera\arcball_camera.py"><Filter>Python\src\core\camera</Filter></None><None Include="Python\src\core\camera\camera_controller.py"><Filter>Python\src\core\camera</Filter></None><None Include="Python\src\core\camera\camera_manager.py"><Filter>Python\src\core\camera</Filter></None><None Include="Python\src\core\camera\camera_model.py"><Filter>Python\src\core\camera</Filter></None><None Include="Python\src\core\camera\camera_picker.py"><Filter>Python\src\core\camera</Filter></None><None Include="Python\src\core\camera\camera_presets.py"><Filter>Python\src\core\camera</Filter></None><None Include="Python\src\core\camera\camera_render_settings.py"><Filter>Python\src\core\camera</Filter></None><None Include="Python\src\core\camera\camera_rig.py"><Filter>Python\src\core\camera</Filter></None><None Include="Python\src\core\camera\camera_selection.py"><Filter>Python\src\core\camera</Filter></None><None Include="Python\src\core\camera\camera_target.py"><Filter>Python\src\core\camera</Filter></None><None Include="Python\src\core\camera\camera_viewport_adapter.py"><Filter>Python\src\core\camera</Filter></None><None Include="Python\src\core\camera\render_manifest.py"><Filter>Python\src\core\camera</Filter></None><None Include="Python\src\core\camera\render_output.py"><Filter>Python\src\core\camera</Filter></None><None Include="Python\src\core\geometry\__init__.py"><Filter>Python\src\core\geometry</Filter></None><None Include="Python\src\core\geometry\component_editing.py"><Filter>Python\src\core\geometry</Filter></None><None Include="Python\src\core\geometry\lightsaber.py"><Filter>Python\src\core\geometry</Filter></None><None Include="Python\src\core\geometry\map_snap_tools.py"><Filter>Python\src\core\geometry</Filter></None><None Include="Python\src\core\geometry\model_data.py"><Filter>Python\src\core\geometry</Filter></None><None Include="Python\src\core\geometry\vertex_space.py"><Filter>Python\src\core\geometry</Filter></None><None Include="Python\src\core\rendering\frame_core\math_helpers.py"><Filter>Python\src\core\rendering\frame_core</Filter></None><None Include="Python\src\gui\camera\arcball_camera.py"><Filter>Python\src\gui\camera</Filter></None><None Include="Python\src\gui\camera\camera_controller.py"><Filter>Python\src\gui\camera</Filter></None><None Include="Python\src\gui\camera\camera_manager.py"><Filter>Python\src\gui\camera</Filter></None><None Include="Python\src\gui\camera\camera_math.py"><Filter>Python\src\gui\camera</Filter></None><None Include="Python\src\gui\camera\camera_model.py"><Filter>Python\src\gui\camera</Filter></None><None Include="Python\src\gui\camera\camera_presets.py"><Filter>Python\src\gui\camera</Filter></None><None Include="Python\src\gui\camera\camera_render_settings.py"><Filter>Python\src\gui\camera</Filter></None><None Include="Python\src\gui\camera\camera_rig.py"><Filter>Python\src\gui\camera</Filter></None><None Include="Python\src\gui\camera\camera_target.py"><Filter>Python\src\gui\camera</Filter></None><None Include="Python\src\gui\gizmo\transform_math.py"><Filter>Python\src\gui\gizmo</Filter></None><None Include="Python\src\math\camera_math.py"><Filter>Python\src\math</Filter></None><None Include="Python\src\math\frame_math.py"><Filter>Python\src\math</Filter></None><None Include="Python\src\math\gpu_math.py"><Filter>Python\src\math</Filter></None><None Include="Python\src\math\module_layout_math.py"><Filter>Python\src\math</Filter></None><None Include="Python\src\math\transform_math.py"><Filter>Python\src\math</Filter></None><None Include="Python\src\math\viewcube_math.py"><Filter>Python\src\math</Filter></None><None Include="Python\src\measurement\__init__.py"><Filter>Python\src\measurement</Filter></None><None Include="Python\src\measurement\angle_snap.py"><Filter>Python\src\measurement</Filter></None><None Include="Python\src\measurement\dimension_calculator.py"><Filter>Python\src\measurement</Filter></None><None Include="Python\src\measurement\grid_measurement.py"><Filter>Python\src\measurement</Filter></None><None Include="Python\src\measurement\measurement_controller.py"><Filter>Python\src\measurement</Filter></None><None Include="Python\src\measurement\measurement_formatter.py"><Filter>Python\src\measurement</Filter></None><None Include="Python\src\measurement\percent_snap.py"><Filter>Python\src\measurement</Filter></None><None Include="Python\src\measurement\unit_settings.py"><Filter>Python\src\measurement</Filter></None><None Include="Python\src\measurement\unit_system.py"><Filter>Python\src\measurement</Filter></None></ItemGroup><ItemGroup /><ItemGroup /><ItemGroup /><ItemGroup /><ItemGroup /><ItemGroup /><ItemGroup /><ItemGroup /><ItemGroup /><ItemGroup /><ItemGroup /><ItemGroup /><ItemGroup /><ItemGroup /><ItemGroup /><ItemGroup /><ItemGroup /><ItemGroup /><ItemGroup /><ItemGroup /><ItemGroup /><ItemGroup /><ItemGroup /><ItemGroup /><ItemGroup /><ItemGroup /><ItemGroup /><ItemGroup /><ItemGroup /><ItemGroup /><ItemGroup /><ItemGroup /><ItemGroup /><ItemGroup /><ItemGroup /><ItemGroup /><ItemGroup /><ItemGroup /><ItemGroup /><ItemGroup /><ItemGroup /><ItemGroup /><ItemGroup /><ItemGroup /><ItemGroup /><ItemGroup /><ItemGroup><ResourceCompile Include="GhostRiggerPythonPayload.rc" /></ItemGroup></Project>