<?xml version='1.0' encoding='utf-8'?>
<Project xmlns="http://schemas.microsoft.com/developer/msbuild/2003" ToolsVersion="4.0"><ItemGroup><Filter Include="Private"><UniqueIdentifier>{e7ad9151-2156-5151-86b0-4999110d2daa}</UniqueIdentifier></Filter><Filter Include="Private\MCP"><UniqueIdentifier>{3f70a3b8-5eba-51a5-9a3d-6ed3d0fdbcbe}</UniqueIdentifier></Filter><Filter Include="Private\MCP\PythonFunctions"><UniqueIdentifier>{ec0c058a-2b0d-5405-9919-7677e9449ce7}</UniqueIdentifier></Filter><Filter Include="Private\PythonFunctions"><UniqueIdentifier>{cd3b1d29-a094-5ba9-a7e7-4ef182c0bd65}</UniqueIdentifier></Filter><Filter Include="Private\Scripting"><UniqueIdentifier>{696bcad0-2b48-52d2-94be-8c8f8470c876}</UniqueIdentifier></Filter><Filter Include="Private\Scripting\PythonFunctions"><UniqueIdentifier>{12ed68a5-ff18-5b9c-b343-a450cbbc0b9e}</UniqueIdentifier></Filter><Filter Include="Public"><UniqueIdentifier>{d2b94356-9891-562c-8534-dc3386e9fdff}</UniqueIdentifier></Filter><Filter Include="Public\MCP"><UniqueIdentifier>{19c85e36-5dae-5557-bfc3-076d73dc9c03}</UniqueIdentifier></Filter><Filter Include="Public\MCP\PythonFunctions"><UniqueIdentifier>{b818f2f3-359f-566e-8031-a6f7d01699a6}</UniqueIdentifier></Filter><Filter Include="Public\PythonFunctions"><UniqueIdentifier>{9db83b93-e322-59fd-8436-792ce0b193a1}</UniqueIdentifier></Filter><Filter Include="Public\Scripting"><UniqueIdentifier>{72227a8e-2c57-5884-8f72-9451578fe61a}</UniqueIdentifier></Filter><Filter Include="Public\Scripting\PythonFunctions"><UniqueIdentifier>{794c4b68-0822-5960-8813-c2ce716276a1}</UniqueIdentifier></Filter><Filter Include="Python"><UniqueIdentifier>{7351f67e-3cfc-5c00-aa8e-4a9deecf15d8}</UniqueIdentifier></Filter><Filter Include="Python\src"><UniqueIdentifier>{eac7a853-fc7a-55b3-a643-03a136435048}</UniqueIdentifier></Filter><Filter Include="Python\src\adapters"><UniqueIdentifier>{c9de5b4f-ab79-5bff-aa8f-8f5866f850ab}</UniqueIdentifier></Filter><Filter Include="Python\src\adapters\scripts"><UniqueIdentifier>{a9fe4605-c811-5571-be84-df2ad19992c6}</UniqueIdentifier></Filter><Filter Include="Python\src\ipc"><UniqueIdentifier>{2d10757b-2333-52e6-ab41-dd11523c6bf4}</UniqueIdentifier></Filter><Filter Include="Python\src\max2021_mcp"><UniqueIdentifier>{9e5d24fd-4ff3-5f91-a4bd-826f3c0f83b9}</UniqueIdentifier></Filter><Filter Include="Python\src\kotormcp"><UniqueIdentifier>{6b9dd34a-fc41-5e35-950d-df73ad868758}</UniqueIdentifier></Filter><Filter Include="Python\src\kotormcp\schemas"><UniqueIdentifier>{5cf5ff04-93cb-5fa8-b943-1f571280df48}</UniqueIdentifier></Filter><Filter Include="Python\src\kotormcp\tools"><UniqueIdentifier>{4173ecc1-d38a-572f-832b-63f65dd3c4a0}</UniqueIdentifier></Filter><Filter Include="Python\src\kotormcp\utils"><UniqueIdentifier>{958d5bb5-6300-5893-b0eb-d39d40ade900}</UniqueIdentifier></Filter></ItemGroup><ItemGroup><ClCompile Include="Private\GhostRiggerIPC.cpp"><Filter>Private</Filter></ClCompile><ClCompile Include="Private\IPCContracts.cpp"><Filter>Private</Filter></ClCompile><ClCompile Include="Private\PythonFunctions\InstanceMethods.cpp"><Filter>Private\PythonFunctions</Filter></ClCompile><ClCompile Include="Private\PythonFunctions\ModuleFunctions.cpp"><Filter>Private\PythonFunctions</Filter></ClCompile><ClCompile Include="Private\PythonFunctions\NestedFunctions.cpp"><Filter>Private\PythonFunctions</Filter></ClCompile><ClCompile Include="Private\PythonFunctions\Properties.cpp"><Filter>Private\PythonFunctions</Filter></ClCompile><ClCompile Include="Private\MCP\GhostRiggerKotorMCP.cpp"><Filter>Private\MCP</Filter></ClCompile><ClCompile Include="Private\MCP\PythonFunctions\AsyncInstanceMethods.cpp"><Filter>Private\MCP\PythonFunctions</Filter></ClCompile><ClCompile Include="Private\MCP\PythonFunctions\AsyncModuleFunctions.cpp"><Filter>Private\MCP\PythonFunctions</Filter></ClCompile><ClCompile Include="Private\MCP\PythonFunctions\AsyncNestedFunctions.cpp"><Filter>Private\MCP\PythonFunctions</Filter></ClCompile><ClCompile Include="Private\MCP\PythonFunctions\ClassMethods.cpp"><Filter>Private\MCP\PythonFunctions</Filter></ClCompile><ClCompile Include="Private\MCP\PythonFunctions\InstanceMethods.cpp"><Filter>Private\MCP\PythonFunctions</Filter></ClCompile><ClCompile Include="Private\MCP\PythonFunctions\ModuleFunctions.cpp"><Filter>Private\MCP\PythonFunctions</Filter></ClCompile><ClCompile Include="Private\MCP\PythonFunctions\NestedFunctions.cpp"><Filter>Private\MCP\PythonFunctions</Filter></ClCompile><ClCompile Include="Private\MCP\PythonFunctions\Properties.cpp"><Filter>Private\MCP\PythonFunctions</Filter></ClCompile><ClCompile Include="Private\MCP\PythonFunctions\StaticMethods.cpp"><Filter>Private\MCP\PythonFunctions</Filter></ClCompile><ClCompile Include="Private\Scripting\GhostRiggerCoreAutomationScripting.cpp"><Filter>Private\Scripting</Filter></ClCompile><ClCompile Include="Private\Scripting\PythonFunctions\InstanceMethods.cpp"><Filter>Private\Scripting\PythonFunctions</Filter></ClCompile><ClCompile Include="Private\Scripting\UnavailableScriptCompiler.cpp"><Filter>Private\Scripting</Filter></ClCompile></ItemGroup><ItemGroup /><ItemGroup /><ItemGroup /><ItemGroup /><ItemGroup /><ItemGroup /><ItemGroup /><ItemGroup /><ItemGroup /><ItemGroup /><ItemGroup /><ItemGroup /><ItemGroup /><ItemGroup /><ItemGroup /><ItemGroup /><ItemGroup /><ItemGroup /><ItemGroup><ClInclude Include="Public\GhostRiggerIPC.h"><Filter>Public</Filter></ClInclude><ClInclude Include="Public\IPCContracts.h"><Filter>Public</Filter></ClInclude><ClInclude Include="Public\PythonFunctions\InstanceMethods.h"><Filter>Public\PythonFunctions</Filter></ClInclude><ClInclude Include="Public\PythonFunctions\ModuleFunctions.h"><Filter>Public\PythonFunctions</Filter></ClInclude><ClInclude Include="Public\PythonFunctions\NestedFunctions.h"><Filter>Public\PythonFunctions</Filter></ClInclude><ClInclude Include="Public\PythonFunctions\Properties.h"><Filter>Public\PythonFunctions</Filter></ClInclude><ClInclude Include="Public\MCP\GhostRiggerKotorMCP.h"><Filter>Public\MCP</Filter></ClInclude><ClInclude Include="Public\MCP\PythonFunctions\AsyncInstanceMethods.h"><Filter>Public\MCP\PythonFunctions</Filter></ClInclude><ClInclude Include="Public\MCP\PythonFunctions\AsyncModuleFunctions.h"><Filter>Public\MCP\PythonFunctions</Filter></ClInclude><ClInclude Include="Public\MCP\PythonFunctions\AsyncNestedFunctions.h"><Filter>Public\MCP\PythonFunctions</Filter></ClInclude><ClInclude Include="Public\MCP\PythonFunctions\ClassMethods.h"><Filter>Public\MCP\PythonFunctions</Filter></ClInclude><ClInclude Include="Public\MCP\PythonFunctions\InstanceMethods.h"><Filter>Public\MCP\PythonFunctions</Filter></ClInclude><ClInclude Include="Public\MCP\PythonFunctions\ModuleFunctions.h"><Filter>Public\MCP\PythonFunctions</Filter></ClInclude><ClInclude Include="Public\MCP\PythonFunctions\NestedFunctions.h"><Filter>Public\MCP\PythonFunctions</Filter></ClInclude><ClInclude Include="Public\MCP\PythonFunctions\Properties.h"><Filter>Public\MCP\PythonFunctions</Filter></ClInclude><ClInclude Include="Public\MCP\PythonFunctions\StaticMethods.h"><Filter>Public\MCP\PythonFunctions</Filter></ClInclude><ClInclude Include="Public\Scripting\GhostRiggerCoreAutomationScripting.h"><Filter>Public\Scripting</Filter></ClInclude><ClInclude Include="Public\Scripting\PythonFunctions\InstanceMethods.h"><Filter>Public\Scripting\PythonFunctions</Filter></ClInclude><ClInclude Include="Public\Scripting\UnavailableScriptCompiler.h"><Filter>Public\Scripting</Filter></ClInclude></ItemGroup><ItemGroup /><ItemGroup /><ItemGroup /><ItemGroup /><ItemGroup /><ItemGroup /><ItemGroup /><ItemGroup /><ItemGroup /><ItemGroup /><ItemGroup /><ItemGroup /><ItemGroup /><ItemGroup /><ItemGroup /><ItemGroup /><ItemGroup /><ItemGroup /><ItemGroup><None Include="GhostRiggerPythonPayload.json" /><None Include="GeneratePythonPayload.py" /><None Include="Python\src\adapters\scripts\__init__.py"><Filter>Python\src\adapters\scripts</Filter></None><None Include="Python\src\adapters\scripts\unavailable_compiler.py"><Filter>Python\src\adapters\scripts</Filter></None><None Include="Python\src\ghoststudio_spatial_mcp\__init__.py"><Filter>Python\src\ghoststudio_spatial_mcp</Filter></None><None Include="Python\src\ghoststudio_spatial_mcp\server.py"><Filter>Python\src\ghoststudio_spatial_mcp</Filter></None><None Include="Python\src\ipc\__init__.py"><Filter>Python\src\ipc</Filter></None><None Include="Python\src\ipc\client.py"><Filter>Python\src\ipc</Filter></None><None Include="Python\src\ipc\server.py"><Filter>Python\src\ipc</Filter></None><None Include="Python\src\ipc\spatial_auth.py"><Filter>Python\src\ipc</Filter></None><None Include="Python\src\kotormcp\__init__.py"><Filter>Python\src\kotormcp</Filter></None><None Include="Python\src\kotormcp\__main__.py"><Filter>Python\src\kotormcp</Filter></None><None Include="Python\src\kotormcp\adapters.py"><Filter>Python\src\kotormcp</Filter></None><None Include="Python\src\kotormcp\adapters_decompile.py"><Filter>Python\src\kotormcp</Filter></None><None Include="Python\src\kotormcp\game_dinput_hook.py"><Filter>Python\src\kotormcp</Filter></None><None Include="Python\src\kotormcp\game_input.py"><Filter>Python\src\kotormcp</Filter></None><None Include="Python\src\kotormcp\game_process_log.py"><Filter>Python\src\kotormcp</Filter></None><None Include="Python\src\kotormcp\mcp_resources.py"><Filter>Python\src\kotormcp</Filter></None><None Include="Python\src\kotormcp\ports.py"><Filter>Python\src\kotormcp</Filter></None><None Include="Python\src\kotormcp\schemas\__init__.py"><Filter>Python\src\kotormcp\schemas</Filter></None><None Include="Python\src\kotormcp\server.py"><Filter>Python\src\kotormcp</Filter></None><None Include="Python\src\kotormcp\state.py"><Filter>Python\src\kotormcp</Filter></None><None Include="Python\src\kotormcp\tools\__init__.py"><Filter>Python\src\kotormcp\tools</Filter></None><None Include="Python\src\kotormcp\tools\archives.py"><Filter>Python\src\kotormcp\tools</Filter></None><None Include="Python\src\kotormcp\tools\debug_materials.py"><Filter>Python\src\kotormcp\tools</Filter></None><None Include="Python\src\kotormcp\tools\debug_skinning.py"><Filter>Python\src\kotormcp\tools</Filter></None><None Include="Python\src\kotormcp\tools\decompile.py"><Filter>Python\src\kotormcp\tools</Filter></None><None Include="Python\src\kotormcp\tools\discovery.py"><Filter>Python\src\kotormcp\tools</Filter></None><None Include="Python\src\kotormcp\tools\game_test.py"><Filter>Python\src\kotormcp\tools</Filter></None><None Include="Python\src\kotormcp\tools\gamedata.py"><Filter>Python\src\kotormcp\tools</Filter></None><None Include="Python\src\kotormcp\tools\gffdata.py"><Filter>Python\src\kotormcp\tools</Filter></None><None Include="Python\src\kotormcp\tools\ghostrigger.py"><Filter>Python\src\kotormcp\tools</Filter></None><None Include="Python\src\kotormcp\tools\ghostrigger_tools.py"><Filter>Python\src\kotormcp\tools</Filter></None><None Include="Python\src\kotormcp\tools\installation.py"><Filter>Python\src\kotormcp\tools</Filter></None><None Include="Python\src\kotormcp\tools\kotor_dinput_hook.py"><Filter>Python\src\kotormcp\tools</Filter></None><None Include="Python\src\kotormcp\tools\kotor_input.py"><Filter>Python\src\kotormcp\tools</Filter></None><None Include="Python\src\kotormcp\tools\kotor_live_log.py"><Filter>Python\src\kotormcp\tools</Filter></None><None Include="Python\src\kotormcp\tools\legacy_ghostscripter.py"><Filter>Python\src\kotormcp\tools</Filter></None><None Include="Python\src\kotormcp\tools\modules.py"><Filter>Python\src\kotormcp\tools</Filter></None><None Include="Python\src\kotormcp\tools\quest.py"><Filter>Python\src\kotormcp\tools</Filter></None><None Include="Python\src\kotormcp\tools\refs.py"><Filter>Python\src\kotormcp\tools</Filter></None><None Include="Python\src\kotormcp\tools\resource.py"><Filter>Python\src\kotormcp\tools</Filter></None><None Include="Python\src\kotormcp\tools\retargeting.py"><Filter>Python\src\kotormcp\tools</Filter></None><None Include="Python\src\kotormcp\tools\walkmesh.py"><Filter>Python\src\kotormcp\tools</Filter></None><None Include="Python\src\kotormcp\utils\__init__.py"><Filter>Python\src\kotormcp\utils</Filter></None><None Include="Python\src\kotormcp\utils\formatting.py"><Filter>Python\src\kotormcp\utils</Filter></None><None Include="Python\src\max2021_mcp\__init__.py"><Filter>Python\src\max2021_mcp</Filter></None><None Include="Python\src\max2021_mcp\server.py"><Filter>Python\src\max2021_mcp</Filter></None></ItemGroup><ItemGroup /><ItemGroup /><ItemGroup /><ItemGroup /><ItemGroup /><ItemGroup /><ItemGroup /><ItemGroup /><ItemGroup /><ItemGroup /><ItemGroup /><ItemGroup /><ItemGroup /><ItemGroup /><ItemGroup /><ItemGroup /><ItemGroup /><ItemGroup /><ItemGroup /><ItemGroup /><ItemGroup /><ItemGroup /><ItemGroup /><ItemGroup /><ItemGroup /><ItemGroup /><ItemGroup /><ItemGroup /><ItemGroup /><ItemGroup /><ItemGroup /><ItemGroup /><ItemGroup /><ItemGroup /><ItemGroup><ResourceCompile Include="GhostRiggerPythonPayload.rc" /></ItemGroup></Project>