<?xml version='1.0' encoding='utf-8'?>
<Project xmlns="http://schemas.microsoft.com/developer/msbuild/2003" ToolsVersion="4.0"><ItemGroup><Filter Include="Private"><UniqueIdentifier>{3917e2a8-a8f0-5814-beb9-f781eb3efa48}</UniqueIdentifier></Filter><Filter Include="Private\PythonFunctions"><UniqueIdentifier>{48c52e30-685e-5a0b-822e-59769c039848}</UniqueIdentifier></Filter><Filter Include="Private\QtIPC"><UniqueIdentifier>{37121563-4e29-59d5-a095-512df459557a}</UniqueIdentifier></Filter><Filter Include="Private\Qt_Viewport"><UniqueIdentifier>{1c6de912-b01a-5bae-abdc-593933a9a617}</UniqueIdentifier></Filter><Filter Include="Private\Qt_Viewport\PythonFunctions"><UniqueIdentifier>{dd772828-75cc-595b-871d-f34aff7078b4}</UniqueIdentifier></Filter><Filter Include="Public"><UniqueIdentifier>{cd7635e2-b189-5dd6-ab4e-a37cfcc4107a}</UniqueIdentifier></Filter><Filter Include="Public\PythonFunctions"><UniqueIdentifier>{a17aab15-d9c6-556c-9f8a-0928cefd3aec}</UniqueIdentifier></Filter><Filter Include="Public\QtIPC"><UniqueIdentifier>{8d5d131d-a47f-587c-a41f-cce33ad5b84f}</UniqueIdentifier></Filter><Filter Include="Public\Qt_Viewport"><UniqueIdentifier>{05d2a631-7422-5751-b94e-a557cfbda839}</UniqueIdentifier></Filter><Filter Include="Public\Qt_Viewport\PythonFunctions"><UniqueIdentifier>{51f92a7c-88c7-5bbf-b354-603a2858a132}</UniqueIdentifier></Filter><Filter Include="Python"><UniqueIdentifier>{205ea602-af4d-54b2-99f7-b35e2098cf4d}</UniqueIdentifier></Filter><Filter Include="Python\src"><UniqueIdentifier>{f03b6fb0-6543-5869-a53d-ad077fbecc2d}</UniqueIdentifier></Filter><Filter Include="Python\src\adapters"><UniqueIdentifier>{9e00a7bd-e352-50e2-8ff6-61edbd8d7732}</UniqueIdentifier></Filter><Filter Include="Python\src\adapters\qt_autorig"><UniqueIdentifier>{08907337-5edf-5cba-a0d3-a7a8d2627e60}</UniqueIdentifier></Filter><Filter Include="Python\src\adapters\qt_ipc"><UniqueIdentifier>{b5bebf42-41df-551b-bbbe-ff79e70b84c6}</UniqueIdentifier></Filter><Filter Include="Python\src\adapters\qt_viewport"><UniqueIdentifier>{b9911fbc-6abc-5463-8107-6a037863d59d}</UniqueIdentifier></Filter></ItemGroup><ItemGroup><ClCompile Include="Private\GhostRiggerCoreQtAutorig.cpp"><Filter>Private</Filter></ClCompile><ClCompile Include="Private\QtAutorigContracts.cpp"><Filter>Private</Filter></ClCompile><ClCompile Include="Private\QtIPC\GhostRiggerCoreQtIPC.cpp"><Filter>Private\QtIPC</Filter></ClCompile><ClCompile Include="Private\PythonFunctions\ModuleFunctions.cpp"><Filter>Private\PythonFunctions</Filter></ClCompile><ClCompile Include="Private\Qt_Viewport\PythonFunctions\InstanceMethods.cpp"><Filter>Private\Qt_Viewport\PythonFunctions</Filter></ClCompile><ClCompile Include="Private\Qt_Viewport\PythonFunctions\ModuleFunctions.cpp"><Filter>Private\Qt_Viewport\PythonFunctions</Filter></ClCompile><ClCompile Include="Private\Qt_Viewport\PythonFunctions\StaticMethods.cpp"><Filter>Private\Qt_Viewport\PythonFunctions</Filter></ClCompile></ItemGroup><ItemGroup /><ItemGroup /><ItemGroup /><ItemGroup /><ItemGroup /><ItemGroup><ClInclude Include="Public\GhostRiggerCoreQtAutorig.h"><Filter>Public</Filter></ClInclude><ClInclude Include="Public\QtAutorigContracts.h"><Filter>Public</Filter></ClInclude><ClInclude Include="Public\QtIPC\GhostRiggerCoreQtIPC.h"><Filter>Public\QtIPC</Filter></ClInclude><ClInclude Include="Public\PythonFunctions\ModuleFunctions.h"><Filter>Public\PythonFunctions</Filter></ClInclude><ClInclude Include="Public\Qt_Viewport\GhostRiggerCoreQtViewport.h"><Filter>Public\Qt_Viewport</Filter></ClInclude><ClInclude Include="Public\Qt_Viewport\PythonFunctions\InstanceMethods.h"><Filter>Public\Qt_Viewport\PythonFunctions</Filter></ClInclude><ClInclude Include="Public\Qt_Viewport\PythonFunctions\ModuleFunctions.h"><Filter>Public\Qt_Viewport\PythonFunctions</Filter></ClInclude><ClInclude Include="Public\Qt_Viewport\PythonFunctions\StaticMethods.h"><Filter>Public\Qt_Viewport\PythonFunctions</Filter></ClInclude></ItemGroup><ItemGroup /><ItemGroup /><ItemGroup /><ItemGroup /><ItemGroup /><ItemGroup /><ItemGroup><None Include="GhostRiggerPythonPayload.json" /><None Include="GeneratePythonPayload.py" /><None Include="Python\src\adapters\qt_audio\__init__.py"><Filter>Python\src\adapters\qt_audio</Filter></None><None Include="Python\src\adapters\qt_audio\map_studio_pie_audio.py"><Filter>Python\src\adapters\qt_audio</Filter></None><None Include="Python\src\adapters\qt_audio\narrative_audio_preview.py"><Filter>Python\src\adapters\qt_audio</Filter></None><None Include="Python\src\adapters\qt_autorig\__init__.py"><Filter>Python\src\adapters\qt_autorig</Filter></None><None Include="Python\src\adapters\qt_autorig\cloth_dialogs.py"><Filter>Python\src\adapters\qt_autorig</Filter></None><None Include="Python\src\adapters\qt_ipc\__init__.py"><Filter>Python\src\adapters\qt_ipc</Filter></None><None Include="Python\src\adapters\qt_ipc\threading.py"><Filter>Python\src\adapters\qt_ipc</Filter></None><None Include="Python\src\adapters\qt_viewport\__init__.py"><Filter>Python\src\adapters\qt_viewport</Filter></None><None Include="Python\src\adapters\qt_viewport\camera_gizmo_renderer.py"><Filter>Python\src\adapters\qt_viewport</Filter></None><None Include="Python\src\adapters\qt_viewport\camera_overlays.py"><Filter>Python\src\adapters\qt_viewport</Filter></None><None Include="Python\src\adapters\qt_viewport\frame_renderer.py"><Filter>Python\src\adapters\qt_viewport</Filter></None><None Include="Python\src\adapters\qt_viewport\lighting_viewport_controller.py"><Filter>Python\src\adapters\qt_viewport</Filter></None><None Include="Python\src\adapters\qt_viewport\still_frame_renderer.py"><Filter>Python\src\adapters\qt_viewport</Filter></None></ItemGroup><ItemGroup /><ItemGroup /><ItemGroup /><ItemGroup /><ItemGroup /><ItemGroup /><ItemGroup /><ItemGroup /><ItemGroup /><ItemGroup><ResourceCompile Include="GhostRiggerPythonPayload.rc" /></ItemGroup></Project>
